<?xml version="1.0" encoding="utf-8"?>
<Project ToolsVersion="17.0" xmlns="http://schemas.microsoft.com/developer/msbuild/2003">
  <ItemGroup>
    <CustomBuild Include="D:\emhash\tests\build_check\CMakeFiles\7b6beb322706961f72c1699cc665620f\emhash_test_help.rule">
      <Filter>CMake Rules</Filter>
    </CustomBuild>
    <CustomBuild Include="D:\emhash\tests\CMakeLists.txt" />
  </ItemGroup>
  <ItemGroup>
    <None Include="D:\emhash\tests\build_check\CMakeFiles\emhash_test_help" />
  </ItemGroup>
  <ItemGroup>
    <Filter Include="CMake Rules">
      <UniqueIdentifier>{007356BD-EC08-3146-926A-18951CC45DC5}</UniqueIdentifier>
    </Filter>
  </ItemGroup>
</Project>
