
Microsoft Visual Studio Solution File, Format Version 12.00
# Visual Studio Version 17
Project("{8BC9CEB8-8B4A-11D0-8D11-00A0C91BC942}") = "ALL_BUILD", "ALL_BUILD.vcxproj", "{DECD82DD-BC96-3CE9-A67C-8DB9B2298DE9}"
	ProjectSection(ProjectDependencies) = postProject
		{C3EA09CB-2FF3-3A60-BE92-255A15C83751} = {C3EA09CB-2FF3-3A60-BE92-255A15C83751}
		{D26FE9B5-271A-34E4-A5D5-1462EEF4D14E} = {D26FE9B5-271A-34E4-A5D5-1462EEF4D14E}
		{864699A3-96A7-3B3E-AAFA-C41D390C2EDD} = {864699A3-96A7-3B3E-AAFA-C41D390C2EDD}
		{C451F349-B0C2-3581-BDD4-ABA36C147AF9} = {C451F349-B0C2-3581-BDD4-ABA36C147AF9}
		{6C48B99B-7766-3E72-8E75-4EFD6BB9E77A} = {6C48B99B-7766-3E72-8E75-4EFD6BB9E77A}
		{4D7D201A-9D87-32B7-9156-2AD6E34F0C26} = {4D7D201A-9D87-32B7-9156-2AD6E34F0C26}
		{391942D5-042C-30F0-999C-E00260655680} = {391942D5-042C-30F0-999C-E00260655680}
		{53314E97-87D8-345B-9E24-1BEF18D132BB} = {53314E97-87D8-345B-9E24-1BEF18D132BB}
		{3A846017-255F-392C-AD22-DA0B61F49EEA} = {3A846017-255F-392C-AD22-DA0B61F49EEA}
		{43684120-5B7D-3505-A31A-2E9B0721C22A} = {43684120-5B7D-3505-A31A-2E9B0721C22A}
		{E1DAC4B3-8489-3617-A0F1-CDE8714F2A11} = {E1DAC4B3-8489-3617-A0F1-CDE8714F2A11}
		{26D1A28F-B7E1-3FA5-9443-38B458AB06C6} = {26D1A28F-B7E1-3FA5-9443-38B458AB06C6}
		{E0DED41E-058C-387C-B2C5-6F47ADB4F5C1} = {E0DED41E-058C-387C-B2C5-6F47ADB4F5C1}
		{4D3EE46D-C607-35B0-9479-9E5BE374B82F} = {4D3EE46D-C607-35B0-9479-9E5BE374B82F}
		{E712EA48-9ACD-3253-AA43-55E583FCC45B} = {E712EA48-9ACD-3253-AA43-55E583FCC45B}
		{B7D3D29C-2EF3-3494-87B6-B7E6F7D332B3} = {B7D3D29C-2EF3-3494-87B6-B7E6F7D332B3}
		{93C66713-FCFA-3644-AD21-3BF8EFBC4FF7} = {93C66713-FCFA-3644-AD21-3BF8EFBC4FF7}
		{BDE9B160-0D73-3D64-8C5E-774AEBFA8DB4} = {BDE9B160-0D73-3D64-8C5E-774AEBFA8DB4}
		{79C61842-163C-3E5F-88A5-B54882F9D68C} = {79C61842-163C-3E5F-88A5-B54882F9D68C}
		{0D194296-C069-3650-811A-CE7408419140} = {0D194296-C069-3650-811A-CE7408419140}
		{9869EE8E-F290-368E-B20A-9467EA6CBD19} = {9869EE8E-F290-368E-B20A-9467EA6CBD19}
		{D5E60317-F28E-3CDE-888C-039BC59B1619} = {D5E60317-F28E-3CDE-888C-039BC59B1619}
		{4A0CB31A-696F-3403-98A1-2EC8CE382AEC} = {4A0CB31A-696F-3403-98A1-2EC8CE382AEC}
		{33478B77-0ABC-3292-968C-F94DB74B0D31} = {33478B77-0ABC-3292-968C-F94DB74B0D31}
		{A9523FAB-8468-390B-B214-EBBC9A85B058} = {A9523FAB-8468-390B-B214-EBBC9A85B058}
		{AFA44B9B-C006-3D9F-97C5-E9E3B3183250} = {AFA44B9B-C006-3D9F-97C5-E9E3B3183250}
		{71EDE98E-984E-38E2-97B9-AAC8973FAEB3} = {71EDE98E-984E-38E2-97B9-AAC8973FAEB3}
		{D1F639AC-99D2-39AD-BB6E-D4E8ADB8B510} = {D1F639AC-99D2-39AD-BB6E-D4E8ADB8B510}
		{4C741142-7E26-332B-BC19-EAC8C30242FF} = {4C741142-7E26-332B-BC19-EAC8C30242FF}
		{67F42A88-8046-34B9-BBEB-2DF6987C2D0F} = {67F42A88-8046-34B9-BBEB-2DF6987C2D0F}
		{885CDAA5-3775-3C92-8DBB-58B4277533E4} = {885CDAA5-3775-3C92-8DBB-58B4277533E4}
		{E1401EB5-4935-3D59-AA14-F31AE1ECA210} = {E1401EB5-4935-3D59-AA14-F31AE1ECA210}
		{86D2B9C4-C1B0-393E-B37C-54F4F7940F24} = {86D2B9C4-C1B0-393E-B37C-54F4F7940F24}
		{B069DD32-E770-30FD-8B65-4E1C84A536AD} = {B069DD32-E770-30FD-8B65-4E1C84A536AD}
		{4FAD200B-5209-3AFF-9996-4FF494FD06DE} = {4FAD200B-5209-3AFF-9996-4FF494FD06DE}
		{C079F82D-E561-3D21-8922-40F2F5095D96} = {C079F82D-E561-3D21-8922-40F2F5095D96}
		{49F4EB76-C7FC-35C2-9BDD-73BCCD66BF84} = {49F4EB76-C7FC-35C2-9BDD-73BCCD66BF84}
		{775C1C15-A48B-35B0-B3E5-4654966A2BCD} = {775C1C15-A48B-35B0-B3E5-4654966A2BCD}
		{55E621A6-EC1E-3AF2-9DE9-18D93FD9EE34} = {55E621A6-EC1E-3AF2-9DE9-18D93FD9EE34}
		{608A0277-AD93-3987-86C8-C406B9C80C11} = {608A0277-AD93-3987-86C8-C406B9C80C11}
	EndProjectSection
EndProject
Project("{8BC9CEB8-8B4A-11D0-8D11-00A0C91BC942}") = "Continuous", "Continuous.vcxproj", "{F9A6DF25-E781-33B9-88BD-99FDBC946FB6}"
	ProjectSection(ProjectDependencies) = postProject
		{C3EA09CB-2FF3-3A60-BE92-255A15C83751} = {C3EA09CB-2FF3-3A60-BE92-255A15C83751}
	EndProjectSection
EndProject
Project("{8BC9CEB8-8B4A-11D0-8D11-00A0C91BC942}") = "Experimental", "Experimental.vcxproj", "{1C8B38C9-2AD1-3173-9C39-BB056C117DE4}"
	ProjectSection(ProjectDependencies) = postProject
		{C3EA09CB-2FF3-3A60-BE92-255A15C83751} = {C3EA09CB-2FF3-3A60-BE92-255A15C83751}
	EndProjectSection
EndProject
Project("{8BC9CEB8-8B4A-11D0-8D11-00A0C91BC942}") = "Nightly", "Nightly.vcxproj", "{9725924E-971C-32E9-A0BB-AE47823C150C}"
	ProjectSection(ProjectDependencies) = postProject
		{C3EA09CB-2FF3-3A60-BE92-255A15C83751} = {C3EA09CB-2FF3-3A60-BE92-255A15C83751}
	EndProjectSection
EndProject
Project("{8BC9CEB8-8B4A-11D0-8D11-00A0C91BC942}") = "NightlyMemoryCheck", "NightlyMemoryCheck.vcxproj", "{69D6F65D-7375-33EC-82D8-330D70629DCE}"
	ProjectSection(ProjectDependencies) = postProject
		{C3EA09CB-2FF3-3A60-BE92-255A15C83751} = {C3EA09CB-2FF3-3A60-BE92-255A15C83751}
	EndProjectSection
EndProject
Project("{8BC9CEB8-8B4A-11D0-8D11-00A0C91BC942}") = "RUN_TESTS", "RUN_TESTS.vcxproj", "{D36D1EDE-2585-3AE6-B2CE-651D30F5BC65}"
	ProjectSection(ProjectDependencies) = postProject
		{C3EA09CB-2FF3-3A60-BE92-255A15C83751} = {C3EA09CB-2FF3-3A60-BE92-255A15C83751}
	EndProjectSection
EndProject
Project("{8BC9CEB8-8B4A-11D0-8D11-00A0C91BC942}") = "ZERO_CHECK", "ZERO_CHECK.vcxproj", "{C3EA09CB-2FF3-3A60-BE92-255A15C83751}"
	ProjectSection(ProjectDependencies) = postProject
	EndProjectSection
EndProject
Project("{8BC9CEB8-8B4A-11D0-8D11-00A0C91BC942}") = "all_tests", "all_tests.vcxproj", "{E46946DC-EFBC-35E2-BDAD-E2BFD2A87F3D}"
	ProjectSection(ProjectDependencies) = postProject
		{C3EA09CB-2FF3-3A60-BE92-255A15C83751} = {C3EA09CB-2FF3-3A60-BE92-255A15C83751}
		{4D3EE46D-C607-35B0-9479-9E5BE374B82F} = {4D3EE46D-C607-35B0-9479-9E5BE374B82F}
		{B7D3D29C-2EF3-3494-87B6-B7E6F7D332B3} = {B7D3D29C-2EF3-3494-87B6-B7E6F7D332B3}
		{775C1C15-A48B-35B0-B3E5-4654966A2BCD} = {775C1C15-A48B-35B0-B3E5-4654966A2BCD}
		{608A0277-AD93-3987-86C8-C406B9C80C11} = {608A0277-AD93-3987-86C8-C406B9C80C11}
	EndProjectSection
EndProject
Project("{8BC9CEB8-8B4A-11D0-8D11-00A0C91BC942}") = "attack_test", "attack_test.vcxproj", "{ADB372D6-6EF8-3070-AD3A-514B93441957}"
	ProjectSection(ProjectDependencies) = postProject
		{C3EA09CB-2FF3-3A60-BE92-255A15C83751} = {C3EA09CB-2FF3-3A60-BE92-255A15C83751}
		{4D3EE46D-C607-35B0-9479-9E5BE374B82F} = {4D3EE46D-C607-35B0-9479-9E5BE374B82F}
	EndProjectSection
EndProject
Project("{8BC9CEB8-8B4A-11D0-8D11-00A0C91BC942}") = "debug_chain", "debug_chain.vcxproj", "{D26FE9B5-271A-34E4-A5D5-1462EEF4D14E}"
	ProjectSection(ProjectDependencies) = postProject
		{C3EA09CB-2FF3-3A60-BE92-255A15C83751} = {C3EA09CB-2FF3-3A60-BE92-255A15C83751}
	EndProjectSection
EndProject
Project("{8BC9CEB8-8B4A-11D0-8D11-00A0C91BC942}") = "debug_set_erase", "debug_set_erase.vcxproj", "{864699A3-96A7-3B3E-AAFA-C41D390C2EDD}"
	ProjectSection(ProjectDependencies) = postProject
		{C3EA09CB-2FF3-3A60-BE92-255A15C83751} = {C3EA09CB-2FF3-3A60-BE92-255A15C83751}
	EndProjectSection
EndProject
Project("{8BC9CEB8-8B4A-11D0-8D11-00A0C91BC942}") = "edge_test", "edge_test.vcxproj", "{C451F349-B0C2-3581-BDD4-ABA36C147AF9}"
	ProjectSection(ProjectDependencies) = postProject
		{C3EA09CB-2FF3-3A60-BE92-255A15C83751} = {C3EA09CB-2FF3-3A60-BE92-255A15C83751}
	EndProjectSection
EndProject
Project("{8BC9CEB8-8B4A-11D0-8D11-00A0C91BC942}") = "emhash_test_help", "emhash_test_help.vcxproj", "{E8B81B26-3A71-3F5C-99C8-CA2D73F526C2}"
	ProjectSection(ProjectDependencies) = postProject
		{C3EA09CB-2FF3-3A60-BE92-255A15C83751} = {C3EA09CB-2FF3-3A60-BE92-255A15C83751}
	EndProjectSection
EndProject
Project("{8BC9CEB8-8B4A-11D0-8D11-00A0C91BC942}") = "fuzz_reproduce", "fuzz_reproduce.vcxproj", "{6C48B99B-7766-3E72-8E75-4EFD6BB9E77A}"
	ProjectSection(ProjectDependencies) = postProject
		{C3EA09CB-2FF3-3A60-BE92-255A15C83751} = {C3EA09CB-2FF3-3A60-BE92-255A15C83751}
	EndProjectSection
EndProject
Project("{8BC9CEB8-8B4A-11D0-8D11-00A0C91BC942}") = "hash_attack5", "hash_attack5.vcxproj", "{4D7D201A-9D87-32B7-9156-2AD6E34F0C26}"
	ProjectSection(ProjectDependencies) = postProject
		{C3EA09CB-2FF3-3A60-BE92-255A15C83751} = {C3EA09CB-2FF3-3A60-BE92-255A15C83751}
	EndProjectSection
EndProject
Project("{8BC9CEB8-8B4A-11D0-8D11-00A0C91BC942}") = "hash_attack7", "hash_attack7.vcxproj", "{391942D5-042C-30F0-999C-E00260655680}"
	ProjectSection(ProjectDependencies) = postProject
		{C3EA09CB-2FF3-3A60-BE92-255A15C83751} = {C3EA09CB-2FF3-3A60-BE92-255A15C83751}
	EndProjectSection
EndProject
Project("{8BC9CEB8-8B4A-11D0-8D11-00A0C91BC942}") = "highload_test", "highload_test.vcxproj", "{53314E97-87D8-345B-9E24-1BEF18D132BB}"
	ProjectSection(ProjectDependencies) = postProject
		{C3EA09CB-2FF3-3A60-BE92-255A15C83751} = {C3EA09CB-2FF3-3A60-BE92-255A15C83751}
	EndProjectSection
EndProject
Project("{8BC9CEB8-8B4A-11D0-8D11-00A0C91BC942}") = "min_repro", "min_repro.vcxproj", "{3A846017-255F-392C-AD22-DA0B61F49EEA}"
	ProjectSection(ProjectDependencies) = postProject
		{C3EA09CB-2FF3-3A60-BE92-255A15C83751} = {C3EA09CB-2FF3-3A60-BE92-255A15C83751}
	EndProjectSection
EndProject
Project("{8BC9CEB8-8B4A-11D0-8D11-00A0C91BC942}") = "quick_test", "quick_test.vcxproj", "{696934A9-4E3F-31F4-853C-A6C90DCC22C7}"
	ProjectSection(ProjectDependencies) = postProject
		{C3EA09CB-2FF3-3A60-BE92-255A15C83751} = {C3EA09CB-2FF3-3A60-BE92-255A15C83751}
		{B7D3D29C-2EF3-3494-87B6-B7E6F7D332B3} = {B7D3D29C-2EF3-3494-87B6-B7E6F7D332B3}
		{608A0277-AD93-3987-86C8-C406B9C80C11} = {608A0277-AD93-3987-86C8-C406B9C80C11}
	EndProjectSection
EndProject
Project("{8BC9CEB8-8B4A-11D0-8D11-00A0C91BC942}") = "quick_test8", "quick_test8.vcxproj", "{43684120-5B7D-3505-A31A-2E9B0721C22A}"
	ProjectSection(ProjectDependencies) = postProject
		{C3EA09CB-2FF3-3A60-BE92-255A15C83751} = {C3EA09CB-2FF3-3A60-BE92-255A15C83751}
	EndProjectSection
EndProject
Project("{8BC9CEB8-8B4A-11D0-8D11-00A0C91BC942}") = "reproduce_crash", "reproduce_crash.vcxproj", "{E1DAC4B3-8489-3617-A0F1-CDE8714F2A11}"
	ProjectSection(ProjectDependencies) = postProject
		{C3EA09CB-2FF3-3A60-BE92-255A15C83751} = {C3EA09CB-2FF3-3A60-BE92-255A15C83751}
	EndProjectSection
EndProject
Project("{8BC9CEB8-8B4A-11D0-8D11-00A0C91BC942}") = "reproduce_emhash8_bug", "reproduce_emhash8_bug.vcxproj", "{26D1A28F-B7E1-3FA5-9443-38B458AB06C6}"
	ProjectSection(ProjectDependencies) = postProject
		{C3EA09CB-2FF3-3A60-BE92-255A15C83751} = {C3EA09CB-2FF3-3A60-BE92-255A15C83751}
	EndProjectSection
EndProject
Project("{8BC9CEB8-8B4A-11D0-8D11-00A0C91BC942}") = "stress_fix", "stress_fix.vcxproj", "{E0DED41E-058C-387C-B2C5-6F47ADB4F5C1}"
	ProjectSection(ProjectDependencies) = postProject
		{C3EA09CB-2FF3-3A60-BE92-255A15C83751} = {C3EA09CB-2FF3-3A60-BE92-255A15C83751}
	EndProjectSection
EndProject
Project("{8BC9CEB8-8B4A-11D0-8D11-00A0C91BC942}") = "stress_test", "stress_test.vcxproj", "{1F3E8DAB-5C19-3CE1-90AB-26F15854B043}"
	ProjectSection(ProjectDependencies) = postProject
		{C3EA09CB-2FF3-3A60-BE92-255A15C83751} = {C3EA09CB-2FF3-3A60-BE92-255A15C83751}
		{53314E97-87D8-345B-9E24-1BEF18D132BB} = {53314E97-87D8-345B-9E24-1BEF18D132BB}
		{775C1C15-A48B-35B0-B3E5-4654966A2BCD} = {775C1C15-A48B-35B0-B3E5-4654966A2BCD}
	EndProjectSection
EndProject
Project("{8BC9CEB8-8B4A-11D0-8D11-00A0C91BC942}") = "test_attack", "test_attack.vcxproj", "{4D3EE46D-C607-35B0-9479-9E5BE374B82F}"
	ProjectSection(ProjectDependencies) = postProject
		{C3EA09CB-2FF3-3A60-BE92-255A15C83751} = {C3EA09CB-2FF3-3A60-BE92-255A15C83751}
	EndProjectSection
EndProject
Project("{8BC9CEB8-8B4A-11D0-8D11-00A0C91BC942}") = "test_bad_hash_stress", "test_bad_hash_stress.vcxproj", "{E712EA48-9ACD-3253-AA43-55E583FCC45B}"
	ProjectSection(ProjectDependencies) = postProject
		{C3EA09CB-2FF3-3A60-BE92-255A15C83751} = {C3EA09CB-2FF3-3A60-BE92-255A15C83751}
	EndProjectSection
EndProject
Project("{8BC9CEB8-8B4A-11D0-8D11-00A0C91BC942}") = "test_debug", "test_debug.vcxproj", "{B7D3D29C-2EF3-3494-87B6-B7E6F7D332B3}"
	ProjectSection(ProjectDependencies) = postProject
		{C3EA09CB-2FF3-3A60-BE92-255A15C83751} = {C3EA09CB-2FF3-3A60-BE92-255A15C83751}
	EndProjectSection
EndProject
Project("{8BC9CEB8-8B4A-11D0-8D11-00A0C91BC942}") = "test_debug_find", "test_debug_find.vcxproj", "{93C66713-FCFA-3644-AD21-3BF8EFBC4FF7}"
	ProjectSection(ProjectDependencies) = postProject
		{C3EA09CB-2FF3-3A60-BE92-255A15C83751} = {C3EA09CB-2FF3-3A60-BE92-255A15C83751}
	EndProjectSection
EndProject
Project("{8BC9CEB8-8B4A-11D0-8D11-00A0C91BC942}") = "test_emhash58", "test_emhash58.vcxproj", "{BDE9B160-0D73-3D64-8C5E-774AEBFA8DB4}"
	ProjectSection(ProjectDependencies) = postProject
		{C3EA09CB-2FF3-3A60-BE92-255A15C83751} = {C3EA09CB-2FF3-3A60-BE92-255A15C83751}
	EndProjectSection
EndProject
Project("{8BC9CEB8-8B4A-11D0-8D11-00A0C91BC942}") = "test_emhash5_hifi", "test_emhash5_hifi.vcxproj", "{79C61842-163C-3E5F-88A5-B54882F9D68C}"
	ProjectSection(ProjectDependencies) = postProject
		{C3EA09CB-2FF3-3A60-BE92-255A15C83751} = {C3EA09CB-2FF3-3A60-BE92-255A15C83751}
	EndProjectSection
EndProject
Project("{8BC9CEB8-8B4A-11D0-8D11-00A0C91BC942}") = "test_emhash5_stress", "test_emhash5_stress.vcxproj", "{0D194296-C069-3650-811A-CE7408419140}"
	ProjectSection(ProjectDependencies) = postProject
		{C3EA09CB-2FF3-3A60-BE92-255A15C83751} = {C3EA09CB-2FF3-3A60-BE92-255A15C83751}
	EndProjectSection
EndProject
Project("{8BC9CEB8-8B4A-11D0-8D11-00A0C91BC942}") = "test_emhash5_verify", "test_emhash5_verify.vcxproj", "{9869EE8E-F290-368E-B20A-9467EA6CBD19}"
	ProjectSection(ProjectDependencies) = postProject
		{C3EA09CB-2FF3-3A60-BE92-255A15C83751} = {C3EA09CB-2FF3-3A60-BE92-255A15C83751}
	EndProjectSection
EndProject
Project("{8BC9CEB8-8B4A-11D0-8D11-00A0C91BC942}") = "test_emhash_allocator", "test_emhash_allocator.vcxproj", "{D5E60317-F28E-3CDE-888C-039BC59B1619}"
	ProjectSection(ProjectDependencies) = postProject
		{C3EA09CB-2FF3-3A60-BE92-255A15C83751} = {C3EA09CB-2FF3-3A60-BE92-255A15C83751}
	EndProjectSection
EndProject
Project("{8BC9CEB8-8B4A-11D0-8D11-00A0C91BC942}") = "test_emilib_comprehensive", "test_emilib_comprehensive.vcxproj", "{4A0CB31A-696F-3403-98A1-2EC8CE382AEC}"
	ProjectSection(ProjectDependencies) = postProject
		{C3EA09CB-2FF3-3A60-BE92-255A15C83751} = {C3EA09CB-2FF3-3A60-BE92-255A15C83751}
	EndProjectSection
EndProject
Project("{8BC9CEB8-8B4A-11D0-8D11-00A0C91BC942}") = "test_extreme", "test_extreme.vcxproj", "{33478B77-0ABC-3292-968C-F94DB74B0D31}"
	ProjectSection(ProjectDependencies) = postProject
		{C3EA09CB-2FF3-3A60-BE92-255A15C83751} = {C3EA09CB-2FF3-3A60-BE92-255A15C83751}
	EndProjectSection
EndProject
Project("{8BC9CEB8-8B4A-11D0-8D11-00A0C91BC942}") = "test_find_slot_bucket", "test_find_slot_bucket.vcxproj", "{A9523FAB-8468-390B-B214-EBBC9A85B058}"
	ProjectSection(ProjectDependencies) = postProject
		{C3EA09CB-2FF3-3A60-BE92-255A15C83751} = {C3EA09CB-2FF3-3A60-BE92-255A15C83751}
	EndProjectSection
EndProject
Project("{8BC9CEB8-8B4A-11D0-8D11-00A0C91BC942}") = "test_functional_edge", "test_functional_edge.vcxproj", "{AFA44B9B-C006-3D9F-97C5-E9E3B3183250}"
	ProjectSection(ProjectDependencies) = postProject
		{C3EA09CB-2FF3-3A60-BE92-255A15C83751} = {C3EA09CB-2FF3-3A60-BE92-255A15C83751}
	EndProjectSection
EndProject
Project("{8BC9CEB8-8B4A-11D0-8D11-00A0C91BC942}") = "test_hashmap_full_api", "test_hashmap_full_api.vcxproj", "{71EDE98E-984E-38E2-97B9-AAC8973FAEB3}"
	ProjectSection(ProjectDependencies) = postProject
		{C3EA09CB-2FF3-3A60-BE92-255A15C83751} = {C3EA09CB-2FF3-3A60-BE92-255A15C83751}
	EndProjectSection
EndProject
Project("{8BC9CEB8-8B4A-11D0-8D11-00A0C91BC942}") = "test_hashset_allocator", "test_hashset_allocator.vcxproj", "{D1F639AC-99D2-39AD-BB6E-D4E8ADB8B510}"
	ProjectSection(ProjectDependencies) = postProject
		{C3EA09CB-2FF3-3A60-BE92-255A15C83751} = {C3EA09CB-2FF3-3A60-BE92-255A15C83751}
	EndProjectSection
EndProject
Project("{8BC9CEB8-8B4A-11D0-8D11-00A0C91BC942}") = "test_hashset_full_api", "test_hashset_full_api.vcxproj", "{4C741142-7E26-332B-BC19-EAC8C30242FF}"
	ProjectSection(ProjectDependencies) = postProject
		{C3EA09CB-2FF3-3A60-BE92-255A15C83751} = {C3EA09CB-2FF3-3A60-BE92-255A15C83751}
	EndProjectSection
EndProject
Project("{8BC9CEB8-8B4A-11D0-8D11-00A0C91BC942}") = "test_hidden_bugs8", "test_hidden_bugs8.vcxproj", "{67F42A88-8046-34B9-BBEB-2DF6987C2D0F}"
	ProjectSection(ProjectDependencies) = postProject
		{C3EA09CB-2FF3-3A60-BE92-255A15C83751} = {C3EA09CB-2FF3-3A60-BE92-255A15C83751}
	EndProjectSection
EndProject
Project("{8BC9CEB8-8B4A-11D0-8D11-00A0C91BC942}") = "test_interface_combo", "test_interface_combo.vcxproj", "{885CDAA5-3775-3C92-8DBB-58B4277533E4}"
	ProjectSection(ProjectDependencies) = postProject
		{C3EA09CB-2FF3-3A60-BE92-255A15C83751} = {C3EA09CB-2FF3-3A60-BE92-255A15C83751}
	EndProjectSection
EndProject
Project("{8BC9CEB8-8B4A-11D0-8D11-00A0C91BC942}") = "test_merge_correctness", "test_merge_correctness.vcxproj", "{E1401EB5-4935-3D59-AA14-F31AE1ECA210}"
	ProjectSection(ProjectDependencies) = postProject
		{C3EA09CB-2FF3-3A60-BE92-255A15C83751} = {C3EA09CB-2FF3-3A60-BE92-255A15C83751}
	EndProjectSection
EndProject
Project("{8BC9CEB8-8B4A-11D0-8D11-00A0C91BC942}") = "test_probe_bug", "test_probe_bug.vcxproj", "{86D2B9C4-C1B0-393E-B37C-54F4F7940F24}"
	ProjectSection(ProjectDependencies) = postProject
		{C3EA09CB-2FF3-3A60-BE92-255A15C83751} = {C3EA09CB-2FF3-3A60-BE92-255A15C83751}
	EndProjectSection
EndProject
Project("{8BC9CEB8-8B4A-11D0-8D11-00A0C91BC942}") = "test_probe_coverage", "test_probe_coverage.vcxproj", "{B069DD32-E770-30FD-8B65-4E1C84A536AD}"
	ProjectSection(ProjectDependencies) = postProject
		{C3EA09CB-2FF3-3A60-BE92-255A15C83751} = {C3EA09CB-2FF3-3A60-BE92-255A15C83751}
	EndProjectSection
EndProject
Project("{8BC9CEB8-8B4A-11D0-8D11-00A0C91BC942}") = "test_repro_collision", "test_repro_collision.vcxproj", "{4FAD200B-5209-3AFF-9996-4FF494FD06DE}"
	ProjectSection(ProjectDependencies) = postProject
		{C3EA09CB-2FF3-3A60-BE92-255A15C83751} = {C3EA09CB-2FF3-3A60-BE92-255A15C83751}
	EndProjectSection
EndProject
Project("{8BC9CEB8-8B4A-11D0-8D11-00A0C91BC942}") = "test_size_sweep", "test_size_sweep.vcxproj", "{C079F82D-E561-3D21-8922-40F2F5095D96}"
	ProjectSection(ProjectDependencies) = postProject
		{C3EA09CB-2FF3-3A60-BE92-255A15C83751} = {C3EA09CB-2FF3-3A60-BE92-255A15C83751}
	EndProjectSection
EndProject
Project("{8BC9CEB8-8B4A-11D0-8D11-00A0C91BC942}") = "test_special_key_types", "test_special_key_types.vcxproj", "{49F4EB76-C7FC-35C2-9BDD-73BCCD66BF84}"
	ProjectSection(ProjectDependencies) = postProject
		{C3EA09CB-2FF3-3A60-BE92-255A15C83751} = {C3EA09CB-2FF3-3A60-BE92-255A15C83751}
	EndProjectSection
EndProject
Project("{8BC9CEB8-8B4A-11D0-8D11-00A0C91BC942}") = "test_stress", "test_stress.vcxproj", "{775C1C15-A48B-35B0-B3E5-4654966A2BCD}"
	ProjectSection(ProjectDependencies) = postProject
		{C3EA09CB-2FF3-3A60-BE92-255A15C83751} = {C3EA09CB-2FF3-3A60-BE92-255A15C83751}
	EndProjectSection
EndProject
Project("{8BC9CEB8-8B4A-11D0-8D11-00A0C91BC942}") = "test_string_key_leak", "test_string_key_leak.vcxproj", "{55E621A6-EC1E-3AF2-9DE9-18D93FD9EE34}"
	ProjectSection(ProjectDependencies) = postProject
		{C3EA09CB-2FF3-3A60-BE92-255A15C83751} = {C3EA09CB-2FF3-3A60-BE92-255A15C83751}
	EndProjectSection
EndProject
Project("{8BC9CEB8-8B4A-11D0-8D11-00A0C91BC942}") = "test_verify", "test_verify.vcxproj", "{608A0277-AD93-3987-86C8-C406B9C80C11}"
	ProjectSection(ProjectDependencies) = postProject
		{C3EA09CB-2FF3-3A60-BE92-255A15C83751} = {C3EA09CB-2FF3-3A60-BE92-255A15C83751}
	EndProjectSection
EndProject
Global
	GlobalSection(SolutionConfigurationPlatforms) = preSolution
		Debug|x64 = Debug|x64
		Release|x64 = Release|x64
		MinSizeRel|x64 = MinSizeRel|x64
		RelWithDebInfo|x64 = RelWithDebInfo|x64
	EndGlobalSection
	GlobalSection(ProjectConfigurationPlatforms) = postSolution
		{DECD82DD-BC96-3CE9-A67C-8DB9B2298DE9}.Debug|x64.ActiveCfg = Debug|x64
		{DECD82DD-BC96-3CE9-A67C-8DB9B2298DE9}.Release|x64.ActiveCfg = Release|x64
		{DECD82DD-BC96-3CE9-A67C-8DB9B2298DE9}.MinSizeRel|x64.ActiveCfg = MinSizeRel|x64
		{DECD82DD-BC96-3CE9-A67C-8DB9B2298DE9}.RelWithDebInfo|x64.ActiveCfg = RelWithDebInfo|x64
		{F9A6DF25-E781-33B9-88BD-99FDBC946FB6}.Debug|x64.ActiveCfg = Debug|x64
		{F9A6DF25-E781-33B9-88BD-99FDBC946FB6}.Release|x64.ActiveCfg = Release|x64
		{F9A6DF25-E781-33B9-88BD-99FDBC946FB6}.MinSizeRel|x64.ActiveCfg = MinSizeRel|x64
		{F9A6DF25-E781-33B9-88BD-99FDBC946FB6}.RelWithDebInfo|x64.ActiveCfg = RelWithDebInfo|x64
		{1C8B38C9-2AD1-3173-9C39-BB056C117DE4}.Debug|x64.ActiveCfg = Debug|x64
		{1C8B38C9-2AD1-3173-9C39-BB056C117DE4}.Release|x64.ActiveCfg = Release|x64
		{1C8B38C9-2AD1-3173-9C39-BB056C117DE4}.MinSizeRel|x64.ActiveCfg = MinSizeRel|x64
		{1C8B38C9-2AD1-3173-9C39-BB056C117DE4}.RelWithDebInfo|x64.ActiveCfg = RelWithDebInfo|x64
		{9725924E-971C-32E9-A0BB-AE47823C150C}.Debug|x64.ActiveCfg = Debug|x64
		{9725924E-971C-32E9-A0BB-AE47823C150C}.Release|x64.ActiveCfg = Release|x64
		{9725924E-971C-32E9-A0BB-AE47823C150C}.MinSizeRel|x64.ActiveCfg = MinSizeRel|x64
		{9725924E-971C-32E9-A0BB-AE47823C150C}.RelWithDebInfo|x64.ActiveCfg = RelWithDebInfo|x64
		{69D6F65D-7375-33EC-82D8-330D70629DCE}.Debug|x64.ActiveCfg = Debug|x64
		{69D6F65D-7375-33EC-82D8-330D70629DCE}.Release|x64.ActiveCfg = Release|x64
		{69D6F65D-7375-33EC-82D8-330D70629DCE}.MinSizeRel|x64.ActiveCfg = MinSizeRel|x64
		{69D6F65D-7375-33EC-82D8-330D70629DCE}.RelWithDebInfo|x64.ActiveCfg = RelWithDebInfo|x64
		{D36D1EDE-2585-3AE6-B2CE-651D30F5BC65}.Debug|x64.ActiveCfg = Debug|x64
		{D36D1EDE-2585-3AE6-B2CE-651D30F5BC65}.Release|x64.ActiveCfg = Release|x64
		{D36D1EDE-2585-3AE6-B2CE-651D30F5BC65}.MinSizeRel|x64.ActiveCfg = MinSizeRel|x64
		{D36D1EDE-2585-3AE6-B2CE-651D30F5BC65}.RelWithDebInfo|x64.ActiveCfg = RelWithDebInfo|x64
		{C3EA09CB-2FF3-3A60-BE92-255A15C83751}.Debug|x64.ActiveCfg = Debug|x64
		{C3EA09CB-2FF3-3A60-BE92-255A15C83751}.Debug|x64.Build.0 = Debug|x64
		{C3EA09CB-2FF3-3A60-BE92-255A15C83751}.Release|x64.ActiveCfg = Release|x64
		{C3EA09CB-2FF3-3A60-BE92-255A15C83751}.Release|x64.Build.0 = Release|x64
		{C3EA09CB-2FF3-3A60-BE92-255A15C83751}.MinSizeRel|x64.ActiveCfg = MinSizeRel|x64
		{C3EA09CB-2FF3-3A60-BE92-255A15C83751}.MinSizeRel|x64.Build.0 = MinSizeRel|x64
		{C3EA09CB-2FF3-3A60-BE92-255A15C83751}.RelWithDebInfo|x64.ActiveCfg = RelWithDebInfo|x64
		{C3EA09CB-2FF3-3A60-BE92-255A15C83751}.RelWithDebInfo|x64.Build.0 = RelWithDebInfo|x64
		{E46946DC-EFBC-35E2-BDAD-E2BFD2A87F3D}.Debug|x64.ActiveCfg = Debug|x64
		{E46946DC-EFBC-35E2-BDAD-E2BFD2A87F3D}.Release|x64.ActiveCfg = Release|x64
		{E46946DC-EFBC-35E2-BDAD-E2BFD2A87F3D}.MinSizeRel|x64.ActiveCfg = MinSizeRel|x64
		{E46946DC-EFBC-35E2-BDAD-E2BFD2A87F3D}.RelWithDebInfo|x64.ActiveCfg = RelWithDebInfo|x64
		{ADB372D6-6EF8-3070-AD3A-514B93441957}.Debug|x64.ActiveCfg = Debug|x64
		{ADB372D6-6EF8-3070-AD3A-514B93441957}.Release|x64.ActiveCfg = Release|x64
		{ADB372D6-6EF8-3070-AD3A-514B93441957}.MinSizeRel|x64.ActiveCfg = MinSizeRel|x64
		{ADB372D6-6EF8-3070-AD3A-514B93441957}.RelWithDebInfo|x64.ActiveCfg = RelWithDebInfo|x64
		{D26FE9B5-271A-34E4-A5D5-1462EEF4D14E}.Debug|x64.ActiveCfg = Debug|x64
		{D26FE9B5-271A-34E4-A5D5-1462EEF4D14E}.Debug|x64.Build.0 = Debug|x64
		{D26FE9B5-271A-34E4-A5D5-1462EEF4D14E}.Release|x64.ActiveCfg = Release|x64
		{D26FE9B5-271A-34E4-A5D5-1462EEF4D14E}.Release|x64.Build.0 = Release|x64
		{D26FE9B5-271A-34E4-A5D5-1462EEF4D14E}.MinSizeRel|x64.ActiveCfg = MinSizeRel|x64
		{D26FE9B5-271A-34E4-A5D5-1462EEF4D14E}.MinSizeRel|x64.Build.0 = MinSizeRel|x64
		{D26FE9B5-271A-34E4-A5D5-1462EEF4D14E}.RelWithDebInfo|x64.ActiveCfg = RelWithDebInfo|x64
		{D26FE9B5-271A-34E4-A5D5-1462EEF4D14E}.RelWithDebInfo|x64.Build.0 = RelWithDebInfo|x64
		{864699A3-96A7-3B3E-AAFA-C41D390C2EDD}.Debug|x64.ActiveCfg = Debug|x64
		{864699A3-96A7-3B3E-AAFA-C41D390C2EDD}.Debug|x64.Build.0 = Debug|x64
		{864699A3-96A7-3B3E-AAFA-C41D390C2EDD}.Release|x64.ActiveCfg = Release|x64
		{864699A3-96A7-3B3E-AAFA-C41D390C2EDD}.Release|x64.Build.0 = Release|x64
		{864699A3-96A7-3B3E-AAFA-C41D390C2EDD}.MinSizeRel|x64.ActiveCfg = MinSizeRel|x64
		{864699A3-96A7-3B3E-AAFA-C41D390C2EDD}.MinSizeRel|x64.Build.0 = MinSizeRel|x64
		{864699A3-96A7-3B3E-AAFA-C41D390C2EDD}.RelWithDebInfo|x64.ActiveCfg = RelWithDebInfo|x64
		{864699A3-96A7-3B3E-AAFA-C41D390C2EDD}.RelWithDebInfo|x64.Build.0 = RelWithDebInfo|x64
		{C451F349-B0C2-3581-BDD4-ABA36C147AF9}.Debug|x64.ActiveCfg = Debug|x64
		{C451F349-B0C2-3581-BDD4-ABA36C147AF9}.Debug|x64.Build.0 = Debug|x64
		{C451F349-B0C2-3581-BDD4-ABA36C147AF9}.Release|x64.ActiveCfg = Release|x64
		{C451F349-B0C2-3581-BDD4-ABA36C147AF9}.Release|x64.Build.0 = Release|x64
		{C451F349-B0C2-3581-BDD4-ABA36C147AF9}.MinSizeRel|x64.ActiveCfg = MinSizeRel|x64
		{C451F349-B0C2-3581-BDD4-ABA36C147AF9}.MinSizeRel|x64.Build.0 = MinSizeRel|x64
		{C451F349-B0C2-3581-BDD4-ABA36C147AF9}.RelWithDebInfo|x64.ActiveCfg = RelWithDebInfo|x64
		{C451F349-B0C2-3581-BDD4-ABA36C147AF9}.RelWithDebInfo|x64.Build.0 = RelWithDebInfo|x64
		{E8B81B26-3A71-3F5C-99C8-CA2D73F526C2}.Debug|x64.ActiveCfg = Debug|x64
		{E8B81B26-3A71-3F5C-99C8-CA2D73F526C2}.Release|x64.ActiveCfg = Release|x64
		{E8B81B26-3A71-3F5C-99C8-CA2D73F526C2}.MinSizeRel|x64.ActiveCfg = MinSizeRel|x64
		{E8B81B26-3A71-3F5C-99C8-CA2D73F526C2}.RelWithDebInfo|x64.ActiveCfg = RelWithDebInfo|x64
		{6C48B99B-7766-3E72-8E75-4EFD6BB9E77A}.Debug|x64.ActiveCfg = Debug|x64
		{6C48B99B-7766-3E72-8E75-4EFD6BB9E77A}.Debug|x64.Build.0 = Debug|x64
		{6C48B99B-7766-3E72-8E75-4EFD6BB9E77A}.Release|x64.ActiveCfg = Release|x64
		{6C48B99B-7766-3E72-8E75-4EFD6BB9E77A}.Release|x64.Build.0 = Release|x64
		{6C48B99B-7766-3E72-8E75-4EFD6BB9E77A}.MinSizeRel|x64.ActiveCfg = MinSizeRel|x64
		{6C48B99B-7766-3E72-8E75-4EFD6BB9E77A}.MinSizeRel|x64.Build.0 = MinSizeRel|x64
		{6C48B99B-7766-3E72-8E75-4EFD6BB9E77A}.RelWithDebInfo|x64.ActiveCfg = RelWithDebInfo|x64
		{6C48B99B-7766-3E72-8E75-4EFD6BB9E77A}.RelWithDebInfo|x64.Build.0 = RelWithDebInfo|x64
		{4D7D201A-9D87-32B7-9156-2AD6E34F0C26}.Debug|x64.ActiveCfg = Debug|x64
		{4D7D201A-9D87-32B7-9156-2AD6E34F0C26}.Debug|x64.Build.0 = Debug|x64
		{4D7D201A-9D87-32B7-9156-2AD6E34F0C26}.Release|x64.ActiveCfg = Release|x64
		{4D7D201A-9D87-32B7-9156-2AD6E34F0C26}.Release|x64.Build.0 = Release|x64
		{4D7D201A-9D87-32B7-9156-2AD6E34F0C26}.MinSizeRel|x64.ActiveCfg = MinSizeRel|x64
		{4D7D201A-9D87-32B7-9156-2AD6E34F0C26}.MinSizeRel|x64.Build.0 = MinSizeRel|x64
		{4D7D201A-9D87-32B7-9156-2AD6E34F0C26}.RelWithDebInfo|x64.ActiveCfg = RelWithDebInfo|x64
		{4D7D201A-9D87-32B7-9156-2AD6E34F0C26}.RelWithDebInfo|x64.Build.0 = RelWithDebInfo|x64
		{391942D5-042C-30F0-999C-E00260655680}.Debug|x64.ActiveCfg = Debug|x64
		{391942D5-042C-30F0-999C-E00260655680}.Debug|x64.Build.0 = Debug|x64
		{391942D5-042C-30F0-999C-E00260655680}.Release|x64.ActiveCfg = Release|x64
		{391942D5-042C-30F0-999C-E00260655680}.Release|x64.Build.0 = Release|x64
		{391942D5-042C-30F0-999C-E00260655680}.MinSizeRel|x64.ActiveCfg = MinSizeRel|x64
		{391942D5-042C-30F0-999C-E00260655680}.MinSizeRel|x64.Build.0 = MinSizeRel|x64
		{391942D5-042C-30F0-999C-E00260655680}.RelWithDebInfo|x64.ActiveCfg = RelWithDebInfo|x64
		{391942D5-042C-30F0-999C-E00260655680}.RelWithDebInfo|x64.Build.0 = RelWithDebInfo|x64
		{53314E97-87D8-345B-9E24-1BEF18D132BB}.Debug|x64.ActiveCfg = Debug|x64
		{53314E97-87D8-345B-9E24-1BEF18D132BB}.Debug|x64.Build.0 = Debug|x64
		{53314E97-87D8-345B-9E24-1BEF18D132BB}.Release|x64.ActiveCfg = Release|x64
		{53314E97-87D8-345B-9E24-1BEF18D132BB}.Release|x64.Build.0 = Release|x64
		{53314E97-87D8-345B-9E24-1BEF18D132BB}.MinSizeRel|x64.ActiveCfg = MinSizeRel|x64
		{53314E97-87D8-345B-9E24-1BEF18D132BB}.MinSizeRel|x64.Build.0 = MinSizeRel|x64
		{53314E97-87D8-345B-9E24-1BEF18D132BB}.RelWithDebInfo|x64.ActiveCfg = RelWithDebInfo|x64
		{53314E97-87D8-345B-9E24-1BEF18D132BB}.RelWithDebInfo|x64.Build.0 = RelWithDebInfo|x64
		{3A846017-255F-392C-AD22-DA0B61F49EEA}.Debug|x64.ActiveCfg = Debug|x64
		{3A846017-255F-392C-AD22-DA0B61F49EEA}.Debug|x64.Build.0 = Debug|x64
		{3A846017-255F-392C-AD22-DA0B61F49EEA}.Release|x64.ActiveCfg = Release|x64
		{3A846017-255F-392C-AD22-DA0B61F49EEA}.Release|x64.Build.0 = Release|x64
		{3A846017-255F-392C-AD22-DA0B61F49EEA}.MinSizeRel|x64.ActiveCfg = MinSizeRel|x64
		{3A846017-255F-392C-AD22-DA0B61F49EEA}.MinSizeRel|x64.Build.0 = MinSizeRel|x64
		{3A846017-255F-392C-AD22-DA0B61F49EEA}.RelWithDebInfo|x64.ActiveCfg = RelWithDebInfo|x64
		{3A846017-255F-392C-AD22-DA0B61F49EEA}.RelWithDebInfo|x64.Build.0 = RelWithDebInfo|x64
		{696934A9-4E3F-31F4-853C-A6C90DCC22C7}.Debug|x64.ActiveCfg = Debug|x64
		{696934A9-4E3F-31F4-853C-A6C90DCC22C7}.Release|x64.ActiveCfg = Release|x64
		{696934A9-4E3F-31F4-853C-A6C90DCC22C7}.MinSizeRel|x64.ActiveCfg = MinSizeRel|x64
		{696934A9-4E3F-31F4-853C-A6C90DCC22C7}.RelWithDebInfo|x64.ActiveCfg = RelWithDebInfo|x64
		{43684120-5B7D-3505-A31A-2E9B0721C22A}.Debug|x64.ActiveCfg = Debug|x64
		{43684120-5B7D-3505-A31A-2E9B0721C22A}.Debug|x64.Build.0 = Debug|x64
		{43684120-5B7D-3505-A31A-2E9B0721C22A}.Release|x64.ActiveCfg = Release|x64
		{43684120-5B7D-3505-A31A-2E9B0721C22A}.Release|x64.Build.0 = Release|x64
		{43684120-5B7D-3505-A31A-2E9B0721C22A}.MinSizeRel|x64.ActiveCfg = MinSizeRel|x64
		{43684120-5B7D-3505-A31A-2E9B0721C22A}.MinSizeRel|x64.Build.0 = MinSizeRel|x64
		{43684120-5B7D-3505-A31A-2E9B0721C22A}.RelWithDebInfo|x64.ActiveCfg = RelWithDebInfo|x64
		{43684120-5B7D-3505-A31A-2E9B0721C22A}.RelWithDebInfo|x64.Build.0 = RelWithDebInfo|x64
		{E1DAC4B3-8489-3617-A0F1-CDE8714F2A11}.Debug|x64.ActiveCfg = Debug|x64
		{E1DAC4B3-8489-3617-A0F1-CDE8714F2A11}.Debug|x64.Build.0 = Debug|x64
		{E1DAC4B3-8489-3617-A0F1-CDE8714F2A11}.Release|x64.ActiveCfg = Release|x64
		{E1DAC4B3-8489-3617-A0F1-CDE8714F2A11}.Release|x64.Build.0 = Release|x64
		{E1DAC4B3-8489-3617-A0F1-CDE8714F2A11}.MinSizeRel|x64.ActiveCfg = MinSizeRel|x64
		{E1DAC4B3-8489-3617-A0F1-CDE8714F2A11}.MinSizeRel|x64.Build.0 = MinSizeRel|x64
		{E1DAC4B3-8489-3617-A0F1-CDE8714F2A11}.RelWithDebInfo|x64.ActiveCfg = RelWithDebInfo|x64
		{E1DAC4B3-8489-3617-A0F1-CDE8714F2A11}.RelWithDebInfo|x64.Build.0 = RelWithDebInfo|x64
		{26D1A28F-B7E1-3FA5-9443-38B458AB06C6}.Debug|x64.ActiveCfg = Debug|x64
		{26D1A28F-B7E1-3FA5-9443-38B458AB06C6}.Debug|x64.Build.0 = Debug|x64
		{26D1A28F-B7E1-3FA5-9443-38B458AB06C6}.Release|x64.ActiveCfg = Release|x64
		{26D1A28F-B7E1-3FA5-9443-38B458AB06C6}.Release|x64.Build.0 = Release|x64
		{26D1A28F-B7E1-3FA5-9443-38B458AB06C6}.MinSizeRel|x64.ActiveCfg = MinSizeRel|x64
		{26D1A28F-B7E1-3FA5-9443-38B458AB06C6}.MinSizeRel|x64.Build.0 = MinSizeRel|x64
		{26D1A28F-B7E1-3FA5-9443-38B458AB06C6}.RelWithDebInfo|x64.ActiveCfg = RelWithDebInfo|x64
		{26D1A28F-B7E1-3FA5-9443-38B458AB06C6}.RelWithDebInfo|x64.Build.0 = RelWithDebInfo|x64
		{E0DED41E-058C-387C-B2C5-6F47ADB4F5C1}.Debug|x64.ActiveCfg = Debug|x64
		{E0DED41E-058C-387C-B2C5-6F47ADB4F5C1}.Debug|x64.Build.0 = Debug|x64
		{E0DED41E-058C-387C-B2C5-6F47ADB4F5C1}.Release|x64.ActiveCfg = Release|x64
		{E0DED41E-058C-387C-B2C5-6F47ADB4F5C1}.Release|x64.Build.0 = Release|x64
		{E0DED41E-058C-387C-B2C5-6F47ADB4F5C1}.MinSizeRel|x64.ActiveCfg = MinSizeRel|x64
		{E0DED41E-058C-387C-B2C5-6F47ADB4F5C1}.MinSizeRel|x64.Build.0 = MinSizeRel|x64
		{E0DED41E-058C-387C-B2C5-6F47ADB4F5C1}.RelWithDebInfo|x64.ActiveCfg = RelWithDebInfo|x64
		{E0DED41E-058C-387C-B2C5-6F47ADB4F5C1}.RelWithDebInfo|x64.Build.0 = RelWithDebInfo|x64
		{1F3E8DAB-5C19-3CE1-90AB-26F15854B043}.Debug|x64.ActiveCfg = Debug|x64
		{1F3E8DAB-5C19-3CE1-90AB-26F15854B043}.Release|x64.ActiveCfg = Release|x64
		{1F3E8DAB-5C19-3CE1-90AB-26F15854B043}.MinSizeRel|x64.ActiveCfg = MinSizeRel|x64
		{1F3E8DAB-5C19-3CE1-90AB-26F15854B043}.RelWithDebInfo|x64.ActiveCfg = RelWithDebInfo|x64
		{4D3EE46D-C607-35B0-9479-9E5BE374B82F}.Debug|x64.ActiveCfg = Debug|x64
		{4D3EE46D-C607-35B0-9479-9E5BE374B82F}.Debug|x64.Build.0 = Debug|x64
		{4D3EE46D-C607-35B0-9479-9E5BE374B82F}.Release|x64.ActiveCfg = Release|x64
		{4D3EE46D-C607-35B0-9479-9E5BE374B82F}.Release|x64.Build.0 = Release|x64
		{4D3EE46D-C607-35B0-9479-9E5BE374B82F}.MinSizeRel|x64.ActiveCfg = MinSizeRel|x64
		{4D3EE46D-C607-35B0-9479-9E5BE374B82F}.MinSizeRel|x64.Build.0 = MinSizeRel|x64
		{4D3EE46D-C607-35B0-9479-9E5BE374B82F}.RelWithDebInfo|x64.ActiveCfg = RelWithDebInfo|x64
		{4D3EE46D-C607-35B0-9479-9E5BE374B82F}.RelWithDebInfo|x64.Build.0 = RelWithDebInfo|x64
		{E712EA48-9ACD-3253-AA43-55E583FCC45B}.Debug|x64.ActiveCfg = Debug|x64
		{E712EA48-9ACD-3253-AA43-55E583FCC45B}.Debug|x64.Build.0 = Debug|x64
		{E712EA48-9ACD-3253-AA43-55E583FCC45B}.Release|x64.ActiveCfg = Release|x64
		{E712EA48-9ACD-3253-AA43-55E583FCC45B}.Release|x64.Build.0 = Release|x64
		{E712EA48-9ACD-3253-AA43-55E583FCC45B}.MinSizeRel|x64.ActiveCfg = MinSizeRel|x64
		{E712EA48-9ACD-3253-AA43-55E583FCC45B}.MinSizeRel|x64.Build.0 = MinSizeRel|x64
		{E712EA48-9ACD-3253-AA43-55E583FCC45B}.RelWithDebInfo|x64.ActiveCfg = RelWithDebInfo|x64
		{E712EA48-9ACD-3253-AA43-55E583FCC45B}.RelWithDebInfo|x64.Build.0 = RelWithDebInfo|x64
		{B7D3D29C-2EF3-3494-87B6-B7E6F7D332B3}.Debug|x64.ActiveCfg = Debug|x64
		{B7D3D29C-2EF3-3494-87B6-B7E6F7D332B3}.Debug|x64.Build.0 = Debug|x64
		{B7D3D29C-2EF3-3494-87B6-B7E6F7D332B3}.Release|x64.ActiveCfg = Release|x64
		{B7D3D29C-2EF3-3494-87B6-B7E6F7D332B3}.Release|x64.Build.0 = Release|x64
		{B7D3D29C-2EF3-3494-87B6-B7E6F7D332B3}.MinSizeRel|x64.ActiveCfg = MinSizeRel|x64
		{B7D3D29C-2EF3-3494-87B6-B7E6F7D332B3}.MinSizeRel|x64.Build.0 = MinSizeRel|x64
		{B7D3D29C-2EF3-3494-87B6-B7E6F7D332B3}.RelWithDebInfo|x64.ActiveCfg = RelWithDebInfo|x64
		{B7D3D29C-2EF3-3494-87B6-B7E6F7D332B3}.RelWithDebInfo|x64.Build.0 = RelWithDebInfo|x64
		{93C66713-FCFA-3644-AD21-3BF8EFBC4FF7}.Debug|x64.ActiveCfg = Debug|x64
		{93C66713-FCFA-3644-AD21-3BF8EFBC4FF7}.Debug|x64.Build.0 = Debug|x64
		{93C66713-FCFA-3644-AD21-3BF8EFBC4FF7}.Release|x64.ActiveCfg = Release|x64
		{93C66713-FCFA-3644-AD21-3BF8EFBC4FF7}.Release|x64.Build.0 = Release|x64
		{93C66713-FCFA-3644-AD21-3BF8EFBC4FF7}.MinSizeRel|x64.ActiveCfg = MinSizeRel|x64
		{93C66713-FCFA-3644-AD21-3BF8EFBC4FF7}.MinSizeRel|x64.Build.0 = MinSizeRel|x64
		{93C66713-FCFA-3644-AD21-3BF8EFBC4FF7}.RelWithDebInfo|x64.ActiveCfg = RelWithDebInfo|x64
		{93C66713-FCFA-3644-AD21-3BF8EFBC4FF7}.RelWithDebInfo|x64.Build.0 = RelWithDebInfo|x64
		{BDE9B160-0D73-3D64-8C5E-774AEBFA8DB4}.Debug|x64.ActiveCfg = Debug|x64
		{BDE9B160-0D73-3D64-8C5E-774AEBFA8DB4}.Debug|x64.Build.0 = Debug|x64
		{BDE9B160-0D73-3D64-8C5E-774AEBFA8DB4}.Release|x64.ActiveCfg = Release|x64
		{BDE9B160-0D73-3D64-8C5E-774AEBFA8DB4}.Release|x64.Build.0 = Release|x64
		{BDE9B160-0D73-3D64-8C5E-774AEBFA8DB4}.MinSizeRel|x64.ActiveCfg = MinSizeRel|x64
		{BDE9B160-0D73-3D64-8C5E-774AEBFA8DB4}.MinSizeRel|x64.Build.0 = MinSizeRel|x64
		{BDE9B160-0D73-3D64-8C5E-774AEBFA8DB4}.RelWithDebInfo|x64.ActiveCfg = RelWithDebInfo|x64
		{BDE9B160-0D73-3D64-8C5E-774AEBFA8DB4}.RelWithDebInfo|x64.Build.0 = RelWithDebInfo|x64
		{79C61842-163C-3E5F-88A5-B54882F9D68C}.Debug|x64.ActiveCfg = Debug|x64
		{79C61842-163C-3E5F-88A5-B54882F9D68C}.Debug|x64.Build.0 = Debug|x64
		{79C61842-163C-3E5F-88A5-B54882F9D68C}.Release|x64.ActiveCfg = Release|x64
		{79C61842-163C-3E5F-88A5-B54882F9D68C}.Release|x64.Build.0 = Release|x64
		{79C61842-163C-3E5F-88A5-B54882F9D68C}.MinSizeRel|x64.ActiveCfg = MinSizeRel|x64
		{79C61842-163C-3E5F-88A5-B54882F9D68C}.MinSizeRel|x64.Build.0 = MinSizeRel|x64
		{79C61842-163C-3E5F-88A5-B54882F9D68C}.RelWithDebInfo|x64.ActiveCfg = RelWithDebInfo|x64
		{79C61842-163C-3E5F-88A5-B54882F9D68C}.RelWithDebInfo|x64.Build.0 = RelWithDebInfo|x64
		{0D194296-C069-3650-811A-CE7408419140}.Debug|x64.ActiveCfg = Debug|x64
		{0D194296-C069-3650-811A-CE7408419140}.Debug|x64.Build.0 = Debug|x64
		{0D194296-C069-3650-811A-CE7408419140}.Release|x64.ActiveCfg = Release|x64
		{0D194296-C069-3650-811A-CE7408419140}.Release|x64.Build.0 = Release|x64
		{0D194296-C069-3650-811A-CE7408419140}.MinSizeRel|x64.ActiveCfg = MinSizeRel|x64
		{0D194296-C069-3650-811A-CE7408419140}.MinSizeRel|x64.Build.0 = MinSizeRel|x64
		{0D194296-C069-3650-811A-CE7408419140}.RelWithDebInfo|x64.ActiveCfg = RelWithDebInfo|x64
		{0D194296-C069-3650-811A-CE7408419140}.RelWithDebInfo|x64.Build.0 = RelWithDebInfo|x64
		{9869EE8E-F290-368E-B20A-9467EA6CBD19}.Debug|x64.ActiveCfg = Debug|x64
		{9869EE8E-F290-368E-B20A-9467EA6CBD19}.Debug|x64.Build.0 = Debug|x64
		{9869EE8E-F290-368E-B20A-9467EA6CBD19}.Release|x64.ActiveCfg = Release|x64
		{9869EE8E-F290-368E-B20A-9467EA6CBD19}.Release|x64.Build.0 = Release|x64
		{9869EE8E-F290-368E-B20A-9467EA6CBD19}.MinSizeRel|x64.ActiveCfg = MinSizeRel|x64
		{9869EE8E-F290-368E-B20A-9467EA6CBD19}.MinSizeRel|x64.Build.0 = MinSizeRel|x64
		{9869EE8E-F290-368E-B20A-9467EA6CBD19}.RelWithDebInfo|x64.ActiveCfg = RelWithDebInfo|x64
		{9869EE8E-F290-368E-B20A-9467EA6CBD19}.RelWithDebInfo|x64.Build.0 = RelWithDebInfo|x64
		{D5E60317-F28E-3CDE-888C-039BC59B1619}.Debug|x64.ActiveCfg = Debug|x64
		{D5E60317-F28E-3CDE-888C-039BC59B1619}.Debug|x64.Build.0 = Debug|x64
		{D5E60317-F28E-3CDE-888C-039BC59B1619}.Release|x64.ActiveCfg = Release|x64
		{D5E60317-F28E-3CDE-888C-039BC59B1619}.Release|x64.Build.0 = Release|x64
		{D5E60317-F28E-3CDE-888C-039BC59B1619}.MinSizeRel|x64.ActiveCfg = MinSizeRel|x64
		{D5E60317-F28E-3CDE-888C-039BC59B1619}.MinSizeRel|x64.Build.0 = MinSizeRel|x64
		{D5E60317-F28E-3CDE-888C-039BC59B1619}.RelWithDebInfo|x64.ActiveCfg = RelWithDebInfo|x64
		{D5E60317-F28E-3CDE-888C-039BC59B1619}.RelWithDebInfo|x64.Build.0 = RelWithDebInfo|x64
		{4A0CB31A-696F-3403-98A1-2EC8CE382AEC}.Debug|x64.ActiveCfg = Debug|x64
		{4A0CB31A-696F-3403-98A1-2EC8CE382AEC}.Debug|x64.Build.0 = Debug|x64
		{4A0CB31A-696F-3403-98A1-2EC8CE382AEC}.Release|x64.ActiveCfg = Release|x64
		{4A0CB31A-696F-3403-98A1-2EC8CE382AEC}.Release|x64.Build.0 = Release|x64
		{4A0CB31A-696F-3403-98A1-2EC8CE382AEC}.MinSizeRel|x64.ActiveCfg = MinSizeRel|x64
		{4A0CB31A-696F-3403-98A1-2EC8CE382AEC}.MinSizeRel|x64.Build.0 = MinSizeRel|x64
		{4A0CB31A-696F-3403-98A1-2EC8CE382AEC}.RelWithDebInfo|x64.ActiveCfg = RelWithDebInfo|x64
		{4A0CB31A-696F-3403-98A1-2EC8CE382AEC}.RelWithDebInfo|x64.Build.0 = RelWithDebInfo|x64
		{33478B77-0ABC-3292-968C-F94DB74B0D31}.Debug|x64.ActiveCfg = Debug|x64
		{33478B77-0ABC-3292-968C-F94DB74B0D31}.Debug|x64.Build.0 = Debug|x64
		{33478B77-0ABC-3292-968C-F94DB74B0D31}.Release|x64.ActiveCfg = Release|x64
		{33478B77-0ABC-3292-968C-F94DB74B0D31}.Release|x64.Build.0 = Release|x64
		{33478B77-0ABC-3292-968C-F94DB74B0D31}.MinSizeRel|x64.ActiveCfg = MinSizeRel|x64
		{33478B77-0ABC-3292-968C-F94DB74B0D31}.MinSizeRel|x64.Build.0 = MinSizeRel|x64
		{33478B77-0ABC-3292-968C-F94DB74B0D31}.RelWithDebInfo|x64.ActiveCfg = RelWithDebInfo|x64
		{33478B77-0ABC-3292-968C-F94DB74B0D31}.RelWithDebInfo|x64.Build.0 = RelWithDebInfo|x64
		{A9523FAB-8468-390B-B214-EBBC9A85B058}.Debug|x64.ActiveCfg = Debug|x64
		{A9523FAB-8468-390B-B214-EBBC9A85B058}.Debug|x64.Build.0 = Debug|x64
		{A9523FAB-8468-390B-B214-EBBC9A85B058}.Release|x64.ActiveCfg = Release|x64
		{A9523FAB-8468-390B-B214-EBBC9A85B058}.Release|x64.Build.0 = Release|x64
		{A9523FAB-8468-390B-B214-EBBC9A85B058}.MinSizeRel|x64.ActiveCfg = MinSizeRel|x64
		{A9523FAB-8468-390B-B214-EBBC9A85B058}.MinSizeRel|x64.Build.0 = MinSizeRel|x64
		{A9523FAB-8468-390B-B214-EBBC9A85B058}.RelWithDebInfo|x64.ActiveCfg = RelWithDebInfo|x64
		{A9523FAB-8468-390B-B214-EBBC9A85B058}.RelWithDebInfo|x64.Build.0 = RelWithDebInfo|x64
		{AFA44B9B-C006-3D9F-97C5-E9E3B3183250}.Debug|x64.ActiveCfg = Debug|x64
		{AFA44B9B-C006-3D9F-97C5-E9E3B3183250}.Debug|x64.Build.0 = Debug|x64
		{AFA44B9B-C006-3D9F-97C5-E9E3B3183250}.Release|x64.ActiveCfg = Release|x64
		{AFA44B9B-C006-3D9F-97C5-E9E3B3183250}.Release|x64.Build.0 = Release|x64
		{AFA44B9B-C006-3D9F-97C5-E9E3B3183250}.MinSizeRel|x64.ActiveCfg = MinSizeRel|x64
		{AFA44B9B-C006-3D9F-97C5-E9E3B3183250}.MinSizeRel|x64.Build.0 = MinSizeRel|x64
		{AFA44B9B-C006-3D9F-97C5-E9E3B3183250}.RelWithDebInfo|x64.ActiveCfg = RelWithDebInfo|x64
		{AFA44B9B-C006-3D9F-97C5-E9E3B3183250}.RelWithDebInfo|x64.Build.0 = RelWithDebInfo|x64
		{71EDE98E-984E-38E2-97B9-AAC8973FAEB3}.Debug|x64.ActiveCfg = Debug|x64
		{71EDE98E-984E-38E2-97B9-AAC8973FAEB3}.Debug|x64.Build.0 = Debug|x64
		{71EDE98E-984E-38E2-97B9-AAC8973FAEB3}.Release|x64.ActiveCfg = Release|x64
		{71EDE98E-984E-38E2-97B9-AAC8973FAEB3}.Release|x64.Build.0 = Release|x64
		{71EDE98E-984E-38E2-97B9-AAC8973FAEB3}.MinSizeRel|x64.ActiveCfg = MinSizeRel|x64
		{71EDE98E-984E-38E2-97B9-AAC8973FAEB3}.MinSizeRel|x64.Build.0 = MinSizeRel|x64
		{71EDE98E-984E-38E2-97B9-AAC8973FAEB3}.RelWithDebInfo|x64.ActiveCfg = RelWithDebInfo|x64
		{71EDE98E-984E-38E2-97B9-AAC8973FAEB3}.RelWithDebInfo|x64.Build.0 = RelWithDebInfo|x64
		{D1F639AC-99D2-39AD-BB6E-D4E8ADB8B510}.Debug|x64.ActiveCfg = Debug|x64
		{D1F639AC-99D2-39AD-BB6E-D4E8ADB8B510}.Debug|x64.Build.0 = Debug|x64
		{D1F639AC-99D2-39AD-BB6E-D4E8ADB8B510}.Release|x64.ActiveCfg = Release|x64
		{D1F639AC-99D2-39AD-BB6E-D4E8ADB8B510}.Release|x64.Build.0 = Release|x64
		{D1F639AC-99D2-39AD-BB6E-D4E8ADB8B510}.MinSizeRel|x64.ActiveCfg = MinSizeRel|x64
		{D1F639AC-99D2-39AD-BB6E-D4E8ADB8B510}.MinSizeRel|x64.Build.0 = MinSizeRel|x64
		{D1F639AC-99D2-39AD-BB6E-D4E8ADB8B510}.RelWithDebInfo|x64.ActiveCfg = RelWithDebInfo|x64
		{D1F639AC-99D2-39AD-BB6E-D4E8ADB8B510}.RelWithDebInfo|x64.Build.0 = RelWithDebInfo|x64
		{4C741142-7E26-332B-BC19-EAC8C30242FF}.Debug|x64.ActiveCfg = Debug|x64
		{4C741142-7E26-332B-BC19-EAC8C30242FF}.Debug|x64.Build.0 = Debug|x64
		{4C741142-7E26-332B-BC19-EAC8C30242FF}.Release|x64.ActiveCfg = Release|x64
		{4C741142-7E26-332B-BC19-EAC8C30242FF}.Release|x64.Build.0 = Release|x64
		{4C741142-7E26-332B-BC19-EAC8C30242FF}.MinSizeRel|x64.ActiveCfg = MinSizeRel|x64
		{4C741142-7E26-332B-BC19-EAC8C30242FF}.MinSizeRel|x64.Build.0 = MinSizeRel|x64
		{4C741142-7E26-332B-BC19-EAC8C30242FF}.RelWithDebInfo|x64.ActiveCfg = RelWithDebInfo|x64
		{4C741142-7E26-332B-BC19-EAC8C30242FF}.RelWithDebInfo|x64.Build.0 = RelWithDebInfo|x64
		{67F42A88-8046-34B9-BBEB-2DF6987C2D0F}.Debug|x64.ActiveCfg = Debug|x64
		{67F42A88-8046-34B9-BBEB-2DF6987C2D0F}.Debug|x64.Build.0 = Debug|x64
		{67F42A88-8046-34B9-BBEB-2DF6987C2D0F}.Release|x64.ActiveCfg = Release|x64
		{67F42A88-8046-34B9-BBEB-2DF6987C2D0F}.Release|x64.Build.0 = Release|x64
		{67F42A88-8046-34B9-BBEB-2DF6987C2D0F}.MinSizeRel|x64.ActiveCfg = MinSizeRel|x64
		{67F42A88-8046-34B9-BBEB-2DF6987C2D0F}.MinSizeRel|x64.Build.0 = MinSizeRel|x64
		{67F42A88-8046-34B9-BBEB-2DF6987C2D0F}.RelWithDebInfo|x64.ActiveCfg = RelWithDebInfo|x64
		{67F42A88-8046-34B9-BBEB-2DF6987C2D0F}.RelWithDebInfo|x64.Build.0 = RelWithDebInfo|x64
		{885CDAA5-3775-3C92-8DBB-58B4277533E4}.Debug|x64.ActiveCfg = Debug|x64
		{885CDAA5-3775-3C92-8DBB-58B4277533E4}.Debug|x64.Build.0 = Debug|x64
		{885CDAA5-3775-3C92-8DBB-58B4277533E4}.Release|x64.ActiveCfg = Release|x64
		{885CDAA5-3775-3C92-8DBB-58B4277533E4}.Release|x64.Build.0 = Release|x64
		{885CDAA5-3775-3C92-8DBB-58B4277533E4}.MinSizeRel|x64.ActiveCfg = MinSizeRel|x64
		{885CDAA5-3775-3C92-8DBB-58B4277533E4}.MinSizeRel|x64.Build.0 = MinSizeRel|x64
		{885CDAA5-3775-3C92-8DBB-58B4277533E4}.RelWithDebInfo|x64.ActiveCfg = RelWithDebInfo|x64
		{885CDAA5-3775-3C92-8DBB-58B4277533E4}.RelWithDebInfo|x64.Build.0 = RelWithDebInfo|x64
		{E1401EB5-4935-3D59-AA14-F31AE1ECA210}.Debug|x64.ActiveCfg = Debug|x64
		{E1401EB5-4935-3D59-AA14-F31AE1ECA210}.Debug|x64.Build.0 = Debug|x64
		{E1401EB5-4935-3D59-AA14-F31AE1ECA210}.Release|x64.ActiveCfg = Release|x64
		{E1401EB5-4935-3D59-AA14-F31AE1ECA210}.Release|x64.Build.0 = Release|x64
		{E1401EB5-4935-3D59-AA14-F31AE1ECA210}.MinSizeRel|x64.ActiveCfg = MinSizeRel|x64
		{E1401EB5-4935-3D59-AA14-F31AE1ECA210}.MinSizeRel|x64.Build.0 = MinSizeRel|x64
		{E1401EB5-4935-3D59-AA14-F31AE1ECA210}.RelWithDebInfo|x64.ActiveCfg = RelWithDebInfo|x64
		{E1401EB5-4935-3D59-AA14-F31AE1ECA210}.RelWithDebInfo|x64.Build.0 = RelWithDebInfo|x64
		{86D2B9C4-C1B0-393E-B37C-54F4F7940F24}.Debug|x64.ActiveCfg = Debug|x64
		{86D2B9C4-C1B0-393E-B37C-54F4F7940F24}.Debug|x64.Build.0 = Debug|x64
		{86D2B9C4-C1B0-393E-B37C-54F4F7940F24}.Release|x64.ActiveCfg = Release|x64
		{86D2B9C4-C1B0-393E-B37C-54F4F7940F24}.Release|x64.Build.0 = Release|x64
		{86D2B9C4-C1B0-393E-B37C-54F4F7940F24}.MinSizeRel|x64.ActiveCfg = MinSizeRel|x64
		{86D2B9C4-C1B0-393E-B37C-54F4F7940F24}.MinSizeRel|x64.Build.0 = MinSizeRel|x64
		{86D2B9C4-C1B0-393E-B37C-54F4F7940F24}.RelWithDebInfo|x64.ActiveCfg = RelWithDebInfo|x64
		{86D2B9C4-C1B0-393E-B37C-54F4F7940F24}.RelWithDebInfo|x64.Build.0 = RelWithDebInfo|x64
		{B069DD32-E770-30FD-8B65-4E1C84A536AD}.Debug|x64.ActiveCfg = Debug|x64
		{B069DD32-E770-30FD-8B65-4E1C84A536AD}.Debug|x64.Build.0 = Debug|x64
		{B069DD32-E770-30FD-8B65-4E1C84A536AD}.Release|x64.ActiveCfg = Release|x64
		{B069DD32-E770-30FD-8B65-4E1C84A536AD}.Release|x64.Build.0 = Release|x64
		{B069DD32-E770-30FD-8B65-4E1C84A536AD}.MinSizeRel|x64.ActiveCfg = MinSizeRel|x64
		{B069DD32-E770-30FD-8B65-4E1C84A536AD}.MinSizeRel|x64.Build.0 = MinSizeRel|x64
		{B069DD32-E770-30FD-8B65-4E1C84A536AD}.RelWithDebInfo|x64.ActiveCfg = RelWithDebInfo|x64
		{B069DD32-E770-30FD-8B65-4E1C84A536AD}.RelWithDebInfo|x64.Build.0 = RelWithDebInfo|x64
		{4FAD200B-5209-3AFF-9996-4FF494FD06DE}.Debug|x64.ActiveCfg = Debug|x64
		{4FAD200B-5209-3AFF-9996-4FF494FD06DE}.Debug|x64.Build.0 = Debug|x64
		{4FAD200B-5209-3AFF-9996-4FF494FD06DE}.Release|x64.ActiveCfg = Release|x64
		{4FAD200B-5209-3AFF-9996-4FF494FD06DE}.Release|x64.Build.0 = Release|x64
		{4FAD200B-5209-3AFF-9996-4FF494FD06DE}.MinSizeRel|x64.ActiveCfg = MinSizeRel|x64
		{4FAD200B-5209-3AFF-9996-4FF494FD06DE}.MinSizeRel|x64.Build.0 = MinSizeRel|x64
		{4FAD200B-5209-3AFF-9996-4FF494FD06DE}.RelWithDebInfo|x64.ActiveCfg = RelWithDebInfo|x64
		{4FAD200B-5209-3AFF-9996-4FF494FD06DE}.RelWithDebInfo|x64.Build.0 = RelWithDebInfo|x64
		{C079F82D-E561-3D21-8922-40F2F5095D96}.Debug|x64.ActiveCfg = Debug|x64
		{C079F82D-E561-3D21-8922-40F2F5095D96}.Debug|x64.Build.0 = Debug|x64
		{C079F82D-E561-3D21-8922-40F2F5095D96}.Release|x64.ActiveCfg = Release|x64
		{C079F82D-E561-3D21-8922-40F2F5095D96}.Release|x64.Build.0 = Release|x64
		{C079F82D-E561-3D21-8922-40F2F5095D96}.MinSizeRel|x64.ActiveCfg = MinSizeRel|x64
		{C079F82D-E561-3D21-8922-40F2F5095D96}.MinSizeRel|x64.Build.0 = MinSizeRel|x64
		{C079F82D-E561-3D21-8922-40F2F5095D96}.RelWithDebInfo|x64.ActiveCfg = RelWithDebInfo|x64
		{C079F82D-E561-3D21-8922-40F2F5095D96}.RelWithDebInfo|x64.Build.0 = RelWithDebInfo|x64
		{49F4EB76-C7FC-35C2-9BDD-73BCCD66BF84}.Debug|x64.ActiveCfg = Debug|x64
		{49F4EB76-C7FC-35C2-9BDD-73BCCD66BF84}.Debug|x64.Build.0 = Debug|x64
		{49F4EB76-C7FC-35C2-9BDD-73BCCD66BF84}.Release|x64.ActiveCfg = Release|x64
		{49F4EB76-C7FC-35C2-9BDD-73BCCD66BF84}.Release|x64.Build.0 = Release|x64
		{49F4EB76-C7FC-35C2-9BDD-73BCCD66BF84}.MinSizeRel|x64.ActiveCfg = MinSizeRel|x64
		{49F4EB76-C7FC-35C2-9BDD-73BCCD66BF84}.MinSizeRel|x64.Build.0 = MinSizeRel|x64
		{49F4EB76-C7FC-35C2-9BDD-73BCCD66BF84}.RelWithDebInfo|x64.ActiveCfg = RelWithDebInfo|x64
		{49F4EB76-C7FC-35C2-9BDD-73BCCD66BF84}.RelWithDebInfo|x64.Build.0 = RelWithDebInfo|x64
		{775C1C15-A48B-35B0-B3E5-4654966A2BCD}.Debug|x64.ActiveCfg = Debug|x64
		{775C1C15-A48B-35B0-B3E5-4654966A2BCD}.Debug|x64.Build.0 = Debug|x64
		{775C1C15-A48B-35B0-B3E5-4654966A2BCD}.Release|x64.ActiveCfg = Release|x64
		{775C1C15-A48B-35B0-B3E5-4654966A2BCD}.Release|x64.Build.0 = Release|x64
		{775C1C15-A48B-35B0-B3E5-4654966A2BCD}.MinSizeRel|x64.ActiveCfg = MinSizeRel|x64
		{775C1C15-A48B-35B0-B3E5-4654966A2BCD}.MinSizeRel|x64.Build.0 = MinSizeRel|x64
		{775C1C15-A48B-35B0-B3E5-4654966A2BCD}.RelWithDebInfo|x64.ActiveCfg = RelWithDebInfo|x64
		{775C1C15-A48B-35B0-B3E5-4654966A2BCD}.RelWithDebInfo|x64.Build.0 = RelWithDebInfo|x64
		{55E621A6-EC1E-3AF2-9DE9-18D93FD9EE34}.Debug|x64.ActiveCfg = Debug|x64
		{55E621A6-EC1E-3AF2-9DE9-18D93FD9EE34}.Debug|x64.Build.0 = Debug|x64
		{55E621A6-EC1E-3AF2-9DE9-18D93FD9EE34}.Release|x64.ActiveCfg = Release|x64
		{55E621A6-EC1E-3AF2-9DE9-18D93FD9EE34}.Release|x64.Build.0 = Release|x64
		{55E621A6-EC1E-3AF2-9DE9-18D93FD9EE34}.MinSizeRel|x64.ActiveCfg = MinSizeRel|x64
		{55E621A6-EC1E-3AF2-9DE9-18D93FD9EE34}.MinSizeRel|x64.Build.0 = MinSizeRel|x64
		{55E621A6-EC1E-3AF2-9DE9-18D93FD9EE34}.RelWithDebInfo|x64.ActiveCfg = RelWithDebInfo|x64
		{55E621A6-EC1E-3AF2-9DE9-18D93FD9EE34}.RelWithDebInfo|x64.Build.0 = RelWithDebInfo|x64
		{608A0277-AD93-3987-86C8-C406B9C80C11}.Debug|x64.ActiveCfg = Debug|x64
		{608A0277-AD93-3987-86C8-C406B9C80C11}.Debug|x64.Build.0 = Debug|x64
		{608A0277-AD93-3987-86C8-C406B9C80C11}.Release|x64.ActiveCfg = Release|x64
		{608A0277-AD93-3987-86C8-C406B9C80C11}.Release|x64.Build.0 = Release|x64
		{608A0277-AD93-3987-86C8-C406B9C80C11}.MinSizeRel|x64.ActiveCfg = MinSizeRel|x64
		{608A0277-AD93-3987-86C8-C406B9C80C11}.MinSizeRel|x64.Build.0 = MinSizeRel|x64
		{608A0277-AD93-3987-86C8-C406B9C80C11}.RelWithDebInfo|x64.ActiveCfg = RelWithDebInfo|x64
		{608A0277-AD93-3987-86C8-C406B9C80C11}.RelWithDebInfo|x64.Build.0 = RelWithDebInfo|x64
	EndGlobalSection
	GlobalSection(ExtensibilityGlobals) = postSolution
		SolutionGuid = {E5958EEB-F653-36FA-8261-B86D38D8709B}
	EndGlobalSection
	GlobalSection(ExtensibilityAddIns) = postSolution
	EndGlobalSection
EndGlobal
