<?xml version="1.0" encoding="utf-8"?>
<Project ToolsVersion="17.0" xmlns="http://schemas.microsoft.com/developer/msbuild/2003">
  <ItemGroup>
    <CustomBuild Include="D:\emhash\tests\build_bench\CMakeFiles\5f96398ac3b744eb39fe82175b9ea7dd\attack_test.rule">
      <Filter>CMake Rules</Filter>
    </CustomBuild>
    <CustomBuild Include="D:\emhash\tests\CMakeLists.txt" />
  </ItemGroup>
  <ItemGroup>
    <None Include="D:\emhash\tests\build_bench\CMakeFiles\attack_test" />
  </ItemGroup>
  <ItemGroup>
    <Filter Include="CMake Rules">
      <UniqueIdentifier>{BCD2C27A-20FE-3A8E-97C5-4B7CF0E1815E}</UniqueIdentifier>
    </Filter>
  </ItemGroup>
</Project>
