
Microsoft Visual Studio Solution File, Format Version 12.00
# Visual Studio Version 17
Project("{8BC9CEB8-8B4A-11D0-8D11-00A0C91BC942}") = "ALL_BUILD", "ALL_BUILD.vcxproj", "{9EAB2FF3-D040-3CF3-A7EB-2CA63BBDF363}"
	ProjectSection(ProjectDependencies) = postProject
		{436A41BC-9685-3C88-9AF2-C28C5E84E240} = {436A41BC-9685-3C88-9AF2-C28C5E84E240}
		{374AAF1D-F2FA-39FD-9C7F-4298EE870E9E} = {374AAF1D-F2FA-39FD-9C7F-4298EE870E9E}
		{1861C118-145A-36C3-B1EC-02BFE13CFACF} = {1861C118-145A-36C3-B1EC-02BFE13CFACF}
		{415F57E1-BDA2-3C35-93CD-5AA47BBFF3CB} = {415F57E1-BDA2-3C35-93CD-5AA47BBFF3CB}
		{AFA474DD-297E-3874-9414-F48DD00FE47E} = {AFA474DD-297E-3874-9414-F48DD00FE47E}
		{7BAFB4AC-C163-3D2B-AAD1-B56E3BCF1A41} = {7BAFB4AC-C163-3D2B-AAD1-B56E3BCF1A41}
		{6969E3B3-6C1D-3B46-9141-42B77000B236} = {6969E3B3-6C1D-3B46-9141-42B77000B236}
		{31DFEE3B-A128-3608-92B4-FF3A092EEDD2} = {31DFEE3B-A128-3608-92B4-FF3A092EEDD2}
		{CB332D54-824F-3071-9F1D-BDCBAC2EE436} = {CB332D54-824F-3071-9F1D-BDCBAC2EE436}
		{C4444E8D-2381-39EA-80AE-D78D1B766A9B} = {C4444E8D-2381-39EA-80AE-D78D1B766A9B}
		{B8B5FDF9-0FE4-3D52-BB1B-BA193A78D766} = {B8B5FDF9-0FE4-3D52-BB1B-BA193A78D766}
		{EC9D0DF1-40F5-3D01-9533-01166B45512C} = {EC9D0DF1-40F5-3D01-9533-01166B45512C}
		{FF973416-733E-36E2-A778-F656A2D3482A} = {FF973416-733E-36E2-A778-F656A2D3482A}
		{31B354CF-B506-3B48-A6F1-4CEC12E01403} = {31B354CF-B506-3B48-A6F1-4CEC12E01403}
		{44B88231-3265-3491-B54D-C67B706B0184} = {44B88231-3265-3491-B54D-C67B706B0184}
		{7AA9E1DC-013B-3460-9879-BDC94563BC77} = {7AA9E1DC-013B-3460-9879-BDC94563BC77}
		{60764FFA-1AAD-3390-9836-15C1D1E298A4} = {60764FFA-1AAD-3390-9836-15C1D1E298A4}
		{C052669A-CEEC-3B76-837F-F2DB6BA9D673} = {C052669A-CEEC-3B76-837F-F2DB6BA9D673}
		{B8C8A740-BD7F-32CE-AA54-EBA4508B3B15} = {B8C8A740-BD7F-32CE-AA54-EBA4508B3B15}
		{DFCBC3EF-BDD9-36B3-A161-435294322343} = {DFCBC3EF-BDD9-36B3-A161-435294322343}
		{AC3AF442-C0EA-3890-AC64-0BEEAD50B040} = {AC3AF442-C0EA-3890-AC64-0BEEAD50B040}
		{EF5BEA59-1B57-304D-A249-82CA33C81243} = {EF5BEA59-1B57-304D-A249-82CA33C81243}
		{C92C55BA-3CBE-3C7D-A98D-C7B23A8887AC} = {C92C55BA-3CBE-3C7D-A98D-C7B23A8887AC}
		{4DF305AE-DB55-31C0-8CB4-8BC35FD2B0AC} = {4DF305AE-DB55-31C0-8CB4-8BC35FD2B0AC}
		{1D68F711-D8B0-3CE6-9ABB-1F542CE4CC4C} = {1D68F711-D8B0-3CE6-9ABB-1F542CE4CC4C}
		{571D87B0-5B85-30A6-9033-3AE6B9387865} = {571D87B0-5B85-30A6-9033-3AE6B9387865}
		{BADD4D28-CC39-3D46-B420-5236BAF4E370} = {BADD4D28-CC39-3D46-B420-5236BAF4E370}
		{EDB2CF62-40E9-30F3-AF72-7EAA25D584B0} = {EDB2CF62-40E9-30F3-AF72-7EAA25D584B0}
		{BE3E4BE7-5F47-3F62-91FD-38CF7F8DA678} = {BE3E4BE7-5F47-3F62-91FD-38CF7F8DA678}
		{BF4907A2-17D9-3FFC-9DB8-6DCB377E9F02} = {BF4907A2-17D9-3FFC-9DB8-6DCB377E9F02}
		{66D5E7C3-AC13-31D2-BC87-C36ABE55779B} = {66D5E7C3-AC13-31D2-BC87-C36ABE55779B}
		{2B0BB005-EA55-3889-B504-1ECE42F47E57} = {2B0BB005-EA55-3889-B504-1ECE42F47E57}
		{A24532C5-A423-32E9-B712-9B41F18336BB} = {A24532C5-A423-32E9-B712-9B41F18336BB}
		{AC73D175-AB09-38FD-9707-31C11E90D771} = {AC73D175-AB09-38FD-9707-31C11E90D771}
		{1021DF9E-56B7-3AA3-B402-5BB0DB129E61} = {1021DF9E-56B7-3AA3-B402-5BB0DB129E61}
		{F657EC86-5BC5-3945-AB41-D1D5C0273AE2} = {F657EC86-5BC5-3945-AB41-D1D5C0273AE2}
		{87B832D2-AE5A-3F29-B0A6-4BADD2905516} = {87B832D2-AE5A-3F29-B0A6-4BADD2905516}
		{A259E4AE-C3AC-368D-AA0D-245D6B089513} = {A259E4AE-C3AC-368D-AA0D-245D6B089513}
		{F8045825-F80B-38EC-B987-94651F5BB3D4} = {F8045825-F80B-38EC-B987-94651F5BB3D4}
		{C6F95BFB-D75F-3AA7-B89F-71AB5AD2C47A} = {C6F95BFB-D75F-3AA7-B89F-71AB5AD2C47A}
		{CB78960E-9D6E-372F-8727-CDE1640914C4} = {CB78960E-9D6E-372F-8727-CDE1640914C4}
		{A233D04D-6E73-318A-A8FE-9BB1D3C19BBD} = {A233D04D-6E73-318A-A8FE-9BB1D3C19BBD}
		{9D00FF32-D0FE-33CC-8B08-74FDF8DB789B} = {9D00FF32-D0FE-33CC-8B08-74FDF8DB789B}
	EndProjectSection
EndProject
Project("{8BC9CEB8-8B4A-11D0-8D11-00A0C91BC942}") = "Continuous", "Continuous.vcxproj", "{27E30191-D967-3846-9790-5CB80B94783B}"
	ProjectSection(ProjectDependencies) = postProject
		{436A41BC-9685-3C88-9AF2-C28C5E84E240} = {436A41BC-9685-3C88-9AF2-C28C5E84E240}
	EndProjectSection
EndProject
Project("{8BC9CEB8-8B4A-11D0-8D11-00A0C91BC942}") = "Experimental", "Experimental.vcxproj", "{F8FEB4B3-67C5-391F-835A-7F79765A4BEB}"
	ProjectSection(ProjectDependencies) = postProject
		{436A41BC-9685-3C88-9AF2-C28C5E84E240} = {436A41BC-9685-3C88-9AF2-C28C5E84E240}
	EndProjectSection
EndProject
Project("{8BC9CEB8-8B4A-11D0-8D11-00A0C91BC942}") = "INSTALL", "INSTALL.vcxproj", "{31A73F8E-CFC9-306B-B56F-47A7BA1D97EC}"
	ProjectSection(ProjectDependencies) = postProject
		{9EAB2FF3-D040-3CF3-A7EB-2CA63BBDF363} = {9EAB2FF3-D040-3CF3-A7EB-2CA63BBDF363}
		{436A41BC-9685-3C88-9AF2-C28C5E84E240} = {436A41BC-9685-3C88-9AF2-C28C5E84E240}
	EndProjectSection
EndProject
Project("{8BC9CEB8-8B4A-11D0-8D11-00A0C91BC942}") = "Nightly", "Nightly.vcxproj", "{437C9388-3789-3EF3-8309-E23C6ACB1550}"
	ProjectSection(ProjectDependencies) = postProject
		{436A41BC-9685-3C88-9AF2-C28C5E84E240} = {436A41BC-9685-3C88-9AF2-C28C5E84E240}
	EndProjectSection
EndProject
Project("{8BC9CEB8-8B4A-11D0-8D11-00A0C91BC942}") = "NightlyMemoryCheck", "NightlyMemoryCheck.vcxproj", "{AB3BA8C0-41C6-3313-AC6F-05BBB38A872A}"
	ProjectSection(ProjectDependencies) = postProject
		{436A41BC-9685-3C88-9AF2-C28C5E84E240} = {436A41BC-9685-3C88-9AF2-C28C5E84E240}
	EndProjectSection
EndProject
Project("{8BC9CEB8-8B4A-11D0-8D11-00A0C91BC942}") = "RUN_TESTS", "RUN_TESTS.vcxproj", "{DCCAB39D-67E0-39DD-8256-4BE2272A5560}"
	ProjectSection(ProjectDependencies) = postProject
		{436A41BC-9685-3C88-9AF2-C28C5E84E240} = {436A41BC-9685-3C88-9AF2-C28C5E84E240}
	EndProjectSection
EndProject
Project("{8BC9CEB8-8B4A-11D0-8D11-00A0C91BC942}") = "ZERO_CHECK", "ZERO_CHECK.vcxproj", "{436A41BC-9685-3C88-9AF2-C28C5E84E240}"
	ProjectSection(ProjectDependencies) = postProject
	EndProjectSection
EndProject
Project("{8BC9CEB8-8B4A-11D0-8D11-00A0C91BC942}") = "all_tests", "all_tests.vcxproj", "{85C27D51-2C2A-3FD3-B6C3-9D67B48247F4}"
	ProjectSection(ProjectDependencies) = postProject
		{436A41BC-9685-3C88-9AF2-C28C5E84E240} = {436A41BC-9685-3C88-9AF2-C28C5E84E240}
		{44B88231-3265-3491-B54D-C67B706B0184} = {44B88231-3265-3491-B54D-C67B706B0184}
		{C052669A-CEEC-3B76-837F-F2DB6BA9D673} = {C052669A-CEEC-3B76-837F-F2DB6BA9D673}
		{CB78960E-9D6E-372F-8727-CDE1640914C4} = {CB78960E-9D6E-372F-8727-CDE1640914C4}
		{9D00FF32-D0FE-33CC-8B08-74FDF8DB789B} = {9D00FF32-D0FE-33CC-8B08-74FDF8DB789B}
	EndProjectSection
EndProject
Project("{8BC9CEB8-8B4A-11D0-8D11-00A0C91BC942}") = "attack_test", "attack_test.vcxproj", "{59E10711-2CAB-3E41-B1E1-8D8A8D53C214}"
	ProjectSection(ProjectDependencies) = postProject
		{436A41BC-9685-3C88-9AF2-C28C5E84E240} = {436A41BC-9685-3C88-9AF2-C28C5E84E240}
		{44B88231-3265-3491-B54D-C67B706B0184} = {44B88231-3265-3491-B54D-C67B706B0184}
	EndProjectSection
EndProject
Project("{8BC9CEB8-8B4A-11D0-8D11-00A0C91BC942}") = "bench", "bench.vcxproj", "{11330287-0C6C-3E75-9C37-751707BBD800}"
	ProjectSection(ProjectDependencies) = postProject
		{436A41BC-9685-3C88-9AF2-C28C5E84E240} = {436A41BC-9685-3C88-9AF2-C28C5E84E240}
		{AFA474DD-297E-3874-9414-F48DD00FE47E} = {AFA474DD-297E-3874-9414-F48DD00FE47E}
	EndProjectSection
EndProject
Project("{8BC9CEB8-8B4A-11D0-8D11-00A0C91BC942}") = "benchmark", "_deps\googlebench-build\src\benchmark.vcxproj", "{F15E729F-412C-3BEB-ABA1-B64799C8C122}"
	ProjectSection(ProjectDependencies) = postProject
		{436A41BC-9685-3C88-9AF2-C28C5E84E240} = {436A41BC-9685-3C88-9AF2-C28C5E84E240}
	EndProjectSection
EndProject
Project("{8BC9CEB8-8B4A-11D0-8D11-00A0C91BC942}") = "debug_chain", "debug_chain.vcxproj", "{374AAF1D-F2FA-39FD-9C7F-4298EE870E9E}"
	ProjectSection(ProjectDependencies) = postProject
		{436A41BC-9685-3C88-9AF2-C28C5E84E240} = {436A41BC-9685-3C88-9AF2-C28C5E84E240}
	EndProjectSection
EndProject
Project("{8BC9CEB8-8B4A-11D0-8D11-00A0C91BC942}") = "debug_set_erase", "debug_set_erase.vcxproj", "{1861C118-145A-36C3-B1EC-02BFE13CFACF}"
	ProjectSection(ProjectDependencies) = postProject
		{436A41BC-9685-3C88-9AF2-C28C5E84E240} = {436A41BC-9685-3C88-9AF2-C28C5E84E240}
	EndProjectSection
EndProject
Project("{8BC9CEB8-8B4A-11D0-8D11-00A0C91BC942}") = "edge_test", "edge_test.vcxproj", "{415F57E1-BDA2-3C35-93CD-5AA47BBFF3CB}"
	ProjectSection(ProjectDependencies) = postProject
		{436A41BC-9685-3C88-9AF2-C28C5E84E240} = {436A41BC-9685-3C88-9AF2-C28C5E84E240}
	EndProjectSection
EndProject
Project("{8BC9CEB8-8B4A-11D0-8D11-00A0C91BC942}") = "emhash_bench", "emhash_bench.vcxproj", "{AFA474DD-297E-3874-9414-F48DD00FE47E}"
	ProjectSection(ProjectDependencies) = postProject
		{436A41BC-9685-3C88-9AF2-C28C5E84E240} = {436A41BC-9685-3C88-9AF2-C28C5E84E240}
		{F15E729F-412C-3BEB-ABA1-B64799C8C122} = {F15E729F-412C-3BEB-ABA1-B64799C8C122}
	EndProjectSection
EndProject
Project("{8BC9CEB8-8B4A-11D0-8D11-00A0C91BC942}") = "emhash_test_help", "emhash_test_help.vcxproj", "{5FC87F60-964D-307D-A021-E216F1D89DA2}"
	ProjectSection(ProjectDependencies) = postProject
		{436A41BC-9685-3C88-9AF2-C28C5E84E240} = {436A41BC-9685-3C88-9AF2-C28C5E84E240}
	EndProjectSection
EndProject
Project("{8BC9CEB8-8B4A-11D0-8D11-00A0C91BC942}") = "fuzz_reproduce", "fuzz_reproduce.vcxproj", "{7BAFB4AC-C163-3D2B-AAD1-B56E3BCF1A41}"
	ProjectSection(ProjectDependencies) = postProject
		{436A41BC-9685-3C88-9AF2-C28C5E84E240} = {436A41BC-9685-3C88-9AF2-C28C5E84E240}
	EndProjectSection
EndProject
Project("{8BC9CEB8-8B4A-11D0-8D11-00A0C91BC942}") = "hash_attack5", "hash_attack5.vcxproj", "{6969E3B3-6C1D-3B46-9141-42B77000B236}"
	ProjectSection(ProjectDependencies) = postProject
		{436A41BC-9685-3C88-9AF2-C28C5E84E240} = {436A41BC-9685-3C88-9AF2-C28C5E84E240}
	EndProjectSection
EndProject
Project("{8BC9CEB8-8B4A-11D0-8D11-00A0C91BC942}") = "hash_attack7", "hash_attack7.vcxproj", "{31DFEE3B-A128-3608-92B4-FF3A092EEDD2}"
	ProjectSection(ProjectDependencies) = postProject
		{436A41BC-9685-3C88-9AF2-C28C5E84E240} = {436A41BC-9685-3C88-9AF2-C28C5E84E240}
	EndProjectSection
EndProject
Project("{8BC9CEB8-8B4A-11D0-8D11-00A0C91BC942}") = "highload_test", "highload_test.vcxproj", "{CB332D54-824F-3071-9F1D-BDCBAC2EE436}"
	ProjectSection(ProjectDependencies) = postProject
		{436A41BC-9685-3C88-9AF2-C28C5E84E240} = {436A41BC-9685-3C88-9AF2-C28C5E84E240}
	EndProjectSection
EndProject
Project("{8BC9CEB8-8B4A-11D0-8D11-00A0C91BC942}") = "min_repro", "min_repro.vcxproj", "{C4444E8D-2381-39EA-80AE-D78D1B766A9B}"
	ProjectSection(ProjectDependencies) = postProject
		{436A41BC-9685-3C88-9AF2-C28C5E84E240} = {436A41BC-9685-3C88-9AF2-C28C5E84E240}
	EndProjectSection
EndProject
Project("{8BC9CEB8-8B4A-11D0-8D11-00A0C91BC942}") = "quick_test", "quick_test.vcxproj", "{15FAF2C0-BE6D-3F93-B079-149289359664}"
	ProjectSection(ProjectDependencies) = postProject
		{436A41BC-9685-3C88-9AF2-C28C5E84E240} = {436A41BC-9685-3C88-9AF2-C28C5E84E240}
		{C052669A-CEEC-3B76-837F-F2DB6BA9D673} = {C052669A-CEEC-3B76-837F-F2DB6BA9D673}
		{9D00FF32-D0FE-33CC-8B08-74FDF8DB789B} = {9D00FF32-D0FE-33CC-8B08-74FDF8DB789B}
	EndProjectSection
EndProject
Project("{8BC9CEB8-8B4A-11D0-8D11-00A0C91BC942}") = "quick_test8", "quick_test8.vcxproj", "{B8B5FDF9-0FE4-3D52-BB1B-BA193A78D766}"
	ProjectSection(ProjectDependencies) = postProject
		{436A41BC-9685-3C88-9AF2-C28C5E84E240} = {436A41BC-9685-3C88-9AF2-C28C5E84E240}
	EndProjectSection
EndProject
Project("{8BC9CEB8-8B4A-11D0-8D11-00A0C91BC942}") = "reproduce_crash", "reproduce_crash.vcxproj", "{EC9D0DF1-40F5-3D01-9533-01166B45512C}"
	ProjectSection(ProjectDependencies) = postProject
		{436A41BC-9685-3C88-9AF2-C28C5E84E240} = {436A41BC-9685-3C88-9AF2-C28C5E84E240}
	EndProjectSection
EndProject
Project("{8BC9CEB8-8B4A-11D0-8D11-00A0C91BC942}") = "reproduce_emhash8_bug", "reproduce_emhash8_bug.vcxproj", "{FF973416-733E-36E2-A778-F656A2D3482A}"
	ProjectSection(ProjectDependencies) = postProject
		{436A41BC-9685-3C88-9AF2-C28C5E84E240} = {436A41BC-9685-3C88-9AF2-C28C5E84E240}
	EndProjectSection
EndProject
Project("{8BC9CEB8-8B4A-11D0-8D11-00A0C91BC942}") = "stress_fix", "stress_fix.vcxproj", "{31B354CF-B506-3B48-A6F1-4CEC12E01403}"
	ProjectSection(ProjectDependencies) = postProject
		{436A41BC-9685-3C88-9AF2-C28C5E84E240} = {436A41BC-9685-3C88-9AF2-C28C5E84E240}
	EndProjectSection
EndProject
Project("{8BC9CEB8-8B4A-11D0-8D11-00A0C91BC942}") = "stress_test", "stress_test.vcxproj", "{0F9CF4A7-42AE-37E7-B56F-3504B6C479F0}"
	ProjectSection(ProjectDependencies) = postProject
		{436A41BC-9685-3C88-9AF2-C28C5E84E240} = {436A41BC-9685-3C88-9AF2-C28C5E84E240}
		{CB332D54-824F-3071-9F1D-BDCBAC2EE436} = {CB332D54-824F-3071-9F1D-BDCBAC2EE436}
		{CB78960E-9D6E-372F-8727-CDE1640914C4} = {CB78960E-9D6E-372F-8727-CDE1640914C4}
	EndProjectSection
EndProject
Project("{8BC9CEB8-8B4A-11D0-8D11-00A0C91BC942}") = "test_attack", "test_attack.vcxproj", "{44B88231-3265-3491-B54D-C67B706B0184}"
	ProjectSection(ProjectDependencies) = postProject
		{436A41BC-9685-3C88-9AF2-C28C5E84E240} = {436A41BC-9685-3C88-9AF2-C28C5E84E240}
	EndProjectSection
EndProject
Project("{8BC9CEB8-8B4A-11D0-8D11-00A0C91BC942}") = "test_bad_hash_stress", "test_bad_hash_stress.vcxproj", "{7AA9E1DC-013B-3460-9879-BDC94563BC77}"
	ProjectSection(ProjectDependencies) = postProject
		{436A41BC-9685-3C88-9AF2-C28C5E84E240} = {436A41BC-9685-3C88-9AF2-C28C5E84E240}
	EndProjectSection
EndProject
Project("{8BC9CEB8-8B4A-11D0-8D11-00A0C91BC942}") = "test_collision_hardening", "test_collision_hardening.vcxproj", "{60764FFA-1AAD-3390-9836-15C1D1E298A4}"
	ProjectSection(ProjectDependencies) = postProject
		{436A41BC-9685-3C88-9AF2-C28C5E84E240} = {436A41BC-9685-3C88-9AF2-C28C5E84E240}
	EndProjectSection
EndProject
Project("{8BC9CEB8-8B4A-11D0-8D11-00A0C91BC942}") = "test_debug", "test_debug.vcxproj", "{C052669A-CEEC-3B76-837F-F2DB6BA9D673}"
	ProjectSection(ProjectDependencies) = postProject
		{436A41BC-9685-3C88-9AF2-C28C5E84E240} = {436A41BC-9685-3C88-9AF2-C28C5E84E240}
	EndProjectSection
EndProject
Project("{8BC9CEB8-8B4A-11D0-8D11-00A0C91BC942}") = "test_debug_find", "test_debug_find.vcxproj", "{B8C8A740-BD7F-32CE-AA54-EBA4508B3B15}"
	ProjectSection(ProjectDependencies) = postProject
		{436A41BC-9685-3C88-9AF2-C28C5E84E240} = {436A41BC-9685-3C88-9AF2-C28C5E84E240}
	EndProjectSection
EndProject
Project("{8BC9CEB8-8B4A-11D0-8D11-00A0C91BC942}") = "test_emhash58", "test_emhash58.vcxproj", "{DFCBC3EF-BDD9-36B3-A161-435294322343}"
	ProjectSection(ProjectDependencies) = postProject
		{436A41BC-9685-3C88-9AF2-C28C5E84E240} = {436A41BC-9685-3C88-9AF2-C28C5E84E240}
	EndProjectSection
EndProject
Project("{8BC9CEB8-8B4A-11D0-8D11-00A0C91BC942}") = "test_emhash5_hifi", "test_emhash5_hifi.vcxproj", "{AC3AF442-C0EA-3890-AC64-0BEEAD50B040}"
	ProjectSection(ProjectDependencies) = postProject
		{436A41BC-9685-3C88-9AF2-C28C5E84E240} = {436A41BC-9685-3C88-9AF2-C28C5E84E240}
	EndProjectSection
EndProject
Project("{8BC9CEB8-8B4A-11D0-8D11-00A0C91BC942}") = "test_emhash5_stress", "test_emhash5_stress.vcxproj", "{EF5BEA59-1B57-304D-A249-82CA33C81243}"
	ProjectSection(ProjectDependencies) = postProject
		{436A41BC-9685-3C88-9AF2-C28C5E84E240} = {436A41BC-9685-3C88-9AF2-C28C5E84E240}
	EndProjectSection
EndProject
Project("{8BC9CEB8-8B4A-11D0-8D11-00A0C91BC942}") = "test_emhash5_verify", "test_emhash5_verify.vcxproj", "{C92C55BA-3CBE-3C7D-A98D-C7B23A8887AC}"
	ProjectSection(ProjectDependencies) = postProject
		{436A41BC-9685-3C88-9AF2-C28C5E84E240} = {436A41BC-9685-3C88-9AF2-C28C5E84E240}
	EndProjectSection
EndProject
Project("{8BC9CEB8-8B4A-11D0-8D11-00A0C91BC942}") = "test_emhash_allocator", "test_emhash_allocator.vcxproj", "{4DF305AE-DB55-31C0-8CB4-8BC35FD2B0AC}"
	ProjectSection(ProjectDependencies) = postProject
		{436A41BC-9685-3C88-9AF2-C28C5E84E240} = {436A41BC-9685-3C88-9AF2-C28C5E84E240}
	EndProjectSection
EndProject
Project("{8BC9CEB8-8B4A-11D0-8D11-00A0C91BC942}") = "test_emilib_comprehensive", "test_emilib_comprehensive.vcxproj", "{1D68F711-D8B0-3CE6-9ABB-1F542CE4CC4C}"
	ProjectSection(ProjectDependencies) = postProject
		{436A41BC-9685-3C88-9AF2-C28C5E84E240} = {436A41BC-9685-3C88-9AF2-C28C5E84E240}
	EndProjectSection
EndProject
Project("{8BC9CEB8-8B4A-11D0-8D11-00A0C91BC942}") = "test_extreme", "test_extreme.vcxproj", "{571D87B0-5B85-30A6-9033-3AE6B9387865}"
	ProjectSection(ProjectDependencies) = postProject
		{436A41BC-9685-3C88-9AF2-C28C5E84E240} = {436A41BC-9685-3C88-9AF2-C28C5E84E240}
	EndProjectSection
EndProject
Project("{8BC9CEB8-8B4A-11D0-8D11-00A0C91BC942}") = "test_find_slot_bucket", "test_find_slot_bucket.vcxproj", "{BADD4D28-CC39-3D46-B420-5236BAF4E370}"
	ProjectSection(ProjectDependencies) = postProject
		{436A41BC-9685-3C88-9AF2-C28C5E84E240} = {436A41BC-9685-3C88-9AF2-C28C5E84E240}
	EndProjectSection
EndProject
Project("{8BC9CEB8-8B4A-11D0-8D11-00A0C91BC942}") = "test_functional_edge", "test_functional_edge.vcxproj", "{EDB2CF62-40E9-30F3-AF72-7EAA25D584B0}"
	ProjectSection(ProjectDependencies) = postProject
		{436A41BC-9685-3C88-9AF2-C28C5E84E240} = {436A41BC-9685-3C88-9AF2-C28C5E84E240}
	EndProjectSection
EndProject
Project("{8BC9CEB8-8B4A-11D0-8D11-00A0C91BC942}") = "test_hashmap_full_api", "test_hashmap_full_api.vcxproj", "{BE3E4BE7-5F47-3F62-91FD-38CF7F8DA678}"
	ProjectSection(ProjectDependencies) = postProject
		{436A41BC-9685-3C88-9AF2-C28C5E84E240} = {436A41BC-9685-3C88-9AF2-C28C5E84E240}
	EndProjectSection
EndProject
Project("{8BC9CEB8-8B4A-11D0-8D11-00A0C91BC942}") = "test_hashset_allocator", "test_hashset_allocator.vcxproj", "{BF4907A2-17D9-3FFC-9DB8-6DCB377E9F02}"
	ProjectSection(ProjectDependencies) = postProject
		{436A41BC-9685-3C88-9AF2-C28C5E84E240} = {436A41BC-9685-3C88-9AF2-C28C5E84E240}
	EndProjectSection
EndProject
Project("{8BC9CEB8-8B4A-11D0-8D11-00A0C91BC942}") = "test_hashset_full_api", "test_hashset_full_api.vcxproj", "{66D5E7C3-AC13-31D2-BC87-C36ABE55779B}"
	ProjectSection(ProjectDependencies) = postProject
		{436A41BC-9685-3C88-9AF2-C28C5E84E240} = {436A41BC-9685-3C88-9AF2-C28C5E84E240}
	EndProjectSection
EndProject
Project("{8BC9CEB8-8B4A-11D0-8D11-00A0C91BC942}") = "test_hidden_bugs8", "test_hidden_bugs8.vcxproj", "{2B0BB005-EA55-3889-B504-1ECE42F47E57}"
	ProjectSection(ProjectDependencies) = postProject
		{436A41BC-9685-3C88-9AF2-C28C5E84E240} = {436A41BC-9685-3C88-9AF2-C28C5E84E240}
	EndProjectSection
EndProject
Project("{8BC9CEB8-8B4A-11D0-8D11-00A0C91BC942}") = "test_interface_combo", "test_interface_combo.vcxproj", "{A24532C5-A423-32E9-B712-9B41F18336BB}"
	ProjectSection(ProjectDependencies) = postProject
		{436A41BC-9685-3C88-9AF2-C28C5E84E240} = {436A41BC-9685-3C88-9AF2-C28C5E84E240}
	EndProjectSection
EndProject
Project("{8BC9CEB8-8B4A-11D0-8D11-00A0C91BC942}") = "test_merge_correctness", "test_merge_correctness.vcxproj", "{AC73D175-AB09-38FD-9707-31C11E90D771}"
	ProjectSection(ProjectDependencies) = postProject
		{436A41BC-9685-3C88-9AF2-C28C5E84E240} = {436A41BC-9685-3C88-9AF2-C28C5E84E240}
	EndProjectSection
EndProject
Project("{8BC9CEB8-8B4A-11D0-8D11-00A0C91BC942}") = "test_probe_bug", "test_probe_bug.vcxproj", "{1021DF9E-56B7-3AA3-B402-5BB0DB129E61}"
	ProjectSection(ProjectDependencies) = postProject
		{436A41BC-9685-3C88-9AF2-C28C5E84E240} = {436A41BC-9685-3C88-9AF2-C28C5E84E240}
	EndProjectSection
EndProject
Project("{8BC9CEB8-8B4A-11D0-8D11-00A0C91BC942}") = "test_probe_coverage", "test_probe_coverage.vcxproj", "{F657EC86-5BC5-3945-AB41-D1D5C0273AE2}"
	ProjectSection(ProjectDependencies) = postProject
		{436A41BC-9685-3C88-9AF2-C28C5E84E240} = {436A41BC-9685-3C88-9AF2-C28C5E84E240}
	EndProjectSection
EndProject
Project("{8BC9CEB8-8B4A-11D0-8D11-00A0C91BC942}") = "test_repro_collision", "test_repro_collision.vcxproj", "{87B832D2-AE5A-3F29-B0A6-4BADD2905516}"
	ProjectSection(ProjectDependencies) = postProject
		{436A41BC-9685-3C88-9AF2-C28C5E84E240} = {436A41BC-9685-3C88-9AF2-C28C5E84E240}
	EndProjectSection
EndProject
Project("{8BC9CEB8-8B4A-11D0-8D11-00A0C91BC942}") = "test_sanitizer_aggregate", "test_sanitizer_aggregate.vcxproj", "{A259E4AE-C3AC-368D-AA0D-245D6B089513}"
	ProjectSection(ProjectDependencies) = postProject
		{436A41BC-9685-3C88-9AF2-C28C5E84E240} = {436A41BC-9685-3C88-9AF2-C28C5E84E240}
	EndProjectSection
EndProject
Project("{8BC9CEB8-8B4A-11D0-8D11-00A0C91BC942}") = "test_size_sweep", "test_size_sweep.vcxproj", "{F8045825-F80B-38EC-B987-94651F5BB3D4}"
	ProjectSection(ProjectDependencies) = postProject
		{436A41BC-9685-3C88-9AF2-C28C5E84E240} = {436A41BC-9685-3C88-9AF2-C28C5E84E240}
	EndProjectSection
EndProject
Project("{8BC9CEB8-8B4A-11D0-8D11-00A0C91BC942}") = "test_special_key_types", "test_special_key_types.vcxproj", "{C6F95BFB-D75F-3AA7-B89F-71AB5AD2C47A}"
	ProjectSection(ProjectDependencies) = postProject
		{436A41BC-9685-3C88-9AF2-C28C5E84E240} = {436A41BC-9685-3C88-9AF2-C28C5E84E240}
	EndProjectSection
EndProject
Project("{8BC9CEB8-8B4A-11D0-8D11-00A0C91BC942}") = "test_stress", "test_stress.vcxproj", "{CB78960E-9D6E-372F-8727-CDE1640914C4}"
	ProjectSection(ProjectDependencies) = postProject
		{436A41BC-9685-3C88-9AF2-C28C5E84E240} = {436A41BC-9685-3C88-9AF2-C28C5E84E240}
	EndProjectSection
EndProject
Project("{8BC9CEB8-8B4A-11D0-8D11-00A0C91BC942}") = "test_string_key_leak", "test_string_key_leak.vcxproj", "{A233D04D-6E73-318A-A8FE-9BB1D3C19BBD}"
	ProjectSection(ProjectDependencies) = postProject
		{436A41BC-9685-3C88-9AF2-C28C5E84E240} = {436A41BC-9685-3C88-9AF2-C28C5E84E240}
	EndProjectSection
EndProject
Project("{8BC9CEB8-8B4A-11D0-8D11-00A0C91BC942}") = "test_verify", "test_verify.vcxproj", "{9D00FF32-D0FE-33CC-8B08-74FDF8DB789B}"
	ProjectSection(ProjectDependencies) = postProject
		{436A41BC-9685-3C88-9AF2-C28C5E84E240} = {436A41BC-9685-3C88-9AF2-C28C5E84E240}
	EndProjectSection
EndProject
Global
	GlobalSection(SolutionConfigurationPlatforms) = preSolution
		Debug|x64 = Debug|x64
		Release|x64 = Release|x64
		MinSizeRel|x64 = MinSizeRel|x64
		RelWithDebInfo|x64 = RelWithDebInfo|x64
	EndGlobalSection
	GlobalSection(ProjectConfigurationPlatforms) = postSolution
		{9EAB2FF3-D040-3CF3-A7EB-2CA63BBDF363}.Debug|x64.ActiveCfg = Debug|x64
		{9EAB2FF3-D040-3CF3-A7EB-2CA63BBDF363}.Debug|x64.Build.0 = Debug|x64
		{9EAB2FF3-D040-3CF3-A7EB-2CA63BBDF363}.Release|x64.ActiveCfg = Release|x64
		{9EAB2FF3-D040-3CF3-A7EB-2CA63BBDF363}.Release|x64.Build.0 = Release|x64
		{9EAB2FF3-D040-3CF3-A7EB-2CA63BBDF363}.MinSizeRel|x64.ActiveCfg = MinSizeRel|x64
		{9EAB2FF3-D040-3CF3-A7EB-2CA63BBDF363}.MinSizeRel|x64.Build.0 = MinSizeRel|x64
		{9EAB2FF3-D040-3CF3-A7EB-2CA63BBDF363}.RelWithDebInfo|x64.ActiveCfg = RelWithDebInfo|x64
		{9EAB2FF3-D040-3CF3-A7EB-2CA63BBDF363}.RelWithDebInfo|x64.Build.0 = RelWithDebInfo|x64
		{27E30191-D967-3846-9790-5CB80B94783B}.Debug|x64.ActiveCfg = Debug|x64
		{27E30191-D967-3846-9790-5CB80B94783B}.Release|x64.ActiveCfg = Release|x64
		{27E30191-D967-3846-9790-5CB80B94783B}.MinSizeRel|x64.ActiveCfg = MinSizeRel|x64
		{27E30191-D967-3846-9790-5CB80B94783B}.RelWithDebInfo|x64.ActiveCfg = RelWithDebInfo|x64
		{F8FEB4B3-67C5-391F-835A-7F79765A4BEB}.Debug|x64.ActiveCfg = Debug|x64
		{F8FEB4B3-67C5-391F-835A-7F79765A4BEB}.Release|x64.ActiveCfg = Release|x64
		{F8FEB4B3-67C5-391F-835A-7F79765A4BEB}.MinSizeRel|x64.ActiveCfg = MinSizeRel|x64
		{F8FEB4B3-67C5-391F-835A-7F79765A4BEB}.RelWithDebInfo|x64.ActiveCfg = RelWithDebInfo|x64
		{31A73F8E-CFC9-306B-B56F-47A7BA1D97EC}.Debug|x64.ActiveCfg = Debug|x64
		{31A73F8E-CFC9-306B-B56F-47A7BA1D97EC}.Release|x64.ActiveCfg = Release|x64
		{31A73F8E-CFC9-306B-B56F-47A7BA1D97EC}.MinSizeRel|x64.ActiveCfg = MinSizeRel|x64
		{31A73F8E-CFC9-306B-B56F-47A7BA1D97EC}.RelWithDebInfo|x64.ActiveCfg = RelWithDebInfo|x64
		{437C9388-3789-3EF3-8309-E23C6ACB1550}.Debug|x64.ActiveCfg = Debug|x64
		{437C9388-3789-3EF3-8309-E23C6ACB1550}.Release|x64.ActiveCfg = Release|x64
		{437C9388-3789-3EF3-8309-E23C6ACB1550}.MinSizeRel|x64.ActiveCfg = MinSizeRel|x64
		{437C9388-3789-3EF3-8309-E23C6ACB1550}.RelWithDebInfo|x64.ActiveCfg = RelWithDebInfo|x64
		{AB3BA8C0-41C6-3313-AC6F-05BBB38A872A}.Debug|x64.ActiveCfg = Debug|x64
		{AB3BA8C0-41C6-3313-AC6F-05BBB38A872A}.Release|x64.ActiveCfg = Release|x64
		{AB3BA8C0-41C6-3313-AC6F-05BBB38A872A}.MinSizeRel|x64.ActiveCfg = MinSizeRel|x64
		{AB3BA8C0-41C6-3313-AC6F-05BBB38A872A}.RelWithDebInfo|x64.ActiveCfg = RelWithDebInfo|x64
		{DCCAB39D-67E0-39DD-8256-4BE2272A5560}.Debug|x64.ActiveCfg = Debug|x64
		{DCCAB39D-67E0-39DD-8256-4BE2272A5560}.Release|x64.ActiveCfg = Release|x64
		{DCCAB39D-67E0-39DD-8256-4BE2272A5560}.MinSizeRel|x64.ActiveCfg = MinSizeRel|x64
		{DCCAB39D-67E0-39DD-8256-4BE2272A5560}.RelWithDebInfo|x64.ActiveCfg = RelWithDebInfo|x64
		{436A41BC-9685-3C88-9AF2-C28C5E84E240}.Debug|x64.ActiveCfg = Debug|x64
		{436A41BC-9685-3C88-9AF2-C28C5E84E240}.Debug|x64.Build.0 = Debug|x64
		{436A41BC-9685-3C88-9AF2-C28C5E84E240}.Release|x64.ActiveCfg = Release|x64
		{436A41BC-9685-3C88-9AF2-C28C5E84E240}.Release|x64.Build.0 = Release|x64
		{436A41BC-9685-3C88-9AF2-C28C5E84E240}.MinSizeRel|x64.ActiveCfg = MinSizeRel|x64
		{436A41BC-9685-3C88-9AF2-C28C5E84E240}.MinSizeRel|x64.Build.0 = MinSizeRel|x64
		{436A41BC-9685-3C88-9AF2-C28C5E84E240}.RelWithDebInfo|x64.ActiveCfg = RelWithDebInfo|x64
		{436A41BC-9685-3C88-9AF2-C28C5E84E240}.RelWithDebInfo|x64.Build.0 = RelWithDebInfo|x64
		{85C27D51-2C2A-3FD3-B6C3-9D67B48247F4}.Debug|x64.ActiveCfg = Debug|x64
		{85C27D51-2C2A-3FD3-B6C3-9D67B48247F4}.Release|x64.ActiveCfg = Release|x64
		{85C27D51-2C2A-3FD3-B6C3-9D67B48247F4}.MinSizeRel|x64.ActiveCfg = MinSizeRel|x64
		{85C27D51-2C2A-3FD3-B6C3-9D67B48247F4}.RelWithDebInfo|x64.ActiveCfg = RelWithDebInfo|x64
		{59E10711-2CAB-3E41-B1E1-8D8A8D53C214}.Debug|x64.ActiveCfg = Debug|x64
		{59E10711-2CAB-3E41-B1E1-8D8A8D53C214}.Release|x64.ActiveCfg = Release|x64
		{59E10711-2CAB-3E41-B1E1-8D8A8D53C214}.MinSizeRel|x64.ActiveCfg = MinSizeRel|x64
		{59E10711-2CAB-3E41-B1E1-8D8A8D53C214}.RelWithDebInfo|x64.ActiveCfg = RelWithDebInfo|x64
		{11330287-0C6C-3E75-9C37-751707BBD800}.Debug|x64.ActiveCfg = Debug|x64
		{11330287-0C6C-3E75-9C37-751707BBD800}.Release|x64.ActiveCfg = Release|x64
		{11330287-0C6C-3E75-9C37-751707BBD800}.MinSizeRel|x64.ActiveCfg = MinSizeRel|x64
		{11330287-0C6C-3E75-9C37-751707BBD800}.RelWithDebInfo|x64.ActiveCfg = RelWithDebInfo|x64
		{F15E729F-412C-3BEB-ABA1-B64799C8C122}.Debug|x64.ActiveCfg = Debug|x64
		{F15E729F-412C-3BEB-ABA1-B64799C8C122}.Debug|x64.Build.0 = Debug|x64
		{F15E729F-412C-3BEB-ABA1-B64799C8C122}.Release|x64.ActiveCfg = Release|x64
		{F15E729F-412C-3BEB-ABA1-B64799C8C122}.Release|x64.Build.0 = Release|x64
		{F15E729F-412C-3BEB-ABA1-B64799C8C122}.MinSizeRel|x64.ActiveCfg = MinSizeRel|x64
		{F15E729F-412C-3BEB-ABA1-B64799C8C122}.MinSizeRel|x64.Build.0 = MinSizeRel|x64
		{F15E729F-412C-3BEB-ABA1-B64799C8C122}.RelWithDebInfo|x64.ActiveCfg = RelWithDebInfo|x64
		{F15E729F-412C-3BEB-ABA1-B64799C8C122}.RelWithDebInfo|x64.Build.0 = RelWithDebInfo|x64
		{374AAF1D-F2FA-39FD-9C7F-4298EE870E9E}.Debug|x64.ActiveCfg = Debug|x64
		{374AAF1D-F2FA-39FD-9C7F-4298EE870E9E}.Debug|x64.Build.0 = Debug|x64
		{374AAF1D-F2FA-39FD-9C7F-4298EE870E9E}.Release|x64.ActiveCfg = Release|x64
		{374AAF1D-F2FA-39FD-9C7F-4298EE870E9E}.Release|x64.Build.0 = Release|x64
		{374AAF1D-F2FA-39FD-9C7F-4298EE870E9E}.MinSizeRel|x64.ActiveCfg = MinSizeRel|x64
		{374AAF1D-F2FA-39FD-9C7F-4298EE870E9E}.MinSizeRel|x64.Build.0 = MinSizeRel|x64
		{374AAF1D-F2FA-39FD-9C7F-4298EE870E9E}.RelWithDebInfo|x64.ActiveCfg = RelWithDebInfo|x64
		{374AAF1D-F2FA-39FD-9C7F-4298EE870E9E}.RelWithDebInfo|x64.Build.0 = RelWithDebInfo|x64
		{1861C118-145A-36C3-B1EC-02BFE13CFACF}.Debug|x64.ActiveCfg = Debug|x64
		{1861C118-145A-36C3-B1EC-02BFE13CFACF}.Debug|x64.Build.0 = Debug|x64
		{1861C118-145A-36C3-B1EC-02BFE13CFACF}.Release|x64.ActiveCfg = Release|x64
		{1861C118-145A-36C3-B1EC-02BFE13CFACF}.Release|x64.Build.0 = Release|x64
		{1861C118-145A-36C3-B1EC-02BFE13CFACF}.MinSizeRel|x64.ActiveCfg = MinSizeRel|x64
		{1861C118-145A-36C3-B1EC-02BFE13CFACF}.MinSizeRel|x64.Build.0 = MinSizeRel|x64
		{1861C118-145A-36C3-B1EC-02BFE13CFACF}.RelWithDebInfo|x64.ActiveCfg = RelWithDebInfo|x64
		{1861C118-145A-36C3-B1EC-02BFE13CFACF}.RelWithDebInfo|x64.Build.0 = RelWithDebInfo|x64
		{415F57E1-BDA2-3C35-93CD-5AA47BBFF3CB}.Debug|x64.ActiveCfg = Debug|x64
		{415F57E1-BDA2-3C35-93CD-5AA47BBFF3CB}.Debug|x64.Build.0 = Debug|x64
		{415F57E1-BDA2-3C35-93CD-5AA47BBFF3CB}.Release|x64.ActiveCfg = Release|x64
		{415F57E1-BDA2-3C35-93CD-5AA47BBFF3CB}.Release|x64.Build.0 = Release|x64
		{415F57E1-BDA2-3C35-93CD-5AA47BBFF3CB}.MinSizeRel|x64.ActiveCfg = MinSizeRel|x64
		{415F57E1-BDA2-3C35-93CD-5AA47BBFF3CB}.MinSizeRel|x64.Build.0 = MinSizeRel|x64
		{415F57E1-BDA2-3C35-93CD-5AA47BBFF3CB}.RelWithDebInfo|x64.ActiveCfg = RelWithDebInfo|x64
		{415F57E1-BDA2-3C35-93CD-5AA47BBFF3CB}.RelWithDebInfo|x64.Build.0 = RelWithDebInfo|x64
		{AFA474DD-297E-3874-9414-F48DD00FE47E}.Debug|x64.ActiveCfg = Debug|x64
		{AFA474DD-297E-3874-9414-F48DD00FE47E}.Debug|x64.Build.0 = Debug|x64
		{AFA474DD-297E-3874-9414-F48DD00FE47E}.Release|x64.ActiveCfg = Release|x64
		{AFA474DD-297E-3874-9414-F48DD00FE47E}.Release|x64.Build.0 = Release|x64
		{AFA474DD-297E-3874-9414-F48DD00FE47E}.MinSizeRel|x64.ActiveCfg = MinSizeRel|x64
		{AFA474DD-297E-3874-9414-F48DD00FE47E}.MinSizeRel|x64.Build.0 = MinSizeRel|x64
		{AFA474DD-297E-3874-9414-F48DD00FE47E}.RelWithDebInfo|x64.ActiveCfg = RelWithDebInfo|x64
		{AFA474DD-297E-3874-9414-F48DD00FE47E}.RelWithDebInfo|x64.Build.0 = RelWithDebInfo|x64
		{5FC87F60-964D-307D-A021-E216F1D89DA2}.Debug|x64.ActiveCfg = Debug|x64
		{5FC87F60-964D-307D-A021-E216F1D89DA2}.Release|x64.ActiveCfg = Release|x64
		{5FC87F60-964D-307D-A021-E216F1D89DA2}.MinSizeRel|x64.ActiveCfg = MinSizeRel|x64
		{5FC87F60-964D-307D-A021-E216F1D89DA2}.RelWithDebInfo|x64.ActiveCfg = RelWithDebInfo|x64
		{7BAFB4AC-C163-3D2B-AAD1-B56E3BCF1A41}.Debug|x64.ActiveCfg = Debug|x64
		{7BAFB4AC-C163-3D2B-AAD1-B56E3BCF1A41}.Debug|x64.Build.0 = Debug|x64
		{7BAFB4AC-C163-3D2B-AAD1-B56E3BCF1A41}.Release|x64.ActiveCfg = Release|x64
		{7BAFB4AC-C163-3D2B-AAD1-B56E3BCF1A41}.Release|x64.Build.0 = Release|x64
		{7BAFB4AC-C163-3D2B-AAD1-B56E3BCF1A41}.MinSizeRel|x64.ActiveCfg = MinSizeRel|x64
		{7BAFB4AC-C163-3D2B-AAD1-B56E3BCF1A41}.MinSizeRel|x64.Build.0 = MinSizeRel|x64
		{7BAFB4AC-C163-3D2B-AAD1-B56E3BCF1A41}.RelWithDebInfo|x64.ActiveCfg = RelWithDebInfo|x64
		{7BAFB4AC-C163-3D2B-AAD1-B56E3BCF1A41}.RelWithDebInfo|x64.Build.0 = RelWithDebInfo|x64
		{6969E3B3-6C1D-3B46-9141-42B77000B236}.Debug|x64.ActiveCfg = Debug|x64
		{6969E3B3-6C1D-3B46-9141-42B77000B236}.Debug|x64.Build.0 = Debug|x64
		{6969E3B3-6C1D-3B46-9141-42B77000B236}.Release|x64.ActiveCfg = Release|x64
		{6969E3B3-6C1D-3B46-9141-42B77000B236}.Release|x64.Build.0 = Release|x64
		{6969E3B3-6C1D-3B46-9141-42B77000B236}.MinSizeRel|x64.ActiveCfg = MinSizeRel|x64
		{6969E3B3-6C1D-3B46-9141-42B77000B236}.MinSizeRel|x64.Build.0 = MinSizeRel|x64
		{6969E3B3-6C1D-3B46-9141-42B77000B236}.RelWithDebInfo|x64.ActiveCfg = RelWithDebInfo|x64
		{6969E3B3-6C1D-3B46-9141-42B77000B236}.RelWithDebInfo|x64.Build.0 = RelWithDebInfo|x64
		{31DFEE3B-A128-3608-92B4-FF3A092EEDD2}.Debug|x64.ActiveCfg = Debug|x64
		{31DFEE3B-A128-3608-92B4-FF3A092EEDD2}.Debug|x64.Build.0 = Debug|x64
		{31DFEE3B-A128-3608-92B4-FF3A092EEDD2}.Release|x64.ActiveCfg = Release|x64
		{31DFEE3B-A128-3608-92B4-FF3A092EEDD2}.Release|x64.Build.0 = Release|x64
		{31DFEE3B-A128-3608-92B4-FF3A092EEDD2}.MinSizeRel|x64.ActiveCfg = MinSizeRel|x64
		{31DFEE3B-A128-3608-92B4-FF3A092EEDD2}.MinSizeRel|x64.Build.0 = MinSizeRel|x64
		{31DFEE3B-A128-3608-92B4-FF3A092EEDD2}.RelWithDebInfo|x64.ActiveCfg = RelWithDebInfo|x64
		{31DFEE3B-A128-3608-92B4-FF3A092EEDD2}.RelWithDebInfo|x64.Build.0 = RelWithDebInfo|x64
		{CB332D54-824F-3071-9F1D-BDCBAC2EE436}.Debug|x64.ActiveCfg = Debug|x64
		{CB332D54-824F-3071-9F1D-BDCBAC2EE436}.Debug|x64.Build.0 = Debug|x64
		{CB332D54-824F-3071-9F1D-BDCBAC2EE436}.Release|x64.ActiveCfg = Release|x64
		{CB332D54-824F-3071-9F1D-BDCBAC2EE436}.Release|x64.Build.0 = Release|x64
		{CB332D54-824F-3071-9F1D-BDCBAC2EE436}.MinSizeRel|x64.ActiveCfg = MinSizeRel|x64
		{CB332D54-824F-3071-9F1D-BDCBAC2EE436}.MinSizeRel|x64.Build.0 = MinSizeRel|x64
		{CB332D54-824F-3071-9F1D-BDCBAC2EE436}.RelWithDebInfo|x64.ActiveCfg = RelWithDebInfo|x64
		{CB332D54-824F-3071-9F1D-BDCBAC2EE436}.RelWithDebInfo|x64.Build.0 = RelWithDebInfo|x64
		{C4444E8D-2381-39EA-80AE-D78D1B766A9B}.Debug|x64.ActiveCfg = Debug|x64
		{C4444E8D-2381-39EA-80AE-D78D1B766A9B}.Debug|x64.Build.0 = Debug|x64
		{C4444E8D-2381-39EA-80AE-D78D1B766A9B}.Release|x64.ActiveCfg = Release|x64
		{C4444E8D-2381-39EA-80AE-D78D1B766A9B}.Release|x64.Build.0 = Release|x64
		{C4444E8D-2381-39EA-80AE-D78D1B766A9B}.MinSizeRel|x64.ActiveCfg = MinSizeRel|x64
		{C4444E8D-2381-39EA-80AE-D78D1B766A9B}.MinSizeRel|x64.Build.0 = MinSizeRel|x64
		{C4444E8D-2381-39EA-80AE-D78D1B766A9B}.RelWithDebInfo|x64.ActiveCfg = RelWithDebInfo|x64
		{C4444E8D-2381-39EA-80AE-D78D1B766A9B}.RelWithDebInfo|x64.Build.0 = RelWithDebInfo|x64
		{15FAF2C0-BE6D-3F93-B079-149289359664}.Debug|x64.ActiveCfg = Debug|x64
		{15FAF2C0-BE6D-3F93-B079-149289359664}.Release|x64.ActiveCfg = Release|x64
		{15FAF2C0-BE6D-3F93-B079-149289359664}.MinSizeRel|x64.ActiveCfg = MinSizeRel|x64
		{15FAF2C0-BE6D-3F93-B079-149289359664}.RelWithDebInfo|x64.ActiveCfg = RelWithDebInfo|x64
		{B8B5FDF9-0FE4-3D52-BB1B-BA193A78D766}.Debug|x64.ActiveCfg = Debug|x64
		{B8B5FDF9-0FE4-3D52-BB1B-BA193A78D766}.Debug|x64.Build.0 = Debug|x64
		{B8B5FDF9-0FE4-3D52-BB1B-BA193A78D766}.Release|x64.ActiveCfg = Release|x64
		{B8B5FDF9-0FE4-3D52-BB1B-BA193A78D766}.Release|x64.Build.0 = Release|x64
		{B8B5FDF9-0FE4-3D52-BB1B-BA193A78D766}.MinSizeRel|x64.ActiveCfg = MinSizeRel|x64
		{B8B5FDF9-0FE4-3D52-BB1B-BA193A78D766}.MinSizeRel|x64.Build.0 = MinSizeRel|x64
		{B8B5FDF9-0FE4-3D52-BB1B-BA193A78D766}.RelWithDebInfo|x64.ActiveCfg = RelWithDebInfo|x64
		{B8B5FDF9-0FE4-3D52-BB1B-BA193A78D766}.RelWithDebInfo|x64.Build.0 = RelWithDebInfo|x64
		{EC9D0DF1-40F5-3D01-9533-01166B45512C}.Debug|x64.ActiveCfg = Debug|x64
		{EC9D0DF1-40F5-3D01-9533-01166B45512C}.Debug|x64.Build.0 = Debug|x64
		{EC9D0DF1-40F5-3D01-9533-01166B45512C}.Release|x64.ActiveCfg = Release|x64
		{EC9D0DF1-40F5-3D01-9533-01166B45512C}.Release|x64.Build.0 = Release|x64
		{EC9D0DF1-40F5-3D01-9533-01166B45512C}.MinSizeRel|x64.ActiveCfg = MinSizeRel|x64
		{EC9D0DF1-40F5-3D01-9533-01166B45512C}.MinSizeRel|x64.Build.0 = MinSizeRel|x64
		{EC9D0DF1-40F5-3D01-9533-01166B45512C}.RelWithDebInfo|x64.ActiveCfg = RelWithDebInfo|x64
		{EC9D0DF1-40F5-3D01-9533-01166B45512C}.RelWithDebInfo|x64.Build.0 = RelWithDebInfo|x64
		{FF973416-733E-36E2-A778-F656A2D3482A}.Debug|x64.ActiveCfg = Debug|x64
		{FF973416-733E-36E2-A778-F656A2D3482A}.Debug|x64.Build.0 = Debug|x64
		{FF973416-733E-36E2-A778-F656A2D3482A}.Release|x64.ActiveCfg = Release|x64
		{FF973416-733E-36E2-A778-F656A2D3482A}.Release|x64.Build.0 = Release|x64
		{FF973416-733E-36E2-A778-F656A2D3482A}.MinSizeRel|x64.ActiveCfg = MinSizeRel|x64
		{FF973416-733E-36E2-A778-F656A2D3482A}.MinSizeRel|x64.Build.0 = MinSizeRel|x64
		{FF973416-733E-36E2-A778-F656A2D3482A}.RelWithDebInfo|x64.ActiveCfg = RelWithDebInfo|x64
		{FF973416-733E-36E2-A778-F656A2D3482A}.RelWithDebInfo|x64.Build.0 = RelWithDebInfo|x64
		{31B354CF-B506-3B48-A6F1-4CEC12E01403}.Debug|x64.ActiveCfg = Debug|x64
		{31B354CF-B506-3B48-A6F1-4CEC12E01403}.Debug|x64.Build.0 = Debug|x64
		{31B354CF-B506-3B48-A6F1-4CEC12E01403}.Release|x64.ActiveCfg = Release|x64
		{31B354CF-B506-3B48-A6F1-4CEC12E01403}.Release|x64.Build.0 = Release|x64
		{31B354CF-B506-3B48-A6F1-4CEC12E01403}.MinSizeRel|x64.ActiveCfg = MinSizeRel|x64
		{31B354CF-B506-3B48-A6F1-4CEC12E01403}.MinSizeRel|x64.Build.0 = MinSizeRel|x64
		{31B354CF-B506-3B48-A6F1-4CEC12E01403}.RelWithDebInfo|x64.ActiveCfg = RelWithDebInfo|x64
		{31B354CF-B506-3B48-A6F1-4CEC12E01403}.RelWithDebInfo|x64.Build.0 = RelWithDebInfo|x64
		{0F9CF4A7-42AE-37E7-B56F-3504B6C479F0}.Debug|x64.ActiveCfg = Debug|x64
		{0F9CF4A7-42AE-37E7-B56F-3504B6C479F0}.Release|x64.ActiveCfg = Release|x64
		{0F9CF4A7-42AE-37E7-B56F-3504B6C479F0}.MinSizeRel|x64.ActiveCfg = MinSizeRel|x64
		{0F9CF4A7-42AE-37E7-B56F-3504B6C479F0}.RelWithDebInfo|x64.ActiveCfg = RelWithDebInfo|x64
		{44B88231-3265-3491-B54D-C67B706B0184}.Debug|x64.ActiveCfg = Debug|x64
		{44B88231-3265-3491-B54D-C67B706B0184}.Debug|x64.Build.0 = Debug|x64
		{44B88231-3265-3491-B54D-C67B706B0184}.Release|x64.ActiveCfg = Release|x64
		{44B88231-3265-3491-B54D-C67B706B0184}.Release|x64.Build.0 = Release|x64
		{44B88231-3265-3491-B54D-C67B706B0184}.MinSizeRel|x64.ActiveCfg = MinSizeRel|x64
		{44B88231-3265-3491-B54D-C67B706B0184}.MinSizeRel|x64.Build.0 = MinSizeRel|x64
		{44B88231-3265-3491-B54D-C67B706B0184}.RelWithDebInfo|x64.ActiveCfg = RelWithDebInfo|x64
		{44B88231-3265-3491-B54D-C67B706B0184}.RelWithDebInfo|x64.Build.0 = RelWithDebInfo|x64
		{7AA9E1DC-013B-3460-9879-BDC94563BC77}.Debug|x64.ActiveCfg = Debug|x64
		{7AA9E1DC-013B-3460-9879-BDC94563BC77}.Debug|x64.Build.0 = Debug|x64
		{7AA9E1DC-013B-3460-9879-BDC94563BC77}.Release|x64.ActiveCfg = Release|x64
		{7AA9E1DC-013B-3460-9879-BDC94563BC77}.Release|x64.Build.0 = Release|x64
		{7AA9E1DC-013B-3460-9879-BDC94563BC77}.MinSizeRel|x64.ActiveCfg = MinSizeRel|x64
		{7AA9E1DC-013B-3460-9879-BDC94563BC77}.MinSizeRel|x64.Build.0 = MinSizeRel|x64
		{7AA9E1DC-013B-3460-9879-BDC94563BC77}.RelWithDebInfo|x64.ActiveCfg = RelWithDebInfo|x64
		{7AA9E1DC-013B-3460-9879-BDC94563BC77}.RelWithDebInfo|x64.Build.0 = RelWithDebInfo|x64
		{60764FFA-1AAD-3390-9836-15C1D1E298A4}.Debug|x64.ActiveCfg = Debug|x64
		{60764FFA-1AAD-3390-9836-15C1D1E298A4}.Debug|x64.Build.0 = Debug|x64
		{60764FFA-1AAD-3390-9836-15C1D1E298A4}.Release|x64.ActiveCfg = Release|x64
		{60764FFA-1AAD-3390-9836-15C1D1E298A4}.Release|x64.Build.0 = Release|x64
		{60764FFA-1AAD-3390-9836-15C1D1E298A4}.MinSizeRel|x64.ActiveCfg = MinSizeRel|x64
		{60764FFA-1AAD-3390-9836-15C1D1E298A4}.MinSizeRel|x64.Build.0 = MinSizeRel|x64
		{60764FFA-1AAD-3390-9836-15C1D1E298A4}.RelWithDebInfo|x64.ActiveCfg = RelWithDebInfo|x64
		{60764FFA-1AAD-3390-9836-15C1D1E298A4}.RelWithDebInfo|x64.Build.0 = RelWithDebInfo|x64
		{C052669A-CEEC-3B76-837F-F2DB6BA9D673}.Debug|x64.ActiveCfg = Debug|x64
		{C052669A-CEEC-3B76-837F-F2DB6BA9D673}.Debug|x64.Build.0 = Debug|x64
		{C052669A-CEEC-3B76-837F-F2DB6BA9D673}.Release|x64.ActiveCfg = Release|x64
		{C052669A-CEEC-3B76-837F-F2DB6BA9D673}.Release|x64.Build.0 = Release|x64
		{C052669A-CEEC-3B76-837F-F2DB6BA9D673}.MinSizeRel|x64.ActiveCfg = MinSizeRel|x64
		{C052669A-CEEC-3B76-837F-F2DB6BA9D673}.MinSizeRel|x64.Build.0 = MinSizeRel|x64
		{C052669A-CEEC-3B76-837F-F2DB6BA9D673}.RelWithDebInfo|x64.ActiveCfg = RelWithDebInfo|x64
		{C052669A-CEEC-3B76-837F-F2DB6BA9D673}.RelWithDebInfo|x64.Build.0 = RelWithDebInfo|x64
		{B8C8A740-BD7F-32CE-AA54-EBA4508B3B15}.Debug|x64.ActiveCfg = Debug|x64
		{B8C8A740-BD7F-32CE-AA54-EBA4508B3B15}.Debug|x64.Build.0 = Debug|x64
		{B8C8A740-BD7F-32CE-AA54-EBA4508B3B15}.Release|x64.ActiveCfg = Release|x64
		{B8C8A740-BD7F-32CE-AA54-EBA4508B3B15}.Release|x64.Build.0 = Release|x64
		{B8C8A740-BD7F-32CE-AA54-EBA4508B3B15}.MinSizeRel|x64.ActiveCfg = MinSizeRel|x64
		{B8C8A740-BD7F-32CE-AA54-EBA4508B3B15}.MinSizeRel|x64.Build.0 = MinSizeRel|x64
		{B8C8A740-BD7F-32CE-AA54-EBA4508B3B15}.RelWithDebInfo|x64.ActiveCfg = RelWithDebInfo|x64
		{B8C8A740-BD7F-32CE-AA54-EBA4508B3B15}.RelWithDebInfo|x64.Build.0 = RelWithDebInfo|x64
		{DFCBC3EF-BDD9-36B3-A161-435294322343}.Debug|x64.ActiveCfg = Debug|x64
		{DFCBC3EF-BDD9-36B3-A161-435294322343}.Debug|x64.Build.0 = Debug|x64
		{DFCBC3EF-BDD9-36B3-A161-435294322343}.Release|x64.ActiveCfg = Release|x64
		{DFCBC3EF-BDD9-36B3-A161-435294322343}.Release|x64.Build.0 = Release|x64
		{DFCBC3EF-BDD9-36B3-A161-435294322343}.MinSizeRel|x64.ActiveCfg = MinSizeRel|x64
		{DFCBC3EF-BDD9-36B3-A161-435294322343}.MinSizeRel|x64.Build.0 = MinSizeRel|x64
		{DFCBC3EF-BDD9-36B3-A161-435294322343}.RelWithDebInfo|x64.ActiveCfg = RelWithDebInfo|x64
		{DFCBC3EF-BDD9-36B3-A161-435294322343}.RelWithDebInfo|x64.Build.0 = RelWithDebInfo|x64
		{AC3AF442-C0EA-3890-AC64-0BEEAD50B040}.Debug|x64.ActiveCfg = Debug|x64
		{AC3AF442-C0EA-3890-AC64-0BEEAD50B040}.Debug|x64.Build.0 = Debug|x64
		{AC3AF442-C0EA-3890-AC64-0BEEAD50B040}.Release|x64.ActiveCfg = Release|x64
		{AC3AF442-C0EA-3890-AC64-0BEEAD50B040}.Release|x64.Build.0 = Release|x64
		{AC3AF442-C0EA-3890-AC64-0BEEAD50B040}.MinSizeRel|x64.ActiveCfg = MinSizeRel|x64
		{AC3AF442-C0EA-3890-AC64-0BEEAD50B040}.MinSizeRel|x64.Build.0 = MinSizeRel|x64
		{AC3AF442-C0EA-3890-AC64-0BEEAD50B040}.RelWithDebInfo|x64.ActiveCfg = RelWithDebInfo|x64
		{AC3AF442-C0EA-3890-AC64-0BEEAD50B040}.RelWithDebInfo|x64.Build.0 = RelWithDebInfo|x64
		{EF5BEA59-1B57-304D-A249-82CA33C81243}.Debug|x64.ActiveCfg = Debug|x64
		{EF5BEA59-1B57-304D-A249-82CA33C81243}.Debug|x64.Build.0 = Debug|x64
		{EF5BEA59-1B57-304D-A249-82CA33C81243}.Release|x64.ActiveCfg = Release|x64
		{EF5BEA59-1B57-304D-A249-82CA33C81243}.Release|x64.Build.0 = Release|x64
		{EF5BEA59-1B57-304D-A249-82CA33C81243}.MinSizeRel|x64.ActiveCfg = MinSizeRel|x64
		{EF5BEA59-1B57-304D-A249-82CA33C81243}.MinSizeRel|x64.Build.0 = MinSizeRel|x64
		{EF5BEA59-1B57-304D-A249-82CA33C81243}.RelWithDebInfo|x64.ActiveCfg = RelWithDebInfo|x64
		{EF5BEA59-1B57-304D-A249-82CA33C81243}.RelWithDebInfo|x64.Build.0 = RelWithDebInfo|x64
		{C92C55BA-3CBE-3C7D-A98D-C7B23A8887AC}.Debug|x64.ActiveCfg = Debug|x64
		{C92C55BA-3CBE-3C7D-A98D-C7B23A8887AC}.Debug|x64.Build.0 = Debug|x64
		{C92C55BA-3CBE-3C7D-A98D-C7B23A8887AC}.Release|x64.ActiveCfg = Release|x64
		{C92C55BA-3CBE-3C7D-A98D-C7B23A8887AC}.Release|x64.Build.0 = Release|x64
		{C92C55BA-3CBE-3C7D-A98D-C7B23A8887AC}.MinSizeRel|x64.ActiveCfg = MinSizeRel|x64
		{C92C55BA-3CBE-3C7D-A98D-C7B23A8887AC}.MinSizeRel|x64.Build.0 = MinSizeRel|x64
		{C92C55BA-3CBE-3C7D-A98D-C7B23A8887AC}.RelWithDebInfo|x64.ActiveCfg = RelWithDebInfo|x64
		{C92C55BA-3CBE-3C7D-A98D-C7B23A8887AC}.RelWithDebInfo|x64.Build.0 = RelWithDebInfo|x64
		{4DF305AE-DB55-31C0-8CB4-8BC35FD2B0AC}.Debug|x64.ActiveCfg = Debug|x64
		{4DF305AE-DB55-31C0-8CB4-8BC35FD2B0AC}.Debug|x64.Build.0 = Debug|x64
		{4DF305AE-DB55-31C0-8CB4-8BC35FD2B0AC}.Release|x64.ActiveCfg = Release|x64
		{4DF305AE-DB55-31C0-8CB4-8BC35FD2B0AC}.Release|x64.Build.0 = Release|x64
		{4DF305AE-DB55-31C0-8CB4-8BC35FD2B0AC}.MinSizeRel|x64.ActiveCfg = MinSizeRel|x64
		{4DF305AE-DB55-31C0-8CB4-8BC35FD2B0AC}.MinSizeRel|x64.Build.0 = MinSizeRel|x64
		{4DF305AE-DB55-31C0-8CB4-8BC35FD2B0AC}.RelWithDebInfo|x64.ActiveCfg = RelWithDebInfo|x64
		{4DF305AE-DB55-31C0-8CB4-8BC35FD2B0AC}.RelWithDebInfo|x64.Build.0 = RelWithDebInfo|x64
		{1D68F711-D8B0-3CE6-9ABB-1F542CE4CC4C}.Debug|x64.ActiveCfg = Debug|x64
		{1D68F711-D8B0-3CE6-9ABB-1F542CE4CC4C}.Debug|x64.Build.0 = Debug|x64
		{1D68F711-D8B0-3CE6-9ABB-1F542CE4CC4C}.Release|x64.ActiveCfg = Release|x64
		{1D68F711-D8B0-3CE6-9ABB-1F542CE4CC4C}.Release|x64.Build.0 = Release|x64
		{1D68F711-D8B0-3CE6-9ABB-1F542CE4CC4C}.MinSizeRel|x64.ActiveCfg = MinSizeRel|x64
		{1D68F711-D8B0-3CE6-9ABB-1F542CE4CC4C}.MinSizeRel|x64.Build.0 = MinSizeRel|x64
		{1D68F711-D8B0-3CE6-9ABB-1F542CE4CC4C}.RelWithDebInfo|x64.ActiveCfg = RelWithDebInfo|x64
		{1D68F711-D8B0-3CE6-9ABB-1F542CE4CC4C}.RelWithDebInfo|x64.Build.0 = RelWithDebInfo|x64
		{571D87B0-5B85-30A6-9033-3AE6B9387865}.Debug|x64.ActiveCfg = Debug|x64
		{571D87B0-5B85-30A6-9033-3AE6B9387865}.Debug|x64.Build.0 = Debug|x64
		{571D87B0-5B85-30A6-9033-3AE6B9387865}.Release|x64.ActiveCfg = Release|x64
		{571D87B0-5B85-30A6-9033-3AE6B9387865}.Release|x64.Build.0 = Release|x64
		{571D87B0-5B85-30A6-9033-3AE6B9387865}.MinSizeRel|x64.ActiveCfg = MinSizeRel|x64
		{571D87B0-5B85-30A6-9033-3AE6B9387865}.MinSizeRel|x64.Build.0 = MinSizeRel|x64
		{571D87B0-5B85-30A6-9033-3AE6B9387865}.RelWithDebInfo|x64.ActiveCfg = RelWithDebInfo|x64
		{571D87B0-5B85-30A6-9033-3AE6B9387865}.RelWithDebInfo|x64.Build.0 = RelWithDebInfo|x64
		{BADD4D28-CC39-3D46-B420-5236BAF4E370}.Debug|x64.ActiveCfg = Debug|x64
		{BADD4D28-CC39-3D46-B420-5236BAF4E370}.Debug|x64.Build.0 = Debug|x64
		{BADD4D28-CC39-3D46-B420-5236BAF4E370}.Release|x64.ActiveCfg = Release|x64
		{BADD4D28-CC39-3D46-B420-5236BAF4E370}.Release|x64.Build.0 = Release|x64
		{BADD4D28-CC39-3D46-B420-5236BAF4E370}.MinSizeRel|x64.ActiveCfg = MinSizeRel|x64
		{BADD4D28-CC39-3D46-B420-5236BAF4E370}.MinSizeRel|x64.Build.0 = MinSizeRel|x64
		{BADD4D28-CC39-3D46-B420-5236BAF4E370}.RelWithDebInfo|x64.ActiveCfg = RelWithDebInfo|x64
		{BADD4D28-CC39-3D46-B420-5236BAF4E370}.RelWithDebInfo|x64.Build.0 = RelWithDebInfo|x64
		{EDB2CF62-40E9-30F3-AF72-7EAA25D584B0}.Debug|x64.ActiveCfg = Debug|x64
		{EDB2CF62-40E9-30F3-AF72-7EAA25D584B0}.Debug|x64.Build.0 = Debug|x64
		{EDB2CF62-40E9-30F3-AF72-7EAA25D584B0}.Release|x64.ActiveCfg = Release|x64
		{EDB2CF62-40E9-30F3-AF72-7EAA25D584B0}.Release|x64.Build.0 = Release|x64
		{EDB2CF62-40E9-30F3-AF72-7EAA25D584B0}.MinSizeRel|x64.ActiveCfg = MinSizeRel|x64
		{EDB2CF62-40E9-30F3-AF72-7EAA25D584B0}.MinSizeRel|x64.Build.0 = MinSizeRel|x64
		{EDB2CF62-40E9-30F3-AF72-7EAA25D584B0}.RelWithDebInfo|x64.ActiveCfg = RelWithDebInfo|x64
		{EDB2CF62-40E9-30F3-AF72-7EAA25D584B0}.RelWithDebInfo|x64.Build.0 = RelWithDebInfo|x64
		{BE3E4BE7-5F47-3F62-91FD-38CF7F8DA678}.Debug|x64.ActiveCfg = Debug|x64
		{BE3E4BE7-5F47-3F62-91FD-38CF7F8DA678}.Debug|x64.Build.0 = Debug|x64
		{BE3E4BE7-5F47-3F62-91FD-38CF7F8DA678}.Release|x64.ActiveCfg = Release|x64
		{BE3E4BE7-5F47-3F62-91FD-38CF7F8DA678}.Release|x64.Build.0 = Release|x64
		{BE3E4BE7-5F47-3F62-91FD-38CF7F8DA678}.MinSizeRel|x64.ActiveCfg = MinSizeRel|x64
		{BE3E4BE7-5F47-3F62-91FD-38CF7F8DA678}.MinSizeRel|x64.Build.0 = MinSizeRel|x64
		{BE3E4BE7-5F47-3F62-91FD-38CF7F8DA678}.RelWithDebInfo|x64.ActiveCfg = RelWithDebInfo|x64
		{BE3E4BE7-5F47-3F62-91FD-38CF7F8DA678}.RelWithDebInfo|x64.Build.0 = RelWithDebInfo|x64
		{BF4907A2-17D9-3FFC-9DB8-6DCB377E9F02}.Debug|x64.ActiveCfg = Debug|x64
		{BF4907A2-17D9-3FFC-9DB8-6DCB377E9F02}.Debug|x64.Build.0 = Debug|x64
		{BF4907A2-17D9-3FFC-9DB8-6DCB377E9F02}.Release|x64.ActiveCfg = Release|x64
		{BF4907A2-17D9-3FFC-9DB8-6DCB377E9F02}.Release|x64.Build.0 = Release|x64
		{BF4907A2-17D9-3FFC-9DB8-6DCB377E9F02}.MinSizeRel|x64.ActiveCfg = MinSizeRel|x64
		{BF4907A2-17D9-3FFC-9DB8-6DCB377E9F02}.MinSizeRel|x64.Build.0 = MinSizeRel|x64
		{BF4907A2-17D9-3FFC-9DB8-6DCB377E9F02}.RelWithDebInfo|x64.ActiveCfg = RelWithDebInfo|x64
		{BF4907A2-17D9-3FFC-9DB8-6DCB377E9F02}.RelWithDebInfo|x64.Build.0 = RelWithDebInfo|x64
		{66D5E7C3-AC13-31D2-BC87-C36ABE55779B}.Debug|x64.ActiveCfg = Debug|x64
		{66D5E7C3-AC13-31D2-BC87-C36ABE55779B}.Debug|x64.Build.0 = Debug|x64
		{66D5E7C3-AC13-31D2-BC87-C36ABE55779B}.Release|x64.ActiveCfg = Release|x64
		{66D5E7C3-AC13-31D2-BC87-C36ABE55779B}.Release|x64.Build.0 = Release|x64
		{66D5E7C3-AC13-31D2-BC87-C36ABE55779B}.MinSizeRel|x64.ActiveCfg = MinSizeRel|x64
		{66D5E7C3-AC13-31D2-BC87-C36ABE55779B}.MinSizeRel|x64.Build.0 = MinSizeRel|x64
		{66D5E7C3-AC13-31D2-BC87-C36ABE55779B}.RelWithDebInfo|x64.ActiveCfg = RelWithDebInfo|x64
		{66D5E7C3-AC13-31D2-BC87-C36ABE55779B}.RelWithDebInfo|x64.Build.0 = RelWithDebInfo|x64
		{2B0BB005-EA55-3889-B504-1ECE42F47E57}.Debug|x64.ActiveCfg = Debug|x64
		{2B0BB005-EA55-3889-B504-1ECE42F47E57}.Debug|x64.Build.0 = Debug|x64
		{2B0BB005-EA55-3889-B504-1ECE42F47E57}.Release|x64.ActiveCfg = Release|x64
		{2B0BB005-EA55-3889-B504-1ECE42F47E57}.Release|x64.Build.0 = Release|x64
		{2B0BB005-EA55-3889-B504-1ECE42F47E57}.MinSizeRel|x64.ActiveCfg = MinSizeRel|x64
		{2B0BB005-EA55-3889-B504-1ECE42F47E57}.MinSizeRel|x64.Build.0 = MinSizeRel|x64
		{2B0BB005-EA55-3889-B504-1ECE42F47E57}.RelWithDebInfo|x64.ActiveCfg = RelWithDebInfo|x64
		{2B0BB005-EA55-3889-B504-1ECE42F47E57}.RelWithDebInfo|x64.Build.0 = RelWithDebInfo|x64
		{A24532C5-A423-32E9-B712-9B41F18336BB}.Debug|x64.ActiveCfg = Debug|x64
		{A24532C5-A423-32E9-B712-9B41F18336BB}.Debug|x64.Build.0 = Debug|x64
		{A24532C5-A423-32E9-B712-9B41F18336BB}.Release|x64.ActiveCfg = Release|x64
		{A24532C5-A423-32E9-B712-9B41F18336BB}.Release|x64.Build.0 = Release|x64
		{A24532C5-A423-32E9-B712-9B41F18336BB}.MinSizeRel|x64.ActiveCfg = MinSizeRel|x64
		{A24532C5-A423-32E9-B712-9B41F18336BB}.MinSizeRel|x64.Build.0 = MinSizeRel|x64
		{A24532C5-A423-32E9-B712-9B41F18336BB}.RelWithDebInfo|x64.ActiveCfg = RelWithDebInfo|x64
		{A24532C5-A423-32E9-B712-9B41F18336BB}.RelWithDebInfo|x64.Build.0 = RelWithDebInfo|x64
		{AC73D175-AB09-38FD-9707-31C11E90D771}.Debug|x64.ActiveCfg = Debug|x64
		{AC73D175-AB09-38FD-9707-31C11E90D771}.Debug|x64.Build.0 = Debug|x64
		{AC73D175-AB09-38FD-9707-31C11E90D771}.Release|x64.ActiveCfg = Release|x64
		{AC73D175-AB09-38FD-9707-31C11E90D771}.Release|x64.Build.0 = Release|x64
		{AC73D175-AB09-38FD-9707-31C11E90D771}.MinSizeRel|x64.ActiveCfg = MinSizeRel|x64
		{AC73D175-AB09-38FD-9707-31C11E90D771}.MinSizeRel|x64.Build.0 = MinSizeRel|x64
		{AC73D175-AB09-38FD-9707-31C11E90D771}.RelWithDebInfo|x64.ActiveCfg = RelWithDebInfo|x64
		{AC73D175-AB09-38FD-9707-31C11E90D771}.RelWithDebInfo|x64.Build.0 = RelWithDebInfo|x64
		{1021DF9E-56B7-3AA3-B402-5BB0DB129E61}.Debug|x64.ActiveCfg = Debug|x64
		{1021DF9E-56B7-3AA3-B402-5BB0DB129E61}.Debug|x64.Build.0 = Debug|x64
		{1021DF9E-56B7-3AA3-B402-5BB0DB129E61}.Release|x64.ActiveCfg = Release|x64
		{1021DF9E-56B7-3AA3-B402-5BB0DB129E61}.Release|x64.Build.0 = Release|x64
		{1021DF9E-56B7-3AA3-B402-5BB0DB129E61}.MinSizeRel|x64.ActiveCfg = MinSizeRel|x64
		{1021DF9E-56B7-3AA3-B402-5BB0DB129E61}.MinSizeRel|x64.Build.0 = MinSizeRel|x64
		{1021DF9E-56B7-3AA3-B402-5BB0DB129E61}.RelWithDebInfo|x64.ActiveCfg = RelWithDebInfo|x64
		{1021DF9E-56B7-3AA3-B402-5BB0DB129E61}.RelWithDebInfo|x64.Build.0 = RelWithDebInfo|x64
		{F657EC86-5BC5-3945-AB41-D1D5C0273AE2}.Debug|x64.ActiveCfg = Debug|x64
		{F657EC86-5BC5-3945-AB41-D1D5C0273AE2}.Debug|x64.Build.0 = Debug|x64
		{F657EC86-5BC5-3945-AB41-D1D5C0273AE2}.Release|x64.ActiveCfg = Release|x64
		{F657EC86-5BC5-3945-AB41-D1D5C0273AE2}.Release|x64.Build.0 = Release|x64
		{F657EC86-5BC5-3945-AB41-D1D5C0273AE2}.MinSizeRel|x64.ActiveCfg = MinSizeRel|x64
		{F657EC86-5BC5-3945-AB41-D1D5C0273AE2}.MinSizeRel|x64.Build.0 = MinSizeRel|x64
		{F657EC86-5BC5-3945-AB41-D1D5C0273AE2}.RelWithDebInfo|x64.ActiveCfg = RelWithDebInfo|x64
		{F657EC86-5BC5-3945-AB41-D1D5C0273AE2}.RelWithDebInfo|x64.Build.0 = RelWithDebInfo|x64
		{87B832D2-AE5A-3F29-B0A6-4BADD2905516}.Debug|x64.ActiveCfg = Debug|x64
		{87B832D2-AE5A-3F29-B0A6-4BADD2905516}.Debug|x64.Build.0 = Debug|x64
		{87B832D2-AE5A-3F29-B0A6-4BADD2905516}.Release|x64.ActiveCfg = Release|x64
		{87B832D2-AE5A-3F29-B0A6-4BADD2905516}.Release|x64.Build.0 = Release|x64
		{87B832D2-AE5A-3F29-B0A6-4BADD2905516}.MinSizeRel|x64.ActiveCfg = MinSizeRel|x64
		{87B832D2-AE5A-3F29-B0A6-4BADD2905516}.MinSizeRel|x64.Build.0 = MinSizeRel|x64
		{87B832D2-AE5A-3F29-B0A6-4BADD2905516}.RelWithDebInfo|x64.ActiveCfg = RelWithDebInfo|x64
		{87B832D2-AE5A-3F29-B0A6-4BADD2905516}.RelWithDebInfo|x64.Build.0 = RelWithDebInfo|x64
		{A259E4AE-C3AC-368D-AA0D-245D6B089513}.Debug|x64.ActiveCfg = Debug|x64
		{A259E4AE-C3AC-368D-AA0D-245D6B089513}.Debug|x64.Build.0 = Debug|x64
		{A259E4AE-C3AC-368D-AA0D-245D6B089513}.Release|x64.ActiveCfg = Release|x64
		{A259E4AE-C3AC-368D-AA0D-245D6B089513}.Release|x64.Build.0 = Release|x64
		{A259E4AE-C3AC-368D-AA0D-245D6B089513}.MinSizeRel|x64.ActiveCfg = MinSizeRel|x64
		{A259E4AE-C3AC-368D-AA0D-245D6B089513}.MinSizeRel|x64.Build.0 = MinSizeRel|x64
		{A259E4AE-C3AC-368D-AA0D-245D6B089513}.RelWithDebInfo|x64.ActiveCfg = RelWithDebInfo|x64
		{A259E4AE-C3AC-368D-AA0D-245D6B089513}.RelWithDebInfo|x64.Build.0 = RelWithDebInfo|x64
		{F8045825-F80B-38EC-B987-94651F5BB3D4}.Debug|x64.ActiveCfg = Debug|x64
		{F8045825-F80B-38EC-B987-94651F5BB3D4}.Debug|x64.Build.0 = Debug|x64
		{F8045825-F80B-38EC-B987-94651F5BB3D4}.Release|x64.ActiveCfg = Release|x64
		{F8045825-F80B-38EC-B987-94651F5BB3D4}.Release|x64.Build.0 = Release|x64
		{F8045825-F80B-38EC-B987-94651F5BB3D4}.MinSizeRel|x64.ActiveCfg = MinSizeRel|x64
		{F8045825-F80B-38EC-B987-94651F5BB3D4}.MinSizeRel|x64.Build.0 = MinSizeRel|x64
		{F8045825-F80B-38EC-B987-94651F5BB3D4}.RelWithDebInfo|x64.ActiveCfg = RelWithDebInfo|x64
		{F8045825-F80B-38EC-B987-94651F5BB3D4}.RelWithDebInfo|x64.Build.0 = RelWithDebInfo|x64
		{C6F95BFB-D75F-3AA7-B89F-71AB5AD2C47A}.Debug|x64.ActiveCfg = Debug|x64
		{C6F95BFB-D75F-3AA7-B89F-71AB5AD2C47A}.Debug|x64.Build.0 = Debug|x64
		{C6F95BFB-D75F-3AA7-B89F-71AB5AD2C47A}.Release|x64.ActiveCfg = Release|x64
		{C6F95BFB-D75F-3AA7-B89F-71AB5AD2C47A}.Release|x64.Build.0 = Release|x64
		{C6F95BFB-D75F-3AA7-B89F-71AB5AD2C47A}.MinSizeRel|x64.ActiveCfg = MinSizeRel|x64
		{C6F95BFB-D75F-3AA7-B89F-71AB5AD2C47A}.MinSizeRel|x64.Build.0 = MinSizeRel|x64
		{C6F95BFB-D75F-3AA7-B89F-71AB5AD2C47A}.RelWithDebInfo|x64.ActiveCfg = RelWithDebInfo|x64
		{C6F95BFB-D75F-3AA7-B89F-71AB5AD2C47A}.RelWithDebInfo|x64.Build.0 = RelWithDebInfo|x64
		{CB78960E-9D6E-372F-8727-CDE1640914C4}.Debug|x64.ActiveCfg = Debug|x64
		{CB78960E-9D6E-372F-8727-CDE1640914C4}.Debug|x64.Build.0 = Debug|x64
		{CB78960E-9D6E-372F-8727-CDE1640914C4}.Release|x64.ActiveCfg = Release|x64
		{CB78960E-9D6E-372F-8727-CDE1640914C4}.Release|x64.Build.0 = Release|x64
		{CB78960E-9D6E-372F-8727-CDE1640914C4}.MinSizeRel|x64.ActiveCfg = MinSizeRel|x64
		{CB78960E-9D6E-372F-8727-CDE1640914C4}.MinSizeRel|x64.Build.0 = MinSizeRel|x64
		{CB78960E-9D6E-372F-8727-CDE1640914C4}.RelWithDebInfo|x64.ActiveCfg = RelWithDebInfo|x64
		{CB78960E-9D6E-372F-8727-CDE1640914C4}.RelWithDebInfo|x64.Build.0 = RelWithDebInfo|x64
		{A233D04D-6E73-318A-A8FE-9BB1D3C19BBD}.Debug|x64.ActiveCfg = Debug|x64
		{A233D04D-6E73-318A-A8FE-9BB1D3C19BBD}.Debug|x64.Build.0 = Debug|x64
		{A233D04D-6E73-318A-A8FE-9BB1D3C19BBD}.Release|x64.ActiveCfg = Release|x64
		{A233D04D-6E73-318A-A8FE-9BB1D3C19BBD}.Release|x64.Build.0 = Release|x64
		{A233D04D-6E73-318A-A8FE-9BB1D3C19BBD}.MinSizeRel|x64.ActiveCfg = MinSizeRel|x64
		{A233D04D-6E73-318A-A8FE-9BB1D3C19BBD}.MinSizeRel|x64.Build.0 = MinSizeRel|x64
		{A233D04D-6E73-318A-A8FE-9BB1D3C19BBD}.RelWithDebInfo|x64.ActiveCfg = RelWithDebInfo|x64
		{A233D04D-6E73-318A-A8FE-9BB1D3C19BBD}.RelWithDebInfo|x64.Build.0 = RelWithDebInfo|x64
		{9D00FF32-D0FE-33CC-8B08-74FDF8DB789B}.Debug|x64.ActiveCfg = Debug|x64
		{9D00FF32-D0FE-33CC-8B08-74FDF8DB789B}.Debug|x64.Build.0 = Debug|x64
		{9D00FF32-D0FE-33CC-8B08-74FDF8DB789B}.Release|x64.ActiveCfg = Release|x64
		{9D00FF32-D0FE-33CC-8B08-74FDF8DB789B}.Release|x64.Build.0 = Release|x64
		{9D00FF32-D0FE-33CC-8B08-74FDF8DB789B}.MinSizeRel|x64.ActiveCfg = MinSizeRel|x64
		{9D00FF32-D0FE-33CC-8B08-74FDF8DB789B}.MinSizeRel|x64.Build.0 = MinSizeRel|x64
		{9D00FF32-D0FE-33CC-8B08-74FDF8DB789B}.RelWithDebInfo|x64.ActiveCfg = RelWithDebInfo|x64
		{9D00FF32-D0FE-33CC-8B08-74FDF8DB789B}.RelWithDebInfo|x64.Build.0 = RelWithDebInfo|x64
	EndGlobalSection
	GlobalSection(ExtensibilityGlobals) = postSolution
		SolutionGuid = {07D40F59-EEE7-34A1-AF9B-1F86D409C19E}
	EndGlobalSection
	GlobalSection(ExtensibilityAddIns) = postSolution
	EndGlobalSection
EndGlobal
