<?xml version="1.0" encoding="utf-8"?>
<Project ToolsVersion="17.0" xmlns="http://schemas.microsoft.com/developer/msbuild/2003">
  <ItemGroup>
    <CustomBuild Include="D:\emhash\build_asan\CMakeFiles\482cf5097f54468fa025d5cf9fb93c09\stress_test.rule">
      <Filter>CMake Rules</Filter>
    </CustomBuild>
    <CustomBuild Include="D:\emhash\tests\CMakeLists.txt" />
  </ItemGroup>
  <ItemGroup>
    <None Include="D:\emhash\build_asan\CMakeFiles\stress_test" />
  </ItemGroup>
  <ItemGroup>
    <Filter Include="CMake Rules">
      <UniqueIdentifier>{D80128D1-6A19-3C19-93D7-7609B9D4EC12}</UniqueIdentifier>
    </Filter>
  </ItemGroup>
</Project>
