<?xml version="1.0" encoding="utf-8"?>
<Project ToolsVersion="17.0" xmlns="http://schemas.microsoft.com/developer/msbuild/2003">
  <ItemGroup>
    <CustomBuild Include="D:\emhash\tests\build_msvc\CMakeFiles\680965a98ec85b8a959c87c00611b223\all_tests.rule">
      <Filter>CMake Rules</Filter>
    </CustomBuild>
    <CustomBuild Include="D:\emhash\tests\CMakeLists.txt" />
  </ItemGroup>
  <ItemGroup>
    <None Include="D:\emhash\tests\build_msvc\CMakeFiles\all_tests" />
  </ItemGroup>
  <ItemGroup>
    <Filter Include="CMake Rules">
      <UniqueIdentifier>{C6A64630-86BE-3AB5-92E5-B47A6C97F265}</UniqueIdentifier>
    </Filter>
  </ItemGroup>
</Project>
