
Microsoft Visual Studio Solution File, Format Version 12.00
# Visual Studio Version 17
Project("{8BC9CEB8-8B4A-11D0-8D11-00A0C91BC942}") = "ALL_BUILD", "ALL_BUILD.vcxproj", "{ED3F304A-557C-33DE-8790-F185666728E6}"
	ProjectSection(ProjectDependencies) = postProject
		{40EF3D40-EAD8-3118-8B63-B1ADDA4A4FD8} = {40EF3D40-EAD8-3118-8B63-B1ADDA4A4FD8}
		{1A65EBE9-243B-3A54-9C31-B4D5027516C4} = {1A65EBE9-243B-3A54-9C31-B4D5027516C4}
		{7CFC3AD5-7DE4-3B0C-BA36-97C3335941C7} = {7CFC3AD5-7DE4-3B0C-BA36-97C3335941C7}
		{3C5DADBA-F52A-3284-A45A-9CFF5F823550} = {3C5DADBA-F52A-3284-A45A-9CFF5F823550}
		{A1DE53BC-C38E-3A24-BBDA-A8FA86C8E35E} = {A1DE53BC-C38E-3A24-BBDA-A8FA86C8E35E}
		{ABF8D1D9-3753-314B-A87E-DA630F12E0E5} = {ABF8D1D9-3753-314B-A87E-DA630F12E0E5}
		{672193AA-13D6-358D-A51E-C199297DC998} = {672193AA-13D6-358D-A51E-C199297DC998}
		{37F2421E-E8C3-32E0-AD54-BDC3362B3B47} = {37F2421E-E8C3-32E0-AD54-BDC3362B3B47}
		{D19C3D29-56ED-3CCB-9691-E78ADADADADF} = {D19C3D29-56ED-3CCB-9691-E78ADADADADF}
		{9D9D9C7F-6345-3A36-B434-683E232D3EBF} = {9D9D9C7F-6345-3A36-B434-683E232D3EBF}
		{76138749-2738-332B-81A0-B477A05BE73C} = {76138749-2738-332B-81A0-B477A05BE73C}
		{89E33D10-F41E-3532-B324-0DD4D3419B92} = {89E33D10-F41E-3532-B324-0DD4D3419B92}
		{9397E949-01DA-3DD0-8555-746316E7FC1D} = {9397E949-01DA-3DD0-8555-746316E7FC1D}
		{B5BD3847-8C59-3447-94AB-EB341B9E1DA3} = {B5BD3847-8C59-3447-94AB-EB341B9E1DA3}
		{EB8BD860-090B-3B1C-8B0E-A241467C34CE} = {EB8BD860-090B-3B1C-8B0E-A241467C34CE}
		{B2BA1AE6-3264-3348-B875-F1FEB62B9F83} = {B2BA1AE6-3264-3348-B875-F1FEB62B9F83}
		{34FBB753-2C87-31CC-852C-BED76820ABA2} = {34FBB753-2C87-31CC-852C-BED76820ABA2}
		{8119DA86-ECDE-35F8-8BF8-9E36BE2DE146} = {8119DA86-ECDE-35F8-8BF8-9E36BE2DE146}
		{613608CE-B3E9-356B-B766-5E28678FC1BC} = {613608CE-B3E9-356B-B766-5E28678FC1BC}
		{11C08FBC-A187-3617-95D6-02B6DB1E1123} = {11C08FBC-A187-3617-95D6-02B6DB1E1123}
		{56474185-6E09-33DF-BCBD-DC05E50D0ABC} = {56474185-6E09-33DF-BCBD-DC05E50D0ABC}
		{E1EF1D07-BA84-3F19-9F41-67CAB9193E6D} = {E1EF1D07-BA84-3F19-9F41-67CAB9193E6D}
		{990BCC06-3B2D-3043-9067-0C70590A98CD} = {990BCC06-3B2D-3043-9067-0C70590A98CD}
		{8D87372C-78A4-3CA8-BB35-1BA467F49D04} = {8D87372C-78A4-3CA8-BB35-1BA467F49D04}
		{DCB39D8C-4FB6-35ED-965B-B82B9EA4F472} = {DCB39D8C-4FB6-35ED-965B-B82B9EA4F472}
		{B8EDF775-29C8-3EF0-8195-0BACADF21EDE} = {B8EDF775-29C8-3EF0-8195-0BACADF21EDE}
		{4D188A3F-6284-312C-ABDD-DE50053191E3} = {4D188A3F-6284-312C-ABDD-DE50053191E3}
		{3E379630-0E14-32F0-AF4E-72BC00713972} = {3E379630-0E14-32F0-AF4E-72BC00713972}
		{8504B9F0-900C-3045-92BD-BE3D6F70F87F} = {8504B9F0-900C-3045-92BD-BE3D6F70F87F}
		{C26F9366-96DB-3A2C-BA17-99D992CA59CC} = {C26F9366-96DB-3A2C-BA17-99D992CA59CC}
		{1FD9A294-D36D-37CF-AD25-AA653D65B650} = {1FD9A294-D36D-37CF-AD25-AA653D65B650}
		{4A1CA3DB-1F63-33F2-9A72-D1D8844FBA60} = {4A1CA3DB-1F63-33F2-9A72-D1D8844FBA60}
		{F235C482-72A8-3904-B00F-83E6AC560ACD} = {F235C482-72A8-3904-B00F-83E6AC560ACD}
		{C41AB64F-76C7-3667-A6F2-E0BB58563888} = {C41AB64F-76C7-3667-A6F2-E0BB58563888}
		{51BD7C44-87AA-3B45-AD3D-E2B97FF85EA3} = {51BD7C44-87AA-3B45-AD3D-E2B97FF85EA3}
		{6159B7BF-36C4-3072-B09C-A16F8AE5E953} = {6159B7BF-36C4-3072-B09C-A16F8AE5E953}
		{FE778E56-15C4-3980-8566-F2610B0B64E3} = {FE778E56-15C4-3980-8566-F2610B0B64E3}
		{E0F7811A-C6C4-3E9E-89E2-7161EA8D5593} = {E0F7811A-C6C4-3E9E-89E2-7161EA8D5593}
		{3498D3B3-C603-3241-AD4F-4C9C9C04A2F8} = {3498D3B3-C603-3241-AD4F-4C9C9C04A2F8}
		{6F89102B-853C-3265-AB0A-6210D9C17E19} = {6F89102B-853C-3265-AB0A-6210D9C17E19}
		{3980A7A2-6C2A-37C8-BD6D-34EB843DB32B} = {3980A7A2-6C2A-37C8-BD6D-34EB843DB32B}
		{C65D24CB-1451-369C-B09E-C81FC43C737A} = {C65D24CB-1451-369C-B09E-C81FC43C737A}
	EndProjectSection
EndProject
Project("{8BC9CEB8-8B4A-11D0-8D11-00A0C91BC942}") = "Continuous", "Continuous.vcxproj", "{99E66EF7-CCF6-3A8E-8874-72835F38DD82}"
	ProjectSection(ProjectDependencies) = postProject
		{40EF3D40-EAD8-3118-8B63-B1ADDA4A4FD8} = {40EF3D40-EAD8-3118-8B63-B1ADDA4A4FD8}
	EndProjectSection
EndProject
Project("{8BC9CEB8-8B4A-11D0-8D11-00A0C91BC942}") = "Experimental", "Experimental.vcxproj", "{DCE550A2-1CFA-3A26-9D5D-2A9C49764137}"
	ProjectSection(ProjectDependencies) = postProject
		{40EF3D40-EAD8-3118-8B63-B1ADDA4A4FD8} = {40EF3D40-EAD8-3118-8B63-B1ADDA4A4FD8}
	EndProjectSection
EndProject
Project("{8BC9CEB8-8B4A-11D0-8D11-00A0C91BC942}") = "Nightly", "Nightly.vcxproj", "{AA97962E-160F-3DFE-A133-41FEBB1D16A5}"
	ProjectSection(ProjectDependencies) = postProject
		{40EF3D40-EAD8-3118-8B63-B1ADDA4A4FD8} = {40EF3D40-EAD8-3118-8B63-B1ADDA4A4FD8}
	EndProjectSection
EndProject
Project("{8BC9CEB8-8B4A-11D0-8D11-00A0C91BC942}") = "NightlyMemoryCheck", "NightlyMemoryCheck.vcxproj", "{A914BF38-5AAF-362F-BD0E-1EC9E697D347}"
	ProjectSection(ProjectDependencies) = postProject
		{40EF3D40-EAD8-3118-8B63-B1ADDA4A4FD8} = {40EF3D40-EAD8-3118-8B63-B1ADDA4A4FD8}
	EndProjectSection
EndProject
Project("{8BC9CEB8-8B4A-11D0-8D11-00A0C91BC942}") = "RUN_TESTS", "RUN_TESTS.vcxproj", "{62E80FB8-94AB-3B87-AC11-E1C33ED07D70}"
	ProjectSection(ProjectDependencies) = postProject
		{40EF3D40-EAD8-3118-8B63-B1ADDA4A4FD8} = {40EF3D40-EAD8-3118-8B63-B1ADDA4A4FD8}
	EndProjectSection
EndProject
Project("{8BC9CEB8-8B4A-11D0-8D11-00A0C91BC942}") = "ZERO_CHECK", "ZERO_CHECK.vcxproj", "{40EF3D40-EAD8-3118-8B63-B1ADDA4A4FD8}"
	ProjectSection(ProjectDependencies) = postProject
	EndProjectSection
EndProject
Project("{8BC9CEB8-8B4A-11D0-8D11-00A0C91BC942}") = "all_tests", "all_tests.vcxproj", "{FBCBC720-249C-39A7-92D5-DE5474E5C365}"
	ProjectSection(ProjectDependencies) = postProject
		{40EF3D40-EAD8-3118-8B63-B1ADDA4A4FD8} = {40EF3D40-EAD8-3118-8B63-B1ADDA4A4FD8}
		{B5BD3847-8C59-3447-94AB-EB341B9E1DA3} = {B5BD3847-8C59-3447-94AB-EB341B9E1DA3}
		{34FBB753-2C87-31CC-852C-BED76820ABA2} = {34FBB753-2C87-31CC-852C-BED76820ABA2}
		{6F89102B-853C-3265-AB0A-6210D9C17E19} = {6F89102B-853C-3265-AB0A-6210D9C17E19}
		{C65D24CB-1451-369C-B09E-C81FC43C737A} = {C65D24CB-1451-369C-B09E-C81FC43C737A}
	EndProjectSection
EndProject
Project("{8BC9CEB8-8B4A-11D0-8D11-00A0C91BC942}") = "attack_test", "attack_test.vcxproj", "{9711B802-A4D5-3878-9CA8-4B58CE0D1B92}"
	ProjectSection(ProjectDependencies) = postProject
		{40EF3D40-EAD8-3118-8B63-B1ADDA4A4FD8} = {40EF3D40-EAD8-3118-8B63-B1ADDA4A4FD8}
		{B5BD3847-8C59-3447-94AB-EB341B9E1DA3} = {B5BD3847-8C59-3447-94AB-EB341B9E1DA3}
	EndProjectSection
EndProject
Project("{8BC9CEB8-8B4A-11D0-8D11-00A0C91BC942}") = "debug_chain", "debug_chain.vcxproj", "{1A65EBE9-243B-3A54-9C31-B4D5027516C4}"
	ProjectSection(ProjectDependencies) = postProject
		{40EF3D40-EAD8-3118-8B63-B1ADDA4A4FD8} = {40EF3D40-EAD8-3118-8B63-B1ADDA4A4FD8}
	EndProjectSection
EndProject
Project("{8BC9CEB8-8B4A-11D0-8D11-00A0C91BC942}") = "debug_set_erase", "debug_set_erase.vcxproj", "{7CFC3AD5-7DE4-3B0C-BA36-97C3335941C7}"
	ProjectSection(ProjectDependencies) = postProject
		{40EF3D40-EAD8-3118-8B63-B1ADDA4A4FD8} = {40EF3D40-EAD8-3118-8B63-B1ADDA4A4FD8}
	EndProjectSection
EndProject
Project("{8BC9CEB8-8B4A-11D0-8D11-00A0C91BC942}") = "edge_test", "edge_test.vcxproj", "{3C5DADBA-F52A-3284-A45A-9CFF5F823550}"
	ProjectSection(ProjectDependencies) = postProject
		{40EF3D40-EAD8-3118-8B63-B1ADDA4A4FD8} = {40EF3D40-EAD8-3118-8B63-B1ADDA4A4FD8}
	EndProjectSection
EndProject
Project("{8BC9CEB8-8B4A-11D0-8D11-00A0C91BC942}") = "emhash_test_help", "emhash_test_help.vcxproj", "{1C8DFEFF-F858-3C13-84BF-13F3F9ACB5D6}"
	ProjectSection(ProjectDependencies) = postProject
		{40EF3D40-EAD8-3118-8B63-B1ADDA4A4FD8} = {40EF3D40-EAD8-3118-8B63-B1ADDA4A4FD8}
	EndProjectSection
EndProject
Project("{8BC9CEB8-8B4A-11D0-8D11-00A0C91BC942}") = "fuzz_reproduce", "fuzz_reproduce.vcxproj", "{A1DE53BC-C38E-3A24-BBDA-A8FA86C8E35E}"
	ProjectSection(ProjectDependencies) = postProject
		{40EF3D40-EAD8-3118-8B63-B1ADDA4A4FD8} = {40EF3D40-EAD8-3118-8B63-B1ADDA4A4FD8}
	EndProjectSection
EndProject
Project("{8BC9CEB8-8B4A-11D0-8D11-00A0C91BC942}") = "hash_attack5", "hash_attack5.vcxproj", "{ABF8D1D9-3753-314B-A87E-DA630F12E0E5}"
	ProjectSection(ProjectDependencies) = postProject
		{40EF3D40-EAD8-3118-8B63-B1ADDA4A4FD8} = {40EF3D40-EAD8-3118-8B63-B1ADDA4A4FD8}
	EndProjectSection
EndProject
Project("{8BC9CEB8-8B4A-11D0-8D11-00A0C91BC942}") = "hash_attack7", "hash_attack7.vcxproj", "{672193AA-13D6-358D-A51E-C199297DC998}"
	ProjectSection(ProjectDependencies) = postProject
		{40EF3D40-EAD8-3118-8B63-B1ADDA4A4FD8} = {40EF3D40-EAD8-3118-8B63-B1ADDA4A4FD8}
	EndProjectSection
EndProject
Project("{8BC9CEB8-8B4A-11D0-8D11-00A0C91BC942}") = "highload_test", "highload_test.vcxproj", "{37F2421E-E8C3-32E0-AD54-BDC3362B3B47}"
	ProjectSection(ProjectDependencies) = postProject
		{40EF3D40-EAD8-3118-8B63-B1ADDA4A4FD8} = {40EF3D40-EAD8-3118-8B63-B1ADDA4A4FD8}
	EndProjectSection
EndProject
Project("{8BC9CEB8-8B4A-11D0-8D11-00A0C91BC942}") = "min_repro", "min_repro.vcxproj", "{D19C3D29-56ED-3CCB-9691-E78ADADADADF}"
	ProjectSection(ProjectDependencies) = postProject
		{40EF3D40-EAD8-3118-8B63-B1ADDA4A4FD8} = {40EF3D40-EAD8-3118-8B63-B1ADDA4A4FD8}
	EndProjectSection
EndProject
Project("{8BC9CEB8-8B4A-11D0-8D11-00A0C91BC942}") = "quick_test", "quick_test.vcxproj", "{6D750705-D8C2-3530-8869-B39D4A81986B}"
	ProjectSection(ProjectDependencies) = postProject
		{40EF3D40-EAD8-3118-8B63-B1ADDA4A4FD8} = {40EF3D40-EAD8-3118-8B63-B1ADDA4A4FD8}
		{34FBB753-2C87-31CC-852C-BED76820ABA2} = {34FBB753-2C87-31CC-852C-BED76820ABA2}
		{C65D24CB-1451-369C-B09E-C81FC43C737A} = {C65D24CB-1451-369C-B09E-C81FC43C737A}
	EndProjectSection
EndProject
Project("{8BC9CEB8-8B4A-11D0-8D11-00A0C91BC942}") = "quick_test8", "quick_test8.vcxproj", "{9D9D9C7F-6345-3A36-B434-683E232D3EBF}"
	ProjectSection(ProjectDependencies) = postProject
		{40EF3D40-EAD8-3118-8B63-B1ADDA4A4FD8} = {40EF3D40-EAD8-3118-8B63-B1ADDA4A4FD8}
	EndProjectSection
EndProject
Project("{8BC9CEB8-8B4A-11D0-8D11-00A0C91BC942}") = "reproduce_crash", "reproduce_crash.vcxproj", "{76138749-2738-332B-81A0-B477A05BE73C}"
	ProjectSection(ProjectDependencies) = postProject
		{40EF3D40-EAD8-3118-8B63-B1ADDA4A4FD8} = {40EF3D40-EAD8-3118-8B63-B1ADDA4A4FD8}
	EndProjectSection
EndProject
Project("{8BC9CEB8-8B4A-11D0-8D11-00A0C91BC942}") = "reproduce_emhash8_bug", "reproduce_emhash8_bug.vcxproj", "{89E33D10-F41E-3532-B324-0DD4D3419B92}"
	ProjectSection(ProjectDependencies) = postProject
		{40EF3D40-EAD8-3118-8B63-B1ADDA4A4FD8} = {40EF3D40-EAD8-3118-8B63-B1ADDA4A4FD8}
	EndProjectSection
EndProject
Project("{8BC9CEB8-8B4A-11D0-8D11-00A0C91BC942}") = "stress_fix", "stress_fix.vcxproj", "{9397E949-01DA-3DD0-8555-746316E7FC1D}"
	ProjectSection(ProjectDependencies) = postProject
		{40EF3D40-EAD8-3118-8B63-B1ADDA4A4FD8} = {40EF3D40-EAD8-3118-8B63-B1ADDA4A4FD8}
	EndProjectSection
EndProject
Project("{8BC9CEB8-8B4A-11D0-8D11-00A0C91BC942}") = "stress_test", "stress_test.vcxproj", "{A87D694F-E783-3A78-B96F-E2E95151B2DE}"
	ProjectSection(ProjectDependencies) = postProject
		{40EF3D40-EAD8-3118-8B63-B1ADDA4A4FD8} = {40EF3D40-EAD8-3118-8B63-B1ADDA4A4FD8}
		{37F2421E-E8C3-32E0-AD54-BDC3362B3B47} = {37F2421E-E8C3-32E0-AD54-BDC3362B3B47}
		{6F89102B-853C-3265-AB0A-6210D9C17E19} = {6F89102B-853C-3265-AB0A-6210D9C17E19}
	EndProjectSection
EndProject
Project("{8BC9CEB8-8B4A-11D0-8D11-00A0C91BC942}") = "test_attack", "test_attack.vcxproj", "{B5BD3847-8C59-3447-94AB-EB341B9E1DA3}"
	ProjectSection(ProjectDependencies) = postProject
		{40EF3D40-EAD8-3118-8B63-B1ADDA4A4FD8} = {40EF3D40-EAD8-3118-8B63-B1ADDA4A4FD8}
	EndProjectSection
EndProject
Project("{8BC9CEB8-8B4A-11D0-8D11-00A0C91BC942}") = "test_bad_hash_stress", "test_bad_hash_stress.vcxproj", "{EB8BD860-090B-3B1C-8B0E-A241467C34CE}"
	ProjectSection(ProjectDependencies) = postProject
		{40EF3D40-EAD8-3118-8B63-B1ADDA4A4FD8} = {40EF3D40-EAD8-3118-8B63-B1ADDA4A4FD8}
	EndProjectSection
EndProject
Project("{8BC9CEB8-8B4A-11D0-8D11-00A0C91BC942}") = "test_collision_hardening", "test_collision_hardening.vcxproj", "{B2BA1AE6-3264-3348-B875-F1FEB62B9F83}"
	ProjectSection(ProjectDependencies) = postProject
		{40EF3D40-EAD8-3118-8B63-B1ADDA4A4FD8} = {40EF3D40-EAD8-3118-8B63-B1ADDA4A4FD8}
	EndProjectSection
EndProject
Project("{8BC9CEB8-8B4A-11D0-8D11-00A0C91BC942}") = "test_debug", "test_debug.vcxproj", "{34FBB753-2C87-31CC-852C-BED76820ABA2}"
	ProjectSection(ProjectDependencies) = postProject
		{40EF3D40-EAD8-3118-8B63-B1ADDA4A4FD8} = {40EF3D40-EAD8-3118-8B63-B1ADDA4A4FD8}
	EndProjectSection
EndProject
Project("{8BC9CEB8-8B4A-11D0-8D11-00A0C91BC942}") = "test_debug_find", "test_debug_find.vcxproj", "{8119DA86-ECDE-35F8-8BF8-9E36BE2DE146}"
	ProjectSection(ProjectDependencies) = postProject
		{40EF3D40-EAD8-3118-8B63-B1ADDA4A4FD8} = {40EF3D40-EAD8-3118-8B63-B1ADDA4A4FD8}
	EndProjectSection
EndProject
Project("{8BC9CEB8-8B4A-11D0-8D11-00A0C91BC942}") = "test_emhash58", "test_emhash58.vcxproj", "{613608CE-B3E9-356B-B766-5E28678FC1BC}"
	ProjectSection(ProjectDependencies) = postProject
		{40EF3D40-EAD8-3118-8B63-B1ADDA4A4FD8} = {40EF3D40-EAD8-3118-8B63-B1ADDA4A4FD8}
	EndProjectSection
EndProject
Project("{8BC9CEB8-8B4A-11D0-8D11-00A0C91BC942}") = "test_emhash5_hifi", "test_emhash5_hifi.vcxproj", "{11C08FBC-A187-3617-95D6-02B6DB1E1123}"
	ProjectSection(ProjectDependencies) = postProject
		{40EF3D40-EAD8-3118-8B63-B1ADDA4A4FD8} = {40EF3D40-EAD8-3118-8B63-B1ADDA4A4FD8}
	EndProjectSection
EndProject
Project("{8BC9CEB8-8B4A-11D0-8D11-00A0C91BC942}") = "test_emhash5_stress", "test_emhash5_stress.vcxproj", "{56474185-6E09-33DF-BCBD-DC05E50D0ABC}"
	ProjectSection(ProjectDependencies) = postProject
		{40EF3D40-EAD8-3118-8B63-B1ADDA4A4FD8} = {40EF3D40-EAD8-3118-8B63-B1ADDA4A4FD8}
	EndProjectSection
EndProject
Project("{8BC9CEB8-8B4A-11D0-8D11-00A0C91BC942}") = "test_emhash5_verify", "test_emhash5_verify.vcxproj", "{E1EF1D07-BA84-3F19-9F41-67CAB9193E6D}"
	ProjectSection(ProjectDependencies) = postProject
		{40EF3D40-EAD8-3118-8B63-B1ADDA4A4FD8} = {40EF3D40-EAD8-3118-8B63-B1ADDA4A4FD8}
	EndProjectSection
EndProject
Project("{8BC9CEB8-8B4A-11D0-8D11-00A0C91BC942}") = "test_emhash_allocator", "test_emhash_allocator.vcxproj", "{990BCC06-3B2D-3043-9067-0C70590A98CD}"
	ProjectSection(ProjectDependencies) = postProject
		{40EF3D40-EAD8-3118-8B63-B1ADDA4A4FD8} = {40EF3D40-EAD8-3118-8B63-B1ADDA4A4FD8}
	EndProjectSection
EndProject
Project("{8BC9CEB8-8B4A-11D0-8D11-00A0C91BC942}") = "test_emilib_comprehensive", "test_emilib_comprehensive.vcxproj", "{8D87372C-78A4-3CA8-BB35-1BA467F49D04}"
	ProjectSection(ProjectDependencies) = postProject
		{40EF3D40-EAD8-3118-8B63-B1ADDA4A4FD8} = {40EF3D40-EAD8-3118-8B63-B1ADDA4A4FD8}
	EndProjectSection
EndProject
Project("{8BC9CEB8-8B4A-11D0-8D11-00A0C91BC942}") = "test_extreme", "test_extreme.vcxproj", "{DCB39D8C-4FB6-35ED-965B-B82B9EA4F472}"
	ProjectSection(ProjectDependencies) = postProject
		{40EF3D40-EAD8-3118-8B63-B1ADDA4A4FD8} = {40EF3D40-EAD8-3118-8B63-B1ADDA4A4FD8}
	EndProjectSection
EndProject
Project("{8BC9CEB8-8B4A-11D0-8D11-00A0C91BC942}") = "test_find_slot_bucket", "test_find_slot_bucket.vcxproj", "{B8EDF775-29C8-3EF0-8195-0BACADF21EDE}"
	ProjectSection(ProjectDependencies) = postProject
		{40EF3D40-EAD8-3118-8B63-B1ADDA4A4FD8} = {40EF3D40-EAD8-3118-8B63-B1ADDA4A4FD8}
	EndProjectSection
EndProject
Project("{8BC9CEB8-8B4A-11D0-8D11-00A0C91BC942}") = "test_functional_edge", "test_functional_edge.vcxproj", "{4D188A3F-6284-312C-ABDD-DE50053191E3}"
	ProjectSection(ProjectDependencies) = postProject
		{40EF3D40-EAD8-3118-8B63-B1ADDA4A4FD8} = {40EF3D40-EAD8-3118-8B63-B1ADDA4A4FD8}
	EndProjectSection
EndProject
Project("{8BC9CEB8-8B4A-11D0-8D11-00A0C91BC942}") = "test_hashmap_full_api", "test_hashmap_full_api.vcxproj", "{3E379630-0E14-32F0-AF4E-72BC00713972}"
	ProjectSection(ProjectDependencies) = postProject
		{40EF3D40-EAD8-3118-8B63-B1ADDA4A4FD8} = {40EF3D40-EAD8-3118-8B63-B1ADDA4A4FD8}
	EndProjectSection
EndProject
Project("{8BC9CEB8-8B4A-11D0-8D11-00A0C91BC942}") = "test_hashset_allocator", "test_hashset_allocator.vcxproj", "{8504B9F0-900C-3045-92BD-BE3D6F70F87F}"
	ProjectSection(ProjectDependencies) = postProject
		{40EF3D40-EAD8-3118-8B63-B1ADDA4A4FD8} = {40EF3D40-EAD8-3118-8B63-B1ADDA4A4FD8}
	EndProjectSection
EndProject
Project("{8BC9CEB8-8B4A-11D0-8D11-00A0C91BC942}") = "test_hashset_full_api", "test_hashset_full_api.vcxproj", "{C26F9366-96DB-3A2C-BA17-99D992CA59CC}"
	ProjectSection(ProjectDependencies) = postProject
		{40EF3D40-EAD8-3118-8B63-B1ADDA4A4FD8} = {40EF3D40-EAD8-3118-8B63-B1ADDA4A4FD8}
	EndProjectSection
EndProject
Project("{8BC9CEB8-8B4A-11D0-8D11-00A0C91BC942}") = "test_hidden_bugs8", "test_hidden_bugs8.vcxproj", "{1FD9A294-D36D-37CF-AD25-AA653D65B650}"
	ProjectSection(ProjectDependencies) = postProject
		{40EF3D40-EAD8-3118-8B63-B1ADDA4A4FD8} = {40EF3D40-EAD8-3118-8B63-B1ADDA4A4FD8}
	EndProjectSection
EndProject
Project("{8BC9CEB8-8B4A-11D0-8D11-00A0C91BC942}") = "test_interface_combo", "test_interface_combo.vcxproj", "{4A1CA3DB-1F63-33F2-9A72-D1D8844FBA60}"
	ProjectSection(ProjectDependencies) = postProject
		{40EF3D40-EAD8-3118-8B63-B1ADDA4A4FD8} = {40EF3D40-EAD8-3118-8B63-B1ADDA4A4FD8}
	EndProjectSection
EndProject
Project("{8BC9CEB8-8B4A-11D0-8D11-00A0C91BC942}") = "test_merge_correctness", "test_merge_correctness.vcxproj", "{F235C482-72A8-3904-B00F-83E6AC560ACD}"
	ProjectSection(ProjectDependencies) = postProject
		{40EF3D40-EAD8-3118-8B63-B1ADDA4A4FD8} = {40EF3D40-EAD8-3118-8B63-B1ADDA4A4FD8}
	EndProjectSection
EndProject
Project("{8BC9CEB8-8B4A-11D0-8D11-00A0C91BC942}") = "test_probe_bug", "test_probe_bug.vcxproj", "{C41AB64F-76C7-3667-A6F2-E0BB58563888}"
	ProjectSection(ProjectDependencies) = postProject
		{40EF3D40-EAD8-3118-8B63-B1ADDA4A4FD8} = {40EF3D40-EAD8-3118-8B63-B1ADDA4A4FD8}
	EndProjectSection
EndProject
Project("{8BC9CEB8-8B4A-11D0-8D11-00A0C91BC942}") = "test_probe_coverage", "test_probe_coverage.vcxproj", "{51BD7C44-87AA-3B45-AD3D-E2B97FF85EA3}"
	ProjectSection(ProjectDependencies) = postProject
		{40EF3D40-EAD8-3118-8B63-B1ADDA4A4FD8} = {40EF3D40-EAD8-3118-8B63-B1ADDA4A4FD8}
	EndProjectSection
EndProject
Project("{8BC9CEB8-8B4A-11D0-8D11-00A0C91BC942}") = "test_repro_collision", "test_repro_collision.vcxproj", "{6159B7BF-36C4-3072-B09C-A16F8AE5E953}"
	ProjectSection(ProjectDependencies) = postProject
		{40EF3D40-EAD8-3118-8B63-B1ADDA4A4FD8} = {40EF3D40-EAD8-3118-8B63-B1ADDA4A4FD8}
	EndProjectSection
EndProject
Project("{8BC9CEB8-8B4A-11D0-8D11-00A0C91BC942}") = "test_sanitizer_aggregate", "test_sanitizer_aggregate.vcxproj", "{FE778E56-15C4-3980-8566-F2610B0B64E3}"
	ProjectSection(ProjectDependencies) = postProject
		{40EF3D40-EAD8-3118-8B63-B1ADDA4A4FD8} = {40EF3D40-EAD8-3118-8B63-B1ADDA4A4FD8}
	EndProjectSection
EndProject
Project("{8BC9CEB8-8B4A-11D0-8D11-00A0C91BC942}") = "test_size_sweep", "test_size_sweep.vcxproj", "{E0F7811A-C6C4-3E9E-89E2-7161EA8D5593}"
	ProjectSection(ProjectDependencies) = postProject
		{40EF3D40-EAD8-3118-8B63-B1ADDA4A4FD8} = {40EF3D40-EAD8-3118-8B63-B1ADDA4A4FD8}
	EndProjectSection
EndProject
Project("{8BC9CEB8-8B4A-11D0-8D11-00A0C91BC942}") = "test_special_key_types", "test_special_key_types.vcxproj", "{3498D3B3-C603-3241-AD4F-4C9C9C04A2F8}"
	ProjectSection(ProjectDependencies) = postProject
		{40EF3D40-EAD8-3118-8B63-B1ADDA4A4FD8} = {40EF3D40-EAD8-3118-8B63-B1ADDA4A4FD8}
	EndProjectSection
EndProject
Project("{8BC9CEB8-8B4A-11D0-8D11-00A0C91BC942}") = "test_stress", "test_stress.vcxproj", "{6F89102B-853C-3265-AB0A-6210D9C17E19}"
	ProjectSection(ProjectDependencies) = postProject
		{40EF3D40-EAD8-3118-8B63-B1ADDA4A4FD8} = {40EF3D40-EAD8-3118-8B63-B1ADDA4A4FD8}
	EndProjectSection
EndProject
Project("{8BC9CEB8-8B4A-11D0-8D11-00A0C91BC942}") = "test_string_key_leak", "test_string_key_leak.vcxproj", "{3980A7A2-6C2A-37C8-BD6D-34EB843DB32B}"
	ProjectSection(ProjectDependencies) = postProject
		{40EF3D40-EAD8-3118-8B63-B1ADDA4A4FD8} = {40EF3D40-EAD8-3118-8B63-B1ADDA4A4FD8}
	EndProjectSection
EndProject
Project("{8BC9CEB8-8B4A-11D0-8D11-00A0C91BC942}") = "test_verify", "test_verify.vcxproj", "{C65D24CB-1451-369C-B09E-C81FC43C737A}"
	ProjectSection(ProjectDependencies) = postProject
		{40EF3D40-EAD8-3118-8B63-B1ADDA4A4FD8} = {40EF3D40-EAD8-3118-8B63-B1ADDA4A4FD8}
	EndProjectSection
EndProject
Global
	GlobalSection(SolutionConfigurationPlatforms) = preSolution
		Debug|Win32 = Debug|Win32
		Release|Win32 = Release|Win32
		MinSizeRel|Win32 = MinSizeRel|Win32
		RelWithDebInfo|Win32 = RelWithDebInfo|Win32
	EndGlobalSection
	GlobalSection(ProjectConfigurationPlatforms) = postSolution
		{ED3F304A-557C-33DE-8790-F185666728E6}.Debug|Win32.ActiveCfg = Debug|Win32
		{ED3F304A-557C-33DE-8790-F185666728E6}.Release|Win32.ActiveCfg = Release|Win32
		{ED3F304A-557C-33DE-8790-F185666728E6}.MinSizeRel|Win32.ActiveCfg = MinSizeRel|Win32
		{ED3F304A-557C-33DE-8790-F185666728E6}.RelWithDebInfo|Win32.ActiveCfg = RelWithDebInfo|Win32
		{99E66EF7-CCF6-3A8E-8874-72835F38DD82}.Debug|Win32.ActiveCfg = Debug|Win32
		{99E66EF7-CCF6-3A8E-8874-72835F38DD82}.Release|Win32.ActiveCfg = Release|Win32
		{99E66EF7-CCF6-3A8E-8874-72835F38DD82}.MinSizeRel|Win32.ActiveCfg = MinSizeRel|Win32
		{99E66EF7-CCF6-3A8E-8874-72835F38DD82}.RelWithDebInfo|Win32.ActiveCfg = RelWithDebInfo|Win32
		{DCE550A2-1CFA-3A26-9D5D-2A9C49764137}.Debug|Win32.ActiveCfg = Debug|Win32
		{DCE550A2-1CFA-3A26-9D5D-2A9C49764137}.Release|Win32.ActiveCfg = Release|Win32
		{DCE550A2-1CFA-3A26-9D5D-2A9C49764137}.MinSizeRel|Win32.ActiveCfg = MinSizeRel|Win32
		{DCE550A2-1CFA-3A26-9D5D-2A9C49764137}.RelWithDebInfo|Win32.ActiveCfg = RelWithDebInfo|Win32
		{AA97962E-160F-3DFE-A133-41FEBB1D16A5}.Debug|Win32.ActiveCfg = Debug|Win32
		{AA97962E-160F-3DFE-A133-41FEBB1D16A5}.Release|Win32.ActiveCfg = Release|Win32
		{AA97962E-160F-3DFE-A133-41FEBB1D16A5}.MinSizeRel|Win32.ActiveCfg = MinSizeRel|Win32
		{AA97962E-160F-3DFE-A133-41FEBB1D16A5}.RelWithDebInfo|Win32.ActiveCfg = RelWithDebInfo|Win32
		{A914BF38-5AAF-362F-BD0E-1EC9E697D347}.Debug|Win32.ActiveCfg = Debug|Win32
		{A914BF38-5AAF-362F-BD0E-1EC9E697D347}.Release|Win32.ActiveCfg = Release|Win32
		{A914BF38-5AAF-362F-BD0E-1EC9E697D347}.MinSizeRel|Win32.ActiveCfg = MinSizeRel|Win32
		{A914BF38-5AAF-362F-BD0E-1EC9E697D347}.RelWithDebInfo|Win32.ActiveCfg = RelWithDebInfo|Win32
		{62E80FB8-94AB-3B87-AC11-E1C33ED07D70}.Debug|Win32.ActiveCfg = Debug|Win32
		{62E80FB8-94AB-3B87-AC11-E1C33ED07D70}.Release|Win32.ActiveCfg = Release|Win32
		{62E80FB8-94AB-3B87-AC11-E1C33ED07D70}.MinSizeRel|Win32.ActiveCfg = MinSizeRel|Win32
		{62E80FB8-94AB-3B87-AC11-E1C33ED07D70}.RelWithDebInfo|Win32.ActiveCfg = RelWithDebInfo|Win32
		{40EF3D40-EAD8-3118-8B63-B1ADDA4A4FD8}.Debug|Win32.ActiveCfg = Debug|Win32
		{40EF3D40-EAD8-3118-8B63-B1ADDA4A4FD8}.Debug|Win32.Build.0 = Debug|Win32
		{40EF3D40-EAD8-3118-8B63-B1ADDA4A4FD8}.Release|Win32.ActiveCfg = Release|Win32
		{40EF3D40-EAD8-3118-8B63-B1ADDA4A4FD8}.Release|Win32.Build.0 = Release|Win32
		{40EF3D40-EAD8-3118-8B63-B1ADDA4A4FD8}.MinSizeRel|Win32.ActiveCfg = MinSizeRel|Win32
		{40EF3D40-EAD8-3118-8B63-B1ADDA4A4FD8}.MinSizeRel|Win32.Build.0 = MinSizeRel|Win32
		{40EF3D40-EAD8-3118-8B63-B1ADDA4A4FD8}.RelWithDebInfo|Win32.ActiveCfg = RelWithDebInfo|Win32
		{40EF3D40-EAD8-3118-8B63-B1ADDA4A4FD8}.RelWithDebInfo|Win32.Build.0 = RelWithDebInfo|Win32
		{FBCBC720-249C-39A7-92D5-DE5474E5C365}.Debug|Win32.ActiveCfg = Debug|Win32
		{FBCBC720-249C-39A7-92D5-DE5474E5C365}.Release|Win32.ActiveCfg = Release|Win32
		{FBCBC720-249C-39A7-92D5-DE5474E5C365}.MinSizeRel|Win32.ActiveCfg = MinSizeRel|Win32
		{FBCBC720-249C-39A7-92D5-DE5474E5C365}.RelWithDebInfo|Win32.ActiveCfg = RelWithDebInfo|Win32
		{9711B802-A4D5-3878-9CA8-4B58CE0D1B92}.Debug|Win32.ActiveCfg = Debug|Win32
		{9711B802-A4D5-3878-9CA8-4B58CE0D1B92}.Release|Win32.ActiveCfg = Release|Win32
		{9711B802-A4D5-3878-9CA8-4B58CE0D1B92}.MinSizeRel|Win32.ActiveCfg = MinSizeRel|Win32
		{9711B802-A4D5-3878-9CA8-4B58CE0D1B92}.RelWithDebInfo|Win32.ActiveCfg = RelWithDebInfo|Win32
		{1A65EBE9-243B-3A54-9C31-B4D5027516C4}.Debug|Win32.ActiveCfg = Debug|Win32
		{1A65EBE9-243B-3A54-9C31-B4D5027516C4}.Debug|Win32.Build.0 = Debug|Win32
		{1A65EBE9-243B-3A54-9C31-B4D5027516C4}.Release|Win32.ActiveCfg = Release|Win32
		{1A65EBE9-243B-3A54-9C31-B4D5027516C4}.Release|Win32.Build.0 = Release|Win32
		{1A65EBE9-243B-3A54-9C31-B4D5027516C4}.MinSizeRel|Win32.ActiveCfg = MinSizeRel|Win32
		{1A65EBE9-243B-3A54-9C31-B4D5027516C4}.MinSizeRel|Win32.Build.0 = MinSizeRel|Win32
		{1A65EBE9-243B-3A54-9C31-B4D5027516C4}.RelWithDebInfo|Win32.ActiveCfg = RelWithDebInfo|Win32
		{1A65EBE9-243B-3A54-9C31-B4D5027516C4}.RelWithDebInfo|Win32.Build.0 = RelWithDebInfo|Win32
		{7CFC3AD5-7DE4-3B0C-BA36-97C3335941C7}.Debug|Win32.ActiveCfg = Debug|Win32
		{7CFC3AD5-7DE4-3B0C-BA36-97C3335941C7}.Debug|Win32.Build.0 = Debug|Win32
		{7CFC3AD5-7DE4-3B0C-BA36-97C3335941C7}.Release|Win32.ActiveCfg = Release|Win32
		{7CFC3AD5-7DE4-3B0C-BA36-97C3335941C7}.Release|Win32.Build.0 = Release|Win32
		{7CFC3AD5-7DE4-3B0C-BA36-97C3335941C7}.MinSizeRel|Win32.ActiveCfg = MinSizeRel|Win32
		{7CFC3AD5-7DE4-3B0C-BA36-97C3335941C7}.MinSizeRel|Win32.Build.0 = MinSizeRel|Win32
		{7CFC3AD5-7DE4-3B0C-BA36-97C3335941C7}.RelWithDebInfo|Win32.ActiveCfg = RelWithDebInfo|Win32
		{7CFC3AD5-7DE4-3B0C-BA36-97C3335941C7}.RelWithDebInfo|Win32.Build.0 = RelWithDebInfo|Win32
		{3C5DADBA-F52A-3284-A45A-9CFF5F823550}.Debug|Win32.ActiveCfg = Debug|Win32
		{3C5DADBA-F52A-3284-A45A-9CFF5F823550}.Debug|Win32.Build.0 = Debug|Win32
		{3C5DADBA-F52A-3284-A45A-9CFF5F823550}.Release|Win32.ActiveCfg = Release|Win32
		{3C5DADBA-F52A-3284-A45A-9CFF5F823550}.Release|Win32.Build.0 = Release|Win32
		{3C5DADBA-F52A-3284-A45A-9CFF5F823550}.MinSizeRel|Win32.ActiveCfg = MinSizeRel|Win32
		{3C5DADBA-F52A-3284-A45A-9CFF5F823550}.MinSizeRel|Win32.Build.0 = MinSizeRel|Win32
		{3C5DADBA-F52A-3284-A45A-9CFF5F823550}.RelWithDebInfo|Win32.ActiveCfg = RelWithDebInfo|Win32
		{3C5DADBA-F52A-3284-A45A-9CFF5F823550}.RelWithDebInfo|Win32.Build.0 = RelWithDebInfo|Win32
		{1C8DFEFF-F858-3C13-84BF-13F3F9ACB5D6}.Debug|Win32.ActiveCfg = Debug|Win32
		{1C8DFEFF-F858-3C13-84BF-13F3F9ACB5D6}.Release|Win32.ActiveCfg = Release|Win32
		{1C8DFEFF-F858-3C13-84BF-13F3F9ACB5D6}.MinSizeRel|Win32.ActiveCfg = MinSizeRel|Win32
		{1C8DFEFF-F858-3C13-84BF-13F3F9ACB5D6}.RelWithDebInfo|Win32.ActiveCfg = RelWithDebInfo|Win32
		{A1DE53BC-C38E-3A24-BBDA-A8FA86C8E35E}.Debug|Win32.ActiveCfg = Debug|Win32
		{A1DE53BC-C38E-3A24-BBDA-A8FA86C8E35E}.Debug|Win32.Build.0 = Debug|Win32
		{A1DE53BC-C38E-3A24-BBDA-A8FA86C8E35E}.Release|Win32.ActiveCfg = Release|Win32
		{A1DE53BC-C38E-3A24-BBDA-A8FA86C8E35E}.Release|Win32.Build.0 = Release|Win32
		{A1DE53BC-C38E-3A24-BBDA-A8FA86C8E35E}.MinSizeRel|Win32.ActiveCfg = MinSizeRel|Win32
		{A1DE53BC-C38E-3A24-BBDA-A8FA86C8E35E}.MinSizeRel|Win32.Build.0 = MinSizeRel|Win32
		{A1DE53BC-C38E-3A24-BBDA-A8FA86C8E35E}.RelWithDebInfo|Win32.ActiveCfg = RelWithDebInfo|Win32
		{A1DE53BC-C38E-3A24-BBDA-A8FA86C8E35E}.RelWithDebInfo|Win32.Build.0 = RelWithDebInfo|Win32
		{ABF8D1D9-3753-314B-A87E-DA630F12E0E5}.Debug|Win32.ActiveCfg = Debug|Win32
		{ABF8D1D9-3753-314B-A87E-DA630F12E0E5}.Debug|Win32.Build.0 = Debug|Win32
		{ABF8D1D9-3753-314B-A87E-DA630F12E0E5}.Release|Win32.ActiveCfg = Release|Win32
		{ABF8D1D9-3753-314B-A87E-DA630F12E0E5}.Release|Win32.Build.0 = Release|Win32
		{ABF8D1D9-3753-314B-A87E-DA630F12E0E5}.MinSizeRel|Win32.ActiveCfg = MinSizeRel|Win32
		{ABF8D1D9-3753-314B-A87E-DA630F12E0E5}.MinSizeRel|Win32.Build.0 = MinSizeRel|Win32
		{ABF8D1D9-3753-314B-A87E-DA630F12E0E5}.RelWithDebInfo|Win32.ActiveCfg = RelWithDebInfo|Win32
		{ABF8D1D9-3753-314B-A87E-DA630F12E0E5}.RelWithDebInfo|Win32.Build.0 = RelWithDebInfo|Win32
		{672193AA-13D6-358D-A51E-C199297DC998}.Debug|Win32.ActiveCfg = Debug|Win32
		{672193AA-13D6-358D-A51E-C199297DC998}.Debug|Win32.Build.0 = Debug|Win32
		{672193AA-13D6-358D-A51E-C199297DC998}.Release|Win32.ActiveCfg = Release|Win32
		{672193AA-13D6-358D-A51E-C199297DC998}.Release|Win32.Build.0 = Release|Win32
		{672193AA-13D6-358D-A51E-C199297DC998}.MinSizeRel|Win32.ActiveCfg = MinSizeRel|Win32
		{672193AA-13D6-358D-A51E-C199297DC998}.MinSizeRel|Win32.Build.0 = MinSizeRel|Win32
		{672193AA-13D6-358D-A51E-C199297DC998}.RelWithDebInfo|Win32.ActiveCfg = RelWithDebInfo|Win32
		{672193AA-13D6-358D-A51E-C199297DC998}.RelWithDebInfo|Win32.Build.0 = RelWithDebInfo|Win32
		{37F2421E-E8C3-32E0-AD54-BDC3362B3B47}.Debug|Win32.ActiveCfg = Debug|Win32
		{37F2421E-E8C3-32E0-AD54-BDC3362B3B47}.Debug|Win32.Build.0 = Debug|Win32
		{37F2421E-E8C3-32E0-AD54-BDC3362B3B47}.Release|Win32.ActiveCfg = Release|Win32
		{37F2421E-E8C3-32E0-AD54-BDC3362B3B47}.Release|Win32.Build.0 = Release|Win32
		{37F2421E-E8C3-32E0-AD54-BDC3362B3B47}.MinSizeRel|Win32.ActiveCfg = MinSizeRel|Win32
		{37F2421E-E8C3-32E0-AD54-BDC3362B3B47}.MinSizeRel|Win32.Build.0 = MinSizeRel|Win32
		{37F2421E-E8C3-32E0-AD54-BDC3362B3B47}.RelWithDebInfo|Win32.ActiveCfg = RelWithDebInfo|Win32
		{37F2421E-E8C3-32E0-AD54-BDC3362B3B47}.RelWithDebInfo|Win32.Build.0 = RelWithDebInfo|Win32
		{D19C3D29-56ED-3CCB-9691-E78ADADADADF}.Debug|Win32.ActiveCfg = Debug|Win32
		{D19C3D29-56ED-3CCB-9691-E78ADADADADF}.Debug|Win32.Build.0 = Debug|Win32
		{D19C3D29-56ED-3CCB-9691-E78ADADADADF}.Release|Win32.ActiveCfg = Release|Win32
		{D19C3D29-56ED-3CCB-9691-E78ADADADADF}.Release|Win32.Build.0 = Release|Win32
		{D19C3D29-56ED-3CCB-9691-E78ADADADADF}.MinSizeRel|Win32.ActiveCfg = MinSizeRel|Win32
		{D19C3D29-56ED-3CCB-9691-E78ADADADADF}.MinSizeRel|Win32.Build.0 = MinSizeRel|Win32
		{D19C3D29-56ED-3CCB-9691-E78ADADADADF}.RelWithDebInfo|Win32.ActiveCfg = RelWithDebInfo|Win32
		{D19C3D29-56ED-3CCB-9691-E78ADADADADF}.RelWithDebInfo|Win32.Build.0 = RelWithDebInfo|Win32
		{6D750705-D8C2-3530-8869-B39D4A81986B}.Debug|Win32.ActiveCfg = Debug|Win32
		{6D750705-D8C2-3530-8869-B39D4A81986B}.Release|Win32.ActiveCfg = Release|Win32
		{6D750705-D8C2-3530-8869-B39D4A81986B}.MinSizeRel|Win32.ActiveCfg = MinSizeRel|Win32
		{6D750705-D8C2-3530-8869-B39D4A81986B}.RelWithDebInfo|Win32.ActiveCfg = RelWithDebInfo|Win32
		{9D9D9C7F-6345-3A36-B434-683E232D3EBF}.Debug|Win32.ActiveCfg = Debug|Win32
		{9D9D9C7F-6345-3A36-B434-683E232D3EBF}.Debug|Win32.Build.0 = Debug|Win32
		{9D9D9C7F-6345-3A36-B434-683E232D3EBF}.Release|Win32.ActiveCfg = Release|Win32
		{9D9D9C7F-6345-3A36-B434-683E232D3EBF}.Release|Win32.Build.0 = Release|Win32
		{9D9D9C7F-6345-3A36-B434-683E232D3EBF}.MinSizeRel|Win32.ActiveCfg = MinSizeRel|Win32
		{9D9D9C7F-6345-3A36-B434-683E232D3EBF}.MinSizeRel|Win32.Build.0 = MinSizeRel|Win32
		{9D9D9C7F-6345-3A36-B434-683E232D3EBF}.RelWithDebInfo|Win32.ActiveCfg = RelWithDebInfo|Win32
		{9D9D9C7F-6345-3A36-B434-683E232D3EBF}.RelWithDebInfo|Win32.Build.0 = RelWithDebInfo|Win32
		{76138749-2738-332B-81A0-B477A05BE73C}.Debug|Win32.ActiveCfg = Debug|Win32
		{76138749-2738-332B-81A0-B477A05BE73C}.Debug|Win32.Build.0 = Debug|Win32
		{76138749-2738-332B-81A0-B477A05BE73C}.Release|Win32.ActiveCfg = Release|Win32
		{76138749-2738-332B-81A0-B477A05BE73C}.Release|Win32.Build.0 = Release|Win32
		{76138749-2738-332B-81A0-B477A05BE73C}.MinSizeRel|Win32.ActiveCfg = MinSizeRel|Win32
		{76138749-2738-332B-81A0-B477A05BE73C}.MinSizeRel|Win32.Build.0 = MinSizeRel|Win32
		{76138749-2738-332B-81A0-B477A05BE73C}.RelWithDebInfo|Win32.ActiveCfg = RelWithDebInfo|Win32
		{76138749-2738-332B-81A0-B477A05BE73C}.RelWithDebInfo|Win32.Build.0 = RelWithDebInfo|Win32
		{89E33D10-F41E-3532-B324-0DD4D3419B92}.Debug|Win32.ActiveCfg = Debug|Win32
		{89E33D10-F41E-3532-B324-0DD4D3419B92}.Debug|Win32.Build.0 = Debug|Win32
		{89E33D10-F41E-3532-B324-0DD4D3419B92}.Release|Win32.ActiveCfg = Release|Win32
		{89E33D10-F41E-3532-B324-0DD4D3419B92}.Release|Win32.Build.0 = Release|Win32
		{89E33D10-F41E-3532-B324-0DD4D3419B92}.MinSizeRel|Win32.ActiveCfg = MinSizeRel|Win32
		{89E33D10-F41E-3532-B324-0DD4D3419B92}.MinSizeRel|Win32.Build.0 = MinSizeRel|Win32
		{89E33D10-F41E-3532-B324-0DD4D3419B92}.RelWithDebInfo|Win32.ActiveCfg = RelWithDebInfo|Win32
		{89E33D10-F41E-3532-B324-0DD4D3419B92}.RelWithDebInfo|Win32.Build.0 = RelWithDebInfo|Win32
		{9397E949-01DA-3DD0-8555-746316E7FC1D}.Debug|Win32.ActiveCfg = Debug|Win32
		{9397E949-01DA-3DD0-8555-746316E7FC1D}.Debug|Win32.Build.0 = Debug|Win32
		{9397E949-01DA-3DD0-8555-746316E7FC1D}.Release|Win32.ActiveCfg = Release|Win32
		{9397E949-01DA-3DD0-8555-746316E7FC1D}.Release|Win32.Build.0 = Release|Win32
		{9397E949-01DA-3DD0-8555-746316E7FC1D}.MinSizeRel|Win32.ActiveCfg = MinSizeRel|Win32
		{9397E949-01DA-3DD0-8555-746316E7FC1D}.MinSizeRel|Win32.Build.0 = MinSizeRel|Win32
		{9397E949-01DA-3DD0-8555-746316E7FC1D}.RelWithDebInfo|Win32.ActiveCfg = RelWithDebInfo|Win32
		{9397E949-01DA-3DD0-8555-746316E7FC1D}.RelWithDebInfo|Win32.Build.0 = RelWithDebInfo|Win32
		{A87D694F-E783-3A78-B96F-E2E95151B2DE}.Debug|Win32.ActiveCfg = Debug|Win32
		{A87D694F-E783-3A78-B96F-E2E95151B2DE}.Release|Win32.ActiveCfg = Release|Win32
		{A87D694F-E783-3A78-B96F-E2E95151B2DE}.MinSizeRel|Win32.ActiveCfg = MinSizeRel|Win32
		{A87D694F-E783-3A78-B96F-E2E95151B2DE}.RelWithDebInfo|Win32.ActiveCfg = RelWithDebInfo|Win32
		{B5BD3847-8C59-3447-94AB-EB341B9E1DA3}.Debug|Win32.ActiveCfg = Debug|Win32
		{B5BD3847-8C59-3447-94AB-EB341B9E1DA3}.Debug|Win32.Build.0 = Debug|Win32
		{B5BD3847-8C59-3447-94AB-EB341B9E1DA3}.Release|Win32.ActiveCfg = Release|Win32
		{B5BD3847-8C59-3447-94AB-EB341B9E1DA3}.Release|Win32.Build.0 = Release|Win32
		{B5BD3847-8C59-3447-94AB-EB341B9E1DA3}.MinSizeRel|Win32.ActiveCfg = MinSizeRel|Win32
		{B5BD3847-8C59-3447-94AB-EB341B9E1DA3}.MinSizeRel|Win32.Build.0 = MinSizeRel|Win32
		{B5BD3847-8C59-3447-94AB-EB341B9E1DA3}.RelWithDebInfo|Win32.ActiveCfg = RelWithDebInfo|Win32
		{B5BD3847-8C59-3447-94AB-EB341B9E1DA3}.RelWithDebInfo|Win32.Build.0 = RelWithDebInfo|Win32
		{EB8BD860-090B-3B1C-8B0E-A241467C34CE}.Debug|Win32.ActiveCfg = Debug|Win32
		{EB8BD860-090B-3B1C-8B0E-A241467C34CE}.Debug|Win32.Build.0 = Debug|Win32
		{EB8BD860-090B-3B1C-8B0E-A241467C34CE}.Release|Win32.ActiveCfg = Release|Win32
		{EB8BD860-090B-3B1C-8B0E-A241467C34CE}.Release|Win32.Build.0 = Release|Win32
		{EB8BD860-090B-3B1C-8B0E-A241467C34CE}.MinSizeRel|Win32.ActiveCfg = MinSizeRel|Win32
		{EB8BD860-090B-3B1C-8B0E-A241467C34CE}.MinSizeRel|Win32.Build.0 = MinSizeRel|Win32
		{EB8BD860-090B-3B1C-8B0E-A241467C34CE}.RelWithDebInfo|Win32.ActiveCfg = RelWithDebInfo|Win32
		{EB8BD860-090B-3B1C-8B0E-A241467C34CE}.RelWithDebInfo|Win32.Build.0 = RelWithDebInfo|Win32
		{B2BA1AE6-3264-3348-B875-F1FEB62B9F83}.Debug|Win32.ActiveCfg = Debug|Win32
		{B2BA1AE6-3264-3348-B875-F1FEB62B9F83}.Debug|Win32.Build.0 = Debug|Win32
		{B2BA1AE6-3264-3348-B875-F1FEB62B9F83}.Release|Win32.ActiveCfg = Release|Win32
		{B2BA1AE6-3264-3348-B875-F1FEB62B9F83}.Release|Win32.Build.0 = Release|Win32
		{B2BA1AE6-3264-3348-B875-F1FEB62B9F83}.MinSizeRel|Win32.ActiveCfg = MinSizeRel|Win32
		{B2BA1AE6-3264-3348-B875-F1FEB62B9F83}.MinSizeRel|Win32.Build.0 = MinSizeRel|Win32
		{B2BA1AE6-3264-3348-B875-F1FEB62B9F83}.RelWithDebInfo|Win32.ActiveCfg = RelWithDebInfo|Win32
		{B2BA1AE6-3264-3348-B875-F1FEB62B9F83}.RelWithDebInfo|Win32.Build.0 = RelWithDebInfo|Win32
		{34FBB753-2C87-31CC-852C-BED76820ABA2}.Debug|Win32.ActiveCfg = Debug|Win32
		{34FBB753-2C87-31CC-852C-BED76820ABA2}.Debug|Win32.Build.0 = Debug|Win32
		{34FBB753-2C87-31CC-852C-BED76820ABA2}.Release|Win32.ActiveCfg = Release|Win32
		{34FBB753-2C87-31CC-852C-BED76820ABA2}.Release|Win32.Build.0 = Release|Win32
		{34FBB753-2C87-31CC-852C-BED76820ABA2}.MinSizeRel|Win32.ActiveCfg = MinSizeRel|Win32
		{34FBB753-2C87-31CC-852C-BED76820ABA2}.MinSizeRel|Win32.Build.0 = MinSizeRel|Win32
		{34FBB753-2C87-31CC-852C-BED76820ABA2}.RelWithDebInfo|Win32.ActiveCfg = RelWithDebInfo|Win32
		{34FBB753-2C87-31CC-852C-BED76820ABA2}.RelWithDebInfo|Win32.Build.0 = RelWithDebInfo|Win32
		{8119DA86-ECDE-35F8-8BF8-9E36BE2DE146}.Debug|Win32.ActiveCfg = Debug|Win32
		{8119DA86-ECDE-35F8-8BF8-9E36BE2DE146}.Debug|Win32.Build.0 = Debug|Win32
		{8119DA86-ECDE-35F8-8BF8-9E36BE2DE146}.Release|Win32.ActiveCfg = Release|Win32
		{8119DA86-ECDE-35F8-8BF8-9E36BE2DE146}.Release|Win32.Build.0 = Release|Win32
		{8119DA86-ECDE-35F8-8BF8-9E36BE2DE146}.MinSizeRel|Win32.ActiveCfg = MinSizeRel|Win32
		{8119DA86-ECDE-35F8-8BF8-9E36BE2DE146}.MinSizeRel|Win32.Build.0 = MinSizeRel|Win32
		{8119DA86-ECDE-35F8-8BF8-9E36BE2DE146}.RelWithDebInfo|Win32.ActiveCfg = RelWithDebInfo|Win32
		{8119DA86-ECDE-35F8-8BF8-9E36BE2DE146}.RelWithDebInfo|Win32.Build.0 = RelWithDebInfo|Win32
		{613608CE-B3E9-356B-B766-5E28678FC1BC}.Debug|Win32.ActiveCfg = Debug|Win32
		{613608CE-B3E9-356B-B766-5E28678FC1BC}.Debug|Win32.Build.0 = Debug|Win32
		{613608CE-B3E9-356B-B766-5E28678FC1BC}.Release|Win32.ActiveCfg = Release|Win32
		{613608CE-B3E9-356B-B766-5E28678FC1BC}.Release|Win32.Build.0 = Release|Win32
		{613608CE-B3E9-356B-B766-5E28678FC1BC}.MinSizeRel|Win32.ActiveCfg = MinSizeRel|Win32
		{613608CE-B3E9-356B-B766-5E28678FC1BC}.MinSizeRel|Win32.Build.0 = MinSizeRel|Win32
		{613608CE-B3E9-356B-B766-5E28678FC1BC}.RelWithDebInfo|Win32.ActiveCfg = RelWithDebInfo|Win32
		{613608CE-B3E9-356B-B766-5E28678FC1BC}.RelWithDebInfo|Win32.Build.0 = RelWithDebInfo|Win32
		{11C08FBC-A187-3617-95D6-02B6DB1E1123}.Debug|Win32.ActiveCfg = Debug|Win32
		{11C08FBC-A187-3617-95D6-02B6DB1E1123}.Debug|Win32.Build.0 = Debug|Win32
		{11C08FBC-A187-3617-95D6-02B6DB1E1123}.Release|Win32.ActiveCfg = Release|Win32
		{11C08FBC-A187-3617-95D6-02B6DB1E1123}.Release|Win32.Build.0 = Release|Win32
		{11C08FBC-A187-3617-95D6-02B6DB1E1123}.MinSizeRel|Win32.ActiveCfg = MinSizeRel|Win32
		{11C08FBC-A187-3617-95D6-02B6DB1E1123}.MinSizeRel|Win32.Build.0 = MinSizeRel|Win32
		{11C08FBC-A187-3617-95D6-02B6DB1E1123}.RelWithDebInfo|Win32.ActiveCfg = RelWithDebInfo|Win32
		{11C08FBC-A187-3617-95D6-02B6DB1E1123}.RelWithDebInfo|Win32.Build.0 = RelWithDebInfo|Win32
		{56474185-6E09-33DF-BCBD-DC05E50D0ABC}.Debug|Win32.ActiveCfg = Debug|Win32
		{56474185-6E09-33DF-BCBD-DC05E50D0ABC}.Debug|Win32.Build.0 = Debug|Win32
		{56474185-6E09-33DF-BCBD-DC05E50D0ABC}.Release|Win32.ActiveCfg = Release|Win32
		{56474185-6E09-33DF-BCBD-DC05E50D0ABC}.Release|Win32.Build.0 = Release|Win32
		{56474185-6E09-33DF-BCBD-DC05E50D0ABC}.MinSizeRel|Win32.ActiveCfg = MinSizeRel|Win32
		{56474185-6E09-33DF-BCBD-DC05E50D0ABC}.MinSizeRel|Win32.Build.0 = MinSizeRel|Win32
		{56474185-6E09-33DF-BCBD-DC05E50D0ABC}.RelWithDebInfo|Win32.ActiveCfg = RelWithDebInfo|Win32
		{56474185-6E09-33DF-BCBD-DC05E50D0ABC}.RelWithDebInfo|Win32.Build.0 = RelWithDebInfo|Win32
		{E1EF1D07-BA84-3F19-9F41-67CAB9193E6D}.Debug|Win32.ActiveCfg = Debug|Win32
		{E1EF1D07-BA84-3F19-9F41-67CAB9193E6D}.Debug|Win32.Build.0 = Debug|Win32
		{E1EF1D07-BA84-3F19-9F41-67CAB9193E6D}.Release|Win32.ActiveCfg = Release|Win32
		{E1EF1D07-BA84-3F19-9F41-67CAB9193E6D}.Release|Win32.Build.0 = Release|Win32
		{E1EF1D07-BA84-3F19-9F41-67CAB9193E6D}.MinSizeRel|Win32.ActiveCfg = MinSizeRel|Win32
		{E1EF1D07-BA84-3F19-9F41-67CAB9193E6D}.MinSizeRel|Win32.Build.0 = MinSizeRel|Win32
		{E1EF1D07-BA84-3F19-9F41-67CAB9193E6D}.RelWithDebInfo|Win32.ActiveCfg = RelWithDebInfo|Win32
		{E1EF1D07-BA84-3F19-9F41-67CAB9193E6D}.RelWithDebInfo|Win32.Build.0 = RelWithDebInfo|Win32
		{990BCC06-3B2D-3043-9067-0C70590A98CD}.Debug|Win32.ActiveCfg = Debug|Win32
		{990BCC06-3B2D-3043-9067-0C70590A98CD}.Debug|Win32.Build.0 = Debug|Win32
		{990BCC06-3B2D-3043-9067-0C70590A98CD}.Release|Win32.ActiveCfg = Release|Win32
		{990BCC06-3B2D-3043-9067-0C70590A98CD}.Release|Win32.Build.0 = Release|Win32
		{990BCC06-3B2D-3043-9067-0C70590A98CD}.MinSizeRel|Win32.ActiveCfg = MinSizeRel|Win32
		{990BCC06-3B2D-3043-9067-0C70590A98CD}.MinSizeRel|Win32.Build.0 = MinSizeRel|Win32
		{990BCC06-3B2D-3043-9067-0C70590A98CD}.RelWithDebInfo|Win32.ActiveCfg = RelWithDebInfo|Win32
		{990BCC06-3B2D-3043-9067-0C70590A98CD}.RelWithDebInfo|Win32.Build.0 = RelWithDebInfo|Win32
		{8D87372C-78A4-3CA8-BB35-1BA467F49D04}.Debug|Win32.ActiveCfg = Debug|Win32
		{8D87372C-78A4-3CA8-BB35-1BA467F49D04}.Debug|Win32.Build.0 = Debug|Win32
		{8D87372C-78A4-3CA8-BB35-1BA467F49D04}.Release|Win32.ActiveCfg = Release|Win32
		{8D87372C-78A4-3CA8-BB35-1BA467F49D04}.Release|Win32.Build.0 = Release|Win32
		{8D87372C-78A4-3CA8-BB35-1BA467F49D04}.MinSizeRel|Win32.ActiveCfg = MinSizeRel|Win32
		{8D87372C-78A4-3CA8-BB35-1BA467F49D04}.MinSizeRel|Win32.Build.0 = MinSizeRel|Win32
		{8D87372C-78A4-3CA8-BB35-1BA467F49D04}.RelWithDebInfo|Win32.ActiveCfg = RelWithDebInfo|Win32
		{8D87372C-78A4-3CA8-BB35-1BA467F49D04}.RelWithDebInfo|Win32.Build.0 = RelWithDebInfo|Win32
		{DCB39D8C-4FB6-35ED-965B-B82B9EA4F472}.Debug|Win32.ActiveCfg = Debug|Win32
		{DCB39D8C-4FB6-35ED-965B-B82B9EA4F472}.Debug|Win32.Build.0 = Debug|Win32
		{DCB39D8C-4FB6-35ED-965B-B82B9EA4F472}.Release|Win32.ActiveCfg = Release|Win32
		{DCB39D8C-4FB6-35ED-965B-B82B9EA4F472}.Release|Win32.Build.0 = Release|Win32
		{DCB39D8C-4FB6-35ED-965B-B82B9EA4F472}.MinSizeRel|Win32.ActiveCfg = MinSizeRel|Win32
		{DCB39D8C-4FB6-35ED-965B-B82B9EA4F472}.MinSizeRel|Win32.Build.0 = MinSizeRel|Win32
		{DCB39D8C-4FB6-35ED-965B-B82B9EA4F472}.RelWithDebInfo|Win32.ActiveCfg = RelWithDebInfo|Win32
		{DCB39D8C-4FB6-35ED-965B-B82B9EA4F472}.RelWithDebInfo|Win32.Build.0 = RelWithDebInfo|Win32
		{B8EDF775-29C8-3EF0-8195-0BACADF21EDE}.Debug|Win32.ActiveCfg = Debug|Win32
		{B8EDF775-29C8-3EF0-8195-0BACADF21EDE}.Debug|Win32.Build.0 = Debug|Win32
		{B8EDF775-29C8-3EF0-8195-0BACADF21EDE}.Release|Win32.ActiveCfg = Release|Win32
		{B8EDF775-29C8-3EF0-8195-0BACADF21EDE}.Release|Win32.Build.0 = Release|Win32
		{B8EDF775-29C8-3EF0-8195-0BACADF21EDE}.MinSizeRel|Win32.ActiveCfg = MinSizeRel|Win32
		{B8EDF775-29C8-3EF0-8195-0BACADF21EDE}.MinSizeRel|Win32.Build.0 = MinSizeRel|Win32
		{B8EDF775-29C8-3EF0-8195-0BACADF21EDE}.RelWithDebInfo|Win32.ActiveCfg = RelWithDebInfo|Win32
		{B8EDF775-29C8-3EF0-8195-0BACADF21EDE}.RelWithDebInfo|Win32.Build.0 = RelWithDebInfo|Win32
		{4D188A3F-6284-312C-ABDD-DE50053191E3}.Debug|Win32.ActiveCfg = Debug|Win32
		{4D188A3F-6284-312C-ABDD-DE50053191E3}.Debug|Win32.Build.0 = Debug|Win32
		{4D188A3F-6284-312C-ABDD-DE50053191E3}.Release|Win32.ActiveCfg = Release|Win32
		{4D188A3F-6284-312C-ABDD-DE50053191E3}.Release|Win32.Build.0 = Release|Win32
		{4D188A3F-6284-312C-ABDD-DE50053191E3}.MinSizeRel|Win32.ActiveCfg = MinSizeRel|Win32
		{4D188A3F-6284-312C-ABDD-DE50053191E3}.MinSizeRel|Win32.Build.0 = MinSizeRel|Win32
		{4D188A3F-6284-312C-ABDD-DE50053191E3}.RelWithDebInfo|Win32.ActiveCfg = RelWithDebInfo|Win32
		{4D188A3F-6284-312C-ABDD-DE50053191E3}.RelWithDebInfo|Win32.Build.0 = RelWithDebInfo|Win32
		{3E379630-0E14-32F0-AF4E-72BC00713972}.Debug|Win32.ActiveCfg = Debug|Win32
		{3E379630-0E14-32F0-AF4E-72BC00713972}.Debug|Win32.Build.0 = Debug|Win32
		{3E379630-0E14-32F0-AF4E-72BC00713972}.Release|Win32.ActiveCfg = Release|Win32
		{3E379630-0E14-32F0-AF4E-72BC00713972}.Release|Win32.Build.0 = Release|Win32
		{3E379630-0E14-32F0-AF4E-72BC00713972}.MinSizeRel|Win32.ActiveCfg = MinSizeRel|Win32
		{3E379630-0E14-32F0-AF4E-72BC00713972}.MinSizeRel|Win32.Build.0 = MinSizeRel|Win32
		{3E379630-0E14-32F0-AF4E-72BC00713972}.RelWithDebInfo|Win32.ActiveCfg = RelWithDebInfo|Win32
		{3E379630-0E14-32F0-AF4E-72BC00713972}.RelWithDebInfo|Win32.Build.0 = RelWithDebInfo|Win32
		{8504B9F0-900C-3045-92BD-BE3D6F70F87F}.Debug|Win32.ActiveCfg = Debug|Win32
		{8504B9F0-900C-3045-92BD-BE3D6F70F87F}.Debug|Win32.Build.0 = Debug|Win32
		{8504B9F0-900C-3045-92BD-BE3D6F70F87F}.Release|Win32.ActiveCfg = Release|Win32
		{8504B9F0-900C-3045-92BD-BE3D6F70F87F}.Release|Win32.Build.0 = Release|Win32
		{8504B9F0-900C-3045-92BD-BE3D6F70F87F}.MinSizeRel|Win32.ActiveCfg = MinSizeRel|Win32
		{8504B9F0-900C-3045-92BD-BE3D6F70F87F}.MinSizeRel|Win32.Build.0 = MinSizeRel|Win32
		{8504B9F0-900C-3045-92BD-BE3D6F70F87F}.RelWithDebInfo|Win32.ActiveCfg = RelWithDebInfo|Win32
		{8504B9F0-900C-3045-92BD-BE3D6F70F87F}.RelWithDebInfo|Win32.Build.0 = RelWithDebInfo|Win32
		{C26F9366-96DB-3A2C-BA17-99D992CA59CC}.Debug|Win32.ActiveCfg = Debug|Win32
		{C26F9366-96DB-3A2C-BA17-99D992CA59CC}.Debug|Win32.Build.0 = Debug|Win32
		{C26F9366-96DB-3A2C-BA17-99D992CA59CC}.Release|Win32.ActiveCfg = Release|Win32
		{C26F9366-96DB-3A2C-BA17-99D992CA59CC}.Release|Win32.Build.0 = Release|Win32
		{C26F9366-96DB-3A2C-BA17-99D992CA59CC}.MinSizeRel|Win32.ActiveCfg = MinSizeRel|Win32
		{C26F9366-96DB-3A2C-BA17-99D992CA59CC}.MinSizeRel|Win32.Build.0 = MinSizeRel|Win32
		{C26F9366-96DB-3A2C-BA17-99D992CA59CC}.RelWithDebInfo|Win32.ActiveCfg = RelWithDebInfo|Win32
		{C26F9366-96DB-3A2C-BA17-99D992CA59CC}.RelWithDebInfo|Win32.Build.0 = RelWithDebInfo|Win32
		{1FD9A294-D36D-37CF-AD25-AA653D65B650}.Debug|Win32.ActiveCfg = Debug|Win32
		{1FD9A294-D36D-37CF-AD25-AA653D65B650}.Debug|Win32.Build.0 = Debug|Win32
		{1FD9A294-D36D-37CF-AD25-AA653D65B650}.Release|Win32.ActiveCfg = Release|Win32
		{1FD9A294-D36D-37CF-AD25-AA653D65B650}.Release|Win32.Build.0 = Release|Win32
		{1FD9A294-D36D-37CF-AD25-AA653D65B650}.MinSizeRel|Win32.ActiveCfg = MinSizeRel|Win32
		{1FD9A294-D36D-37CF-AD25-AA653D65B650}.MinSizeRel|Win32.Build.0 = MinSizeRel|Win32
		{1FD9A294-D36D-37CF-AD25-AA653D65B650}.RelWithDebInfo|Win32.ActiveCfg = RelWithDebInfo|Win32
		{1FD9A294-D36D-37CF-AD25-AA653D65B650}.RelWithDebInfo|Win32.Build.0 = RelWithDebInfo|Win32
		{4A1CA3DB-1F63-33F2-9A72-D1D8844FBA60}.Debug|Win32.ActiveCfg = Debug|Win32
		{4A1CA3DB-1F63-33F2-9A72-D1D8844FBA60}.Debug|Win32.Build.0 = Debug|Win32
		{4A1CA3DB-1F63-33F2-9A72-D1D8844FBA60}.Release|Win32.ActiveCfg = Release|Win32
		{4A1CA3DB-1F63-33F2-9A72-D1D8844FBA60}.Release|Win32.Build.0 = Release|Win32
		{4A1CA3DB-1F63-33F2-9A72-D1D8844FBA60}.MinSizeRel|Win32.ActiveCfg = MinSizeRel|Win32
		{4A1CA3DB-1F63-33F2-9A72-D1D8844FBA60}.MinSizeRel|Win32.Build.0 = MinSizeRel|Win32
		{4A1CA3DB-1F63-33F2-9A72-D1D8844FBA60}.RelWithDebInfo|Win32.ActiveCfg = RelWithDebInfo|Win32
		{4A1CA3DB-1F63-33F2-9A72-D1D8844FBA60}.RelWithDebInfo|Win32.Build.0 = RelWithDebInfo|Win32
		{F235C482-72A8-3904-B00F-83E6AC560ACD}.Debug|Win32.ActiveCfg = Debug|Win32
		{F235C482-72A8-3904-B00F-83E6AC560ACD}.Debug|Win32.Build.0 = Debug|Win32
		{F235C482-72A8-3904-B00F-83E6AC560ACD}.Release|Win32.ActiveCfg = Release|Win32
		{F235C482-72A8-3904-B00F-83E6AC560ACD}.Release|Win32.Build.0 = Release|Win32
		{F235C482-72A8-3904-B00F-83E6AC560ACD}.MinSizeRel|Win32.ActiveCfg = MinSizeRel|Win32
		{F235C482-72A8-3904-B00F-83E6AC560ACD}.MinSizeRel|Win32.Build.0 = MinSizeRel|Win32
		{F235C482-72A8-3904-B00F-83E6AC560ACD}.RelWithDebInfo|Win32.ActiveCfg = RelWithDebInfo|Win32
		{F235C482-72A8-3904-B00F-83E6AC560ACD}.RelWithDebInfo|Win32.Build.0 = RelWithDebInfo|Win32
		{C41AB64F-76C7-3667-A6F2-E0BB58563888}.Debug|Win32.ActiveCfg = Debug|Win32
		{C41AB64F-76C7-3667-A6F2-E0BB58563888}.Debug|Win32.Build.0 = Debug|Win32
		{C41AB64F-76C7-3667-A6F2-E0BB58563888}.Release|Win32.ActiveCfg = Release|Win32
		{C41AB64F-76C7-3667-A6F2-E0BB58563888}.Release|Win32.Build.0 = Release|Win32
		{C41AB64F-76C7-3667-A6F2-E0BB58563888}.MinSizeRel|Win32.ActiveCfg = MinSizeRel|Win32
		{C41AB64F-76C7-3667-A6F2-E0BB58563888}.MinSizeRel|Win32.Build.0 = MinSizeRel|Win32
		{C41AB64F-76C7-3667-A6F2-E0BB58563888}.RelWithDebInfo|Win32.ActiveCfg = RelWithDebInfo|Win32
		{C41AB64F-76C7-3667-A6F2-E0BB58563888}.RelWithDebInfo|Win32.Build.0 = RelWithDebInfo|Win32
		{51BD7C44-87AA-3B45-AD3D-E2B97FF85EA3}.Debug|Win32.ActiveCfg = Debug|Win32
		{51BD7C44-87AA-3B45-AD3D-E2B97FF85EA3}.Debug|Win32.Build.0 = Debug|Win32
		{51BD7C44-87AA-3B45-AD3D-E2B97FF85EA3}.Release|Win32.ActiveCfg = Release|Win32
		{51BD7C44-87AA-3B45-AD3D-E2B97FF85EA3}.Release|Win32.Build.0 = Release|Win32
		{51BD7C44-87AA-3B45-AD3D-E2B97FF85EA3}.MinSizeRel|Win32.ActiveCfg = MinSizeRel|Win32
		{51BD7C44-87AA-3B45-AD3D-E2B97FF85EA3}.MinSizeRel|Win32.Build.0 = MinSizeRel|Win32
		{51BD7C44-87AA-3B45-AD3D-E2B97FF85EA3}.RelWithDebInfo|Win32.ActiveCfg = RelWithDebInfo|Win32
		{51BD7C44-87AA-3B45-AD3D-E2B97FF85EA3}.RelWithDebInfo|Win32.Build.0 = RelWithDebInfo|Win32
		{6159B7BF-36C4-3072-B09C-A16F8AE5E953}.Debug|Win32.ActiveCfg = Debug|Win32
		{6159B7BF-36C4-3072-B09C-A16F8AE5E953}.Debug|Win32.Build.0 = Debug|Win32
		{6159B7BF-36C4-3072-B09C-A16F8AE5E953}.Release|Win32.ActiveCfg = Release|Win32
		{6159B7BF-36C4-3072-B09C-A16F8AE5E953}.Release|Win32.Build.0 = Release|Win32
		{6159B7BF-36C4-3072-B09C-A16F8AE5E953}.MinSizeRel|Win32.ActiveCfg = MinSizeRel|Win32
		{6159B7BF-36C4-3072-B09C-A16F8AE5E953}.MinSizeRel|Win32.Build.0 = MinSizeRel|Win32
		{6159B7BF-36C4-3072-B09C-A16F8AE5E953}.RelWithDebInfo|Win32.ActiveCfg = RelWithDebInfo|Win32
		{6159B7BF-36C4-3072-B09C-A16F8AE5E953}.RelWithDebInfo|Win32.Build.0 = RelWithDebInfo|Win32
		{FE778E56-15C4-3980-8566-F2610B0B64E3}.Debug|Win32.ActiveCfg = Debug|Win32
		{FE778E56-15C4-3980-8566-F2610B0B64E3}.Debug|Win32.Build.0 = Debug|Win32
		{FE778E56-15C4-3980-8566-F2610B0B64E3}.Release|Win32.ActiveCfg = Release|Win32
		{FE778E56-15C4-3980-8566-F2610B0B64E3}.Release|Win32.Build.0 = Release|Win32
		{FE778E56-15C4-3980-8566-F2610B0B64E3}.MinSizeRel|Win32.ActiveCfg = MinSizeRel|Win32
		{FE778E56-15C4-3980-8566-F2610B0B64E3}.MinSizeRel|Win32.Build.0 = MinSizeRel|Win32
		{FE778E56-15C4-3980-8566-F2610B0B64E3}.RelWithDebInfo|Win32.ActiveCfg = RelWithDebInfo|Win32
		{FE778E56-15C4-3980-8566-F2610B0B64E3}.RelWithDebInfo|Win32.Build.0 = RelWithDebInfo|Win32
		{E0F7811A-C6C4-3E9E-89E2-7161EA8D5593}.Debug|Win32.ActiveCfg = Debug|Win32
		{E0F7811A-C6C4-3E9E-89E2-7161EA8D5593}.Debug|Win32.Build.0 = Debug|Win32
		{E0F7811A-C6C4-3E9E-89E2-7161EA8D5593}.Release|Win32.ActiveCfg = Release|Win32
		{E0F7811A-C6C4-3E9E-89E2-7161EA8D5593}.Release|Win32.Build.0 = Release|Win32
		{E0F7811A-C6C4-3E9E-89E2-7161EA8D5593}.MinSizeRel|Win32.ActiveCfg = MinSizeRel|Win32
		{E0F7811A-C6C4-3E9E-89E2-7161EA8D5593}.MinSizeRel|Win32.Build.0 = MinSizeRel|Win32
		{E0F7811A-C6C4-3E9E-89E2-7161EA8D5593}.RelWithDebInfo|Win32.ActiveCfg = RelWithDebInfo|Win32
		{E0F7811A-C6C4-3E9E-89E2-7161EA8D5593}.RelWithDebInfo|Win32.Build.0 = RelWithDebInfo|Win32
		{3498D3B3-C603-3241-AD4F-4C9C9C04A2F8}.Debug|Win32.ActiveCfg = Debug|Win32
		{3498D3B3-C603-3241-AD4F-4C9C9C04A2F8}.Debug|Win32.Build.0 = Debug|Win32
		{3498D3B3-C603-3241-AD4F-4C9C9C04A2F8}.Release|Win32.ActiveCfg = Release|Win32
		{3498D3B3-C603-3241-AD4F-4C9C9C04A2F8}.Release|Win32.Build.0 = Release|Win32
		{3498D3B3-C603-3241-AD4F-4C9C9C04A2F8}.MinSizeRel|Win32.ActiveCfg = MinSizeRel|Win32
		{3498D3B3-C603-3241-AD4F-4C9C9C04A2F8}.MinSizeRel|Win32.Build.0 = MinSizeRel|Win32
		{3498D3B3-C603-3241-AD4F-4C9C9C04A2F8}.RelWithDebInfo|Win32.ActiveCfg = RelWithDebInfo|Win32
		{3498D3B3-C603-3241-AD4F-4C9C9C04A2F8}.RelWithDebInfo|Win32.Build.0 = RelWithDebInfo|Win32
		{6F89102B-853C-3265-AB0A-6210D9C17E19}.Debug|Win32.ActiveCfg = Debug|Win32
		{6F89102B-853C-3265-AB0A-6210D9C17E19}.Debug|Win32.Build.0 = Debug|Win32
		{6F89102B-853C-3265-AB0A-6210D9C17E19}.Release|Win32.ActiveCfg = Release|Win32
		{6F89102B-853C-3265-AB0A-6210D9C17E19}.Release|Win32.Build.0 = Release|Win32
		{6F89102B-853C-3265-AB0A-6210D9C17E19}.MinSizeRel|Win32.ActiveCfg = MinSizeRel|Win32
		{6F89102B-853C-3265-AB0A-6210D9C17E19}.MinSizeRel|Win32.Build.0 = MinSizeRel|Win32
		{6F89102B-853C-3265-AB0A-6210D9C17E19}.RelWithDebInfo|Win32.ActiveCfg = RelWithDebInfo|Win32
		{6F89102B-853C-3265-AB0A-6210D9C17E19}.RelWithDebInfo|Win32.Build.0 = RelWithDebInfo|Win32
		{3980A7A2-6C2A-37C8-BD6D-34EB843DB32B}.Debug|Win32.ActiveCfg = Debug|Win32
		{3980A7A2-6C2A-37C8-BD6D-34EB843DB32B}.Debug|Win32.Build.0 = Debug|Win32
		{3980A7A2-6C2A-37C8-BD6D-34EB843DB32B}.Release|Win32.ActiveCfg = Release|Win32
		{3980A7A2-6C2A-37C8-BD6D-34EB843DB32B}.Release|Win32.Build.0 = Release|Win32
		{3980A7A2-6C2A-37C8-BD6D-34EB843DB32B}.MinSizeRel|Win32.ActiveCfg = MinSizeRel|Win32
		{3980A7A2-6C2A-37C8-BD6D-34EB843DB32B}.MinSizeRel|Win32.Build.0 = MinSizeRel|Win32
		{3980A7A2-6C2A-37C8-BD6D-34EB843DB32B}.RelWithDebInfo|Win32.ActiveCfg = RelWithDebInfo|Win32
		{3980A7A2-6C2A-37C8-BD6D-34EB843DB32B}.RelWithDebInfo|Win32.Build.0 = RelWithDebInfo|Win32
		{C65D24CB-1451-369C-B09E-C81FC43C737A}.Debug|Win32.ActiveCfg = Debug|Win32
		{C65D24CB-1451-369C-B09E-C81FC43C737A}.Debug|Win32.Build.0 = Debug|Win32
		{C65D24CB-1451-369C-B09E-C81FC43C737A}.Release|Win32.ActiveCfg = Release|Win32
		{C65D24CB-1451-369C-B09E-C81FC43C737A}.Release|Win32.Build.0 = Release|Win32
		{C65D24CB-1451-369C-B09E-C81FC43C737A}.MinSizeRel|Win32.ActiveCfg = MinSizeRel|Win32
		{C65D24CB-1451-369C-B09E-C81FC43C737A}.MinSizeRel|Win32.Build.0 = MinSizeRel|Win32
		{C65D24CB-1451-369C-B09E-C81FC43C737A}.RelWithDebInfo|Win32.ActiveCfg = RelWithDebInfo|Win32
		{C65D24CB-1451-369C-B09E-C81FC43C737A}.RelWithDebInfo|Win32.Build.0 = RelWithDebInfo|Win32
	EndGlobalSection
	GlobalSection(ExtensibilityGlobals) = postSolution
		SolutionGuid = {EB67C27A-A0D5-3622-AAE3-A48CB768E906}
	EndGlobalSection
	GlobalSection(ExtensibilityAddIns) = postSolution
	EndGlobalSection
EndGlobal
