<?xml version="1.0" encoding="utf-8"?>
<Project ToolsVersion="17.0" xmlns="http://schemas.microsoft.com/developer/msbuild/2003">
  <ItemGroup>
    <CustomBuild Include="D:\emhash\tests\vsbuild\CMakeFiles\e99842f9fba4c5f7eb01686198eb039d\NightlyMemoryCheck.rule">
      <Filter>CMake Rules</Filter>
    </CustomBuild>
    <CustomBuild Include="D:\emhash\tests\CMakeLists.txt" />
  </ItemGroup>
  <ItemGroup>
    <None Include="D:\emhash\tests\vsbuild\CMakeFiles\NightlyMemoryCheck" />
  </ItemGroup>
  <ItemGroup>
    <Filter Include="CMake Rules">
      <UniqueIdentifier>{B989A74B-3DCC-363C-8D75-57DCFEA862CB}</UniqueIdentifier>
    </Filter>
  </ItemGroup>
</Project>
